{
  "version": 4,
  "terraform_version": "0.13.4",
  "serial": 585,
  "lineage": "071590d8-9731-1ce2-1161-ae0fd80a9314",
  "outputs": {
    "cluster_endpoint": {
      "value": "https://B574EA9AF6F9A99D978196EC088F5657.yl4.us-east-1.eks.amazonaws.com",
      "type": "string"
    },
    "cluster_id": {
      "value": "opsschool-eks-v5PGGtZM",
      "type": "string"
    },
    "cluster_name": {
      "value": "opsschool-eks-v5PGGtZM",
      "type": "string"
    },
    "cluster_security_group_id": {
      "value": "sg-091863244c68e9782",
      "type": "string"
    },
    "config_map_aws_auth": {
      "value": [
        {
          "binary_data": null,
          "data": {
            "mapAccounts": "[]\n",
            "mapRoles": "- \"groups\":\n  - \"system:bootstrappers\"\n  - \"system:nodes\"\n  \"rolearn\": \"arn:aws:iam::240693037076:role/opsschool-eks-v5PGGtZM2021010920320909060000000d\"\n  \"username\": \"system:node:{{EC2PrivateDNSName}}\"\n",
            "mapUsers": "[]\n"
          },
          "id": "kube-system/aws-auth",
          "metadata": [
            {
              "annotations": null,
              "generate_name": "",
              "generation": 0,
              "labels": {
                "app.kubernetes.io/managed-by": "Terraform",
                "terraform.io/module": "terraform-aws-modules.eks.aws"
              },
              "name": "aws-auth",
              "namespace": "kube-system",
              "resource_version": "863",
              "self_link": "/api/v1/namespaces/kube-system/configmaps/aws-auth",
              "uid": "ac9bd429-0228-46d8-93e3-6607f2b8870b"
            }
          ]
        }
      ],
      "type": [
        "tuple",
        [
          [
            "object",
            {
              "binary_data": [
                "map",
                "string"
              ],
              "data": [
                "map",
                "string"
              ],
              "id": "string",
              "metadata": [
                "list",
                [
                  "object",
                  {
                    "annotations": [
                      "map",
                      "string"
                    ],
                    "generate_name": "string",
                    "generation": "number",
                    "labels": [
                      "map",
                      "string"
                    ],
                    "name": "string",
                    "namespace": "string",
                    "resource_version": "string",
                    "self_link": "string",
                    "uid": "string"
                  }
                ]
              ]
            }
          ]
        ]
      ]
    },
    "private-ips": {
      "value": [
        "10.100.10.211",
        "10.100.11.53"
      ],
      "type": [
        "tuple",
        [
          "string",
          "string"
        ]
      ]
    },
    "public-ips": {
      "value": [
        "3.238.44.57",
        "18.205.156.165"
      ],
      "type": [
        "tuple",
        [
          "string",
          "string"
        ]
      ]
    },
    "region": {
      "value": "us-east-1",
      "type": "string"
    }
  },
  "resources": [
    {
      "mode": "data",
      "type": "aws_ami",
      "name": "ubuntu",
      "provider": "provider[\"registry.terraform.io/hashicorp/aws\"]",
      "instances": [
        {
          "schema_version": 0,
          "attributes": {
            "architecture": "x86_64",
            "arn": "arn:aws:ec2:us-east-1::image/ami-0d0032af1da6905c7",
            "block_device_mappings": [
              {
                "device_name": "/dev/sda1",
                "ebs": {
                  "delete_on_termination": "true",
                  "encrypted": "false",
                  "iops": "0",
                  "snapshot_id": "snap-0cc3fe228c3fc63b4",
                  "volume_size": "8",
                  "volume_type": "gp2"
                },
                "no_device": "",
                "virtual_name": ""
              },
              {
                "device_name": "/dev/sdb",
                "ebs": {},
                "no_device": "",
                "virtual_name": "ephemeral0"
              },
              {
                "device_name": "/dev/sdc",
                "ebs": {},
                "no_device": "",
                "virtual_name": "ephemeral1"
              }
            ],
            "creation_date": "2021-01-05T20:06:39.000Z",
            "description": "Canonical, Ubuntu, 18.04 LTS, amd64 bionic image build on 2021-01-05",
            "executable_users": null,
            "filter": [
              {
                "name": "name",
                "values": [
                  "ubuntu/images/hvm-ssd/ubuntu-bionic-18.04-amd64-server-*"
                ]
              },
              {
                "name": "virtualization-type",
                "values": [
                  "hvm"
                ]
              }
            ],
            "hypervisor": "xen",
            "id": "ami-0d0032af1da6905c7",
            "image_id": "ami-0d0032af1da6905c7",
            "image_location": "099720109477/ubuntu/images/hvm-ssd/ubuntu-bionic-18.04-amd64-server-20210105",
            "image_owner_alias": null,
            "image_type": "machine",
            "kernel_id": null,
            "most_recent": true,
            "name": "ubuntu/images/hvm-ssd/ubuntu-bionic-18.04-amd64-server-20210105",
            "name_regex": null,
            "owner_id": "099720109477",
            "owners": [
              "099720109477"
            ],
            "platform": null,
            "product_codes": [],
            "public": true,
            "ramdisk_id": null,
            "root_device_name": "/dev/sda1",
            "root_device_type": "ebs",
            "root_snapshot_id": "snap-0cc3fe228c3fc63b4",
            "sriov_net_support": "simple",
            "state": "available",
            "state_reason": {
              "code": "UNSET",
              "message": "UNSET"
            },
            "tags": {},
            "virtualization_type": "hvm"
          }
        }
      ]
    },
    {
      "mode": "data",
      "type": "aws_eks_cluster",
      "name": "cluster",
      "provider": "provider[\"registry.terraform.io/hashicorp/aws\"]",
      "instances": [
        {
          "schema_version": 0,
          "attributes": {
            "arn": "arn:aws:eks:us-east-1:240693037076:cluster/opsschool-eks-v5PGGtZM",
            "certificate_authority": [
              {
                "data": "LS0tLS1CRUdJTiBDRVJUSUZJQ0FURS0tLS0tCk1JSUN5RENDQWJDZ0F3SUJBZ0lCQURBTkJna3Foa2lHOXcwQkFRc0ZBREFWTVJNd0VRWURWUVFERXdwcmRXSmwKY201bGRHVnpNQjRYRFRJeE1ERXdPVEl3TWpjMU9Gb1hEVE14TURFd056SXdNamMxT0Zvd0ZURVRNQkVHQTFVRQpBeE1LYTNWaVpYSnVaWFJsY3pDQ0FTSXdEUVlKS29aSWh2Y05BUUVCQlFBRGdnRVBBRENDQVFvQ2dnRUJBT2pGCkhESENhcWJBYzVQdmNUWTlUMTNIb3B1UE4vV1ZVMHBDaFlvYXovbmQ2WGUrMzkwQUpVTWhPenRrb3VxVnpnWjQKVjlGSjZjZFlwZWJQR2l6bDM5SVdzZXpkWS84K2VGSnE1WnZCNHN5WWxIWkI0dFBZQS9YWHdIdzA5aDFrZ3lObgprbHBoakw5SXVkWm5pcXRmQisvZ0lRTWRwQmMzR0tiV3QzQmh0NGJEQmh1bEVQbXpaZ1NCT1dIdmh4K2ltWXZBCk5IMkcwbzNKZjI5L3dMSzFDSzZkVWs2bjUrZ3dPWjR0cmpmaGNCUDFRWE5PcEMwY2VSc0ZXb3F3QUFOajJWNTUKbnN3WW1KakVPWjBpR2lPRTk2cFczMTI1VURlZi9WMlRDaU4zV2JRWTI4aGJrNFNFeE1xbDNESjNmV0FybEVSUwpIYU1JSE12bkVaazZXcFdFR0dFQ0F3RUFBYU1qTUNFd0RnWURWUjBQQVFIL0JBUURBZ0trTUE4R0ExVWRFd0VCCi93UUZNQU1CQWY4d0RRWUpLb1pJaHZjTkFRRUxCUUFEZ2dFQkFJUGFhdVI5NmY0ZzZHSlhqY3dBR2t2eDRGMzQKaGFzWDdRZStNaGZ4elAxc3pRYXhQZ0haY3E1ZGtSS0lXNUExMFY1WnZ6RHg5VWl5cXJPcDNFRVpEWXVBb3N3QwpDNlZOaXZRTHFCWFcxa1EzbE9jVzc1R0l3QTVUQ3huWmFMN3ZSelN6RitiU3FMeCtFUzh4T3BLUUtMN1F3NTB6Cnlzcld6dXUwYmptZVZIUXM0bElGVHlrTjFwbjNsQmVSa3VhYWYrZFhCZTQ4djhXNENkMGFveWZYR2pLQllKTFAKUjVFUVpRWkt1aUh6c0kyaXhra1lHaTVYWU5XTVN5cXN2VjlMZGtjd0E3Z1dqSGpSZERwTGJzL25oTS9yZ1JzawpCTUxCeWJYRCtlaEZSTUtzM3BJTjJvekxEaVR3YWNFM1FvS0E4L05vNmd6WHRkdVIzbThISUxRSE43Yz0KLS0tLS1FTkQgQ0VSVElGSUNBVEUtLS0tLQo="
              }
            ],
            "created_at": "2021-01-09 20:18:24.859 +0000 UTC",
            "enabled_cluster_log_types": [],
            "endpoint": "https://B574EA9AF6F9A99D978196EC088F5657.yl4.us-east-1.eks.amazonaws.com",
            "id": "opsschool-eks-v5PGGtZM",
            "identity": [
              {
                "oidc": [
                  {
                    "issuer": "https://oidc.eks.us-east-1.amazonaws.com/id/B574EA9AF6F9A99D978196EC088F5657"
                  }
                ]
              }
            ],
            "kubernetes_network_config": [
              {
                "service_ipv4_cidr": "172.20.0.0/16"
              }
            ],
            "name": "opsschool-eks-v5PGGtZM",
            "platform_version": "eks.3",
            "role_arn": "arn:aws:iam::240693037076:role/opsschool-eks-v5PGGtZM20210109201754411600000002",
            "status": "ACTIVE",
            "tags": {
              "Environment": "training",
              "GithubOrg": "terraform-aws-modules",
              "GithubRepo": "terraform-aws-eks"
            },
            "version": "1.18",
            "vpc_config": [
              {
                "cluster_security_group_id": "sg-069cf627bf40dd986",
                "endpoint_private_access": false,
                "endpoint_public_access": true,
                "public_access_cidrs": [
                  "0.0.0.0/0"
                ],
                "security_group_ids": [
                  "sg-091863244c68e9782"
                ],
                "subnet_ids": [
                  "subnet-008ac4dbaa826d629",
                  "subnet-09695f1012872c5a0"
                ],
                "vpc_id": "vpc-02e7123a835db7136"
              }
            ]
          }
        }
      ]
    },
    {
      "mode": "data",
      "type": "aws_eks_cluster_auth",
      "name": "cluster",
      "provider": "provider[\"registry.terraform.io/hashicorp/aws\"]",
      "instances": [
        {
          "schema_version": 0,
          "attributes": {
            "id": "opsschool-eks-v5PGGtZM",
            "name": "opsschool-eks-v5PGGtZM",
            "token": "k8s-aws-v1.aHR0cHM6Ly9zdHMuYW1hem9uYXdzLmNvbS8_QWN0aW9uPUdldENhbGxlcklkZW50aXR5JlZlcnNpb249MjAxMS0wNi0xNSZYLUFtei1BbGdvcml0aG09QVdTNC1ITUFDLVNIQTI1NiZYLUFtei1DcmVkZW50aWFsPUFLSUFUUUNUTUpBS09XQ083SlYyJTJGMjAyMTAxMDklMkZ1cy1lYXN0LTElMkZzdHMlMkZhd3M0X3JlcXVlc3QmWC1BbXotRGF0ZT0yMDIxMDEwOVQyMDMzMThaJlgtQW16LUV4cGlyZXM9MCZYLUFtei1TaWduZWRIZWFkZXJzPWhvc3QlM0J4LWs4cy1hd3MtaWQmWC1BbXotU2lnbmF0dXJlPTcyNzgyNWM1OTNlMjgzMjUwYzg1YzMyOWI4OGNkNTJmYmNmMTg3MTQzNDJmOGNiNjhkNWY4YmJhZTk2NjY4YjY"
          }
        }
      ]
    },
    {
      "mode": "data",
      "type": "template_file",
      "name": "policy_s3_access",
      "provider": "provider[\"registry.terraform.io/hashicorp/template\"]",
      "instances": [
        {
          "schema_version": 0,
          "attributes": {
            "filename": null,
            "id": "e69e2e438855a4763c8331a16808d402b5800a95014e32dea511c31e7442baae",
            "rendered": "{\n    \"Version\": \"2012-10-17\",\n    \"Statement\": [\n      {\n        \"Effect\": \"Allow\",\n        \"Action\": \"s3:*\",\n        \"Resource\": \"arn:aws:s3:::chagit-access-logs\"\n      }\n    ]\n  }",
            "template": "{\n    \"Version\": \"2012-10-17\",\n    \"Statement\": [\n      {\n        \"Effect\": \"Allow\",\n        \"Action\": \"s3:*\",\n        \"Resource\": \"${s3_bucket_arn}\"\n      }\n    ]\n  }",
            "vars": {
              "s3_bucket_arn": "arn:aws:s3:::chagit-access-logs"
            }
          }
        }
      ]
    },
    {
      "mode": "data",
      "type": "template_file",
      "name": "policy_s3_bucket",
      "provider": "provider[\"registry.terraform.io/hashicorp/template\"]",
      "instances": [
        {
          "schema_version": 0,
          "attributes": {
            "filename": null,
            "id": "8f5af7b6159f4c91647005523d55b1221b6b8bc92a1d2541504f3527f2a8e546",
            "rendered": "{\n    \"Version\": \"2012-10-17\",\n    \"Statement\": [\n        {\n            \"Sid\": \"Allow access for specific role\",\n            \"Effect\": \"Allow\",\n            \"Principal\": {\n                \"AWS\": \"arn:aws:iam::240693037076:role/s3-role\"\n            },\n            \"Action\": \"s3:*\",\n            \"Resource\": [\n                \"arn:aws:s3:::chagit-access-logs\",\n                \"arn:aws:s3:::chagit-access-logs/*\"\n            ]\n        }\n    ]\n}",
            "template": "{\n    \"Version\": \"2012-10-17\",\n    \"Statement\": [\n        {\n            \"Sid\": \"Allow access for specific role\",\n            \"Effect\": \"Allow\",\n            \"Principal\": {\n                \"AWS\": \"${role_arn}\"\n            },\n            \"Action\": \"s3:*\",\n            \"Resource\": [\n                \"${s3_bucket_arn}\",\n                \"${s3_bucket_arn}/*\"\n            ]\n        }\n    ]\n}",
            "vars": {
              "role_arn": "arn:aws:iam::240693037076:role/s3-role",
              "s3_bucket_arn": "arn:aws:s3:::chagit-access-logs"
            }
          }
        }
      ]
    },
    {
      "mode": "managed",
      "type": "aws_elb",
      "name": "bar",
      "provider": "provider[\"registry.terraform.io/hashicorp/aws\"]",
      "instances": [
        {
          "schema_version": 0,
          "attributes": {
            "access_logs": [],
            "arn": "arn:aws:elasticloadbalancing:us-east-1:240693037076:loadbalancer/terraform-elb",
            "availability_zones": [
              "us-east-1a",
              "us-east-1b"
            ],
            "connection_draining": true,
            "connection_draining_timeout": 400,
            "cross_zone_load_balancing": true,
            "dns_name": "terraform-elb-573234353.us-east-1.elb.amazonaws.com",
            "health_check": [
              {
                "healthy_threshold": 2,
                "interval": 30,
                "target": "HTTP:80/",
                "timeout": 3,
                "unhealthy_threshold": 2
              }
            ],
            "id": "terraform-elb",
            "idle_timeout": 400,
            "instances": [
              "i-0171acab9367bac20",
              "i-0ad16f0401fb6f29f"
            ],
            "internal": false,
            "listener": [
              {
                "instance_port": 22,
                "instance_protocol": "http",
                "lb_port": 22,
                "lb_protocol": "http",
                "ssl_certificate_id": ""
              },
              {
                "instance_port": 80,
                "instance_protocol": "http",
                "lb_port": 80,
                "lb_protocol": "http",
                "ssl_certificate_id": ""
              }
            ],
            "name": "terraform-elb",
            "name_prefix": null,
            "security_groups": [
              "sg-09f95180ea2d06b04"
            ],
            "source_security_group": "240693037076/elb_securitygroup",
            "source_security_group_id": "sg-09f95180ea2d06b04",
            "subnets": [
              "subnet-08dd21d201c76378f",
              "subnet-0b7766c637a1f9fba"
            ],
            "tags": {
              "Name": "terraform-elb"
            },
            "zone_id": "Z35SXDOTRQ7X7K"
          },
          "private": "bnVsbA==",
          "dependencies": [
            "aws_key_pair.terraform-key",
            "aws_security_group.elb_securitygroup",
            "aws_security_group.web",
            "data.aws_ami.ubuntu",
            "module.public_servers.aws_instance.ec2",
            "module.vpc.aws_subnet.public-subnet",
            "module.vpc.aws_vpc.vpc",
            "tls_private_key.private_key"
          ]
        }
      ]
    },
    {
      "mode": "managed",
      "type": "aws_iam_instance_profile",
      "name": "instance_profile",
      "provider": "provider[\"registry.terraform.io/hashicorp/aws\"]",
      "instances": [
        {
          "schema_version": 0,
          "attributes": {
            "arn": "arn:aws:iam::240693037076:instance-profile/instance-profile-1",
            "create_date": "2021-01-09T20:17:57Z",
            "id": "instance-profile-1",
            "name": "instance-profile-1",
            "name_prefix": null,
            "path": "/",
            "role": "s3-role",
            "unique_id": "AIPATQCTMJAKHNUZOK3LU"
          },
          "private": "bnVsbA==",
          "dependencies": [
            "aws_iam_role.ec2_s3_access_role"
          ]
        }
      ]
    },
    {
      "mode": "managed",
      "type": "aws_iam_policy",
      "name": "policy",
      "provider": "provider[\"registry.terraform.io/hashicorp/aws\"]",
      "instances": [
        {
          "schema_version": 0,
          "attributes": {
            "arn": "arn:aws:iam::240693037076:policy/policy-role-allow-s3",
            "description": "Allow role to access s3 buckets",
            "id": "arn:aws:iam::240693037076:policy/policy-role-allow-s3",
            "name": "policy-role-allow-s3",
            "name_prefix": null,
            "path": "/",
            "policy": "{\n    \"Version\": \"2012-10-17\",\n    \"Statement\": [\n      {\n        \"Effect\": \"Allow\",\n        \"Action\": \"s3:*\",\n        \"Resource\": \"arn:aws:s3:::chagit-access-logs\"\n      }\n    ]\n  }"
          },
          "private": "bnVsbA==",
          "dependencies": [
            "aws_s3_bucket.bucket",
            "data.template_file.policy_s3_access"
          ]
        }
      ]
    },
    {
      "mode": "managed",
      "type": "aws_iam_policy_attachment",
      "name": "poicy_attach",
      "provider": "provider[\"registry.terraform.io/hashicorp/aws\"]",
      "instances": [
        {
          "schema_version": 0,
          "attributes": {
            "groups": null,
            "id": "policy-role-allow-s3-attachment",
            "name": "policy-role-allow-s3-attachment",
            "policy_arn": "arn:aws:iam::240693037076:policy/policy-role-allow-s3",
            "roles": [
              "s3-role"
            ],
            "users": null
          },
          "private": "bnVsbA==",
          "dependencies": [
            "aws_iam_policy.policy",
            "aws_iam_role.ec2_s3_access_role",
            "aws_s3_bucket.bucket",
            "data.template_file.policy_s3_access"
          ]
        }
      ]
    },
    {
      "mode": "managed",
      "type": "aws_iam_role",
      "name": "ec2_s3_access_role",
      "provider": "provider[\"registry.terraform.io/hashicorp/aws\"]",
      "instances": [
        {
          "schema_version": 0,
          "attributes": {
            "arn": "arn:aws:iam::240693037076:role/s3-role",
            "assume_role_policy": "{\"Version\":\"2012-10-17\",\"Statement\":[{\"Sid\":\"\",\"Effect\":\"Allow\",\"Principal\":{\"Service\":\"ec2.amazonaws.com\"},\"Action\":\"sts:AssumeRole\"}]}",
            "create_date": "2021-01-09T20:17:55Z",
            "description": "",
            "force_detach_policies": false,
            "id": "s3-role",
            "max_session_duration": 3600,
            "name": "s3-role",
            "name_prefix": null,
            "path": "/",
            "permissions_boundary": null,
            "tags": {
              "Name": "prod-role-s3access"
            },
            "unique_id": "AROATQCTMJAKKBRMJHL3X"
          },
          "private": "bnVsbA=="
        }
      ]
    },
    {
      "mode": "managed",
      "type": "aws_key_pair",
      "name": "terraform-key",
      "provider": "provider[\"registry.terraform.io/hashicorp/aws\"]",
      "instances": [
        {
          "schema_version": 1,
          "attributes": {
            "arn": "arn:aws:ec2:us-east-1:240693037076:key-pair/terraform-key1",
            "fingerprint": "17:6f:9a:78:8f:d1:e9:08:8f:95:4a:04:69:5d:f6:cf",
            "id": "terraform-key1",
            "key_name": "terraform-key1",
            "key_name_prefix": null,
            "key_pair_id": "key-0e9886a9da83eec6d",
            "public_key": "ssh-rsa AAAAB3NzaC1yc2EAAAADAQABAAACAQCyLj7X8tCXpr7iVnBSHNnL87d/uPrrcCmxZiEW0ywyqOmuUuQrS4cGLjXWg9uBR7evwz9d8gKPYzWb2mmlfGwtdbdystJCM8bMuQAlaabzQ/XnBotq0D7qANECsxDzHrJ9yFsc0p3IpnDyfqyBhs0znNZIu7L9XFsx3pV62xggChlCYNsSA7V4FrvgzsBzOIM5v9VhxdLbvyl5jx6OCK2H7rWKFGHj8ObIK8hLMLws25udl7CcHz4AfmkP303USaR39yjItUaDy0cyS/+zpAjDM4YgWpreygzOR8SCODbUkWLhVc3SpGttSEp3amc7qPfBR5CuedFq0BAPByIIzZSSpe31McLTns2qAbTBRfZezashB5jtCuhP6nzboJ4+0jNgId2Xg3bsh1TBDfwZ/7VGiQXTdd20U50hFbbP5Qi+qCdxd1ihicVTkoxgme64vPXAL3masMSKRngu70y5ui+ER7bq7h4Sdnh43MQvoRwGRdgEYeTvB1+987ny6PCP5MGrfvVa+qeBTFodXP9R/ib53dYLHHmmZy9W/0csRh9NiQsHx8OIyN8XZZ9BOmbNAr9tdlhyvi+yq5i73Ot3CYUDTNlYak4dnc+S65K6TI5Ny71V6WWggmTl889cvucne8OUVV+vpMzn2kG7zA354bHlGLXUBYB9pK2FOQsIibD2+w==",
            "tags": null
          },
          "private": "eyJzY2hlbWFfdmVyc2lvbiI6IjEifQ==",
          "dependencies": [
            "tls_private_key.private_key"
          ]
        }
      ]
    },
    {
      "mode": "managed",
      "type": "aws_s3_bucket",
      "name": "bucket",
      "provider": "provider[\"registry.terraform.io/hashicorp/aws\"]",
      "instances": [
        {
          "schema_version": 0,
          "attributes": {
            "acceleration_status": "",
            "acl": "private",
            "arn": "arn:aws:s3:::chagit-access-logs",
            "bucket": "chagit-access-logs",
            "bucket_domain_name": "chagit-access-logs.s3.amazonaws.com",
            "bucket_prefix": null,
            "bucket_regional_domain_name": "chagit-access-logs.s3.amazonaws.com",
            "cors_rule": [],
            "force_destroy": false,
            "grant": [],
            "hosted_zone_id": "Z3AQBSTGFYJSTF",
            "id": "chagit-access-logs",
            "lifecycle_rule": [],
            "logging": [],
            "object_lock_configuration": [],
            "policy": null,
            "region": "us-east-1",
            "replication_configuration": [],
            "request_payer": "BucketOwner",
            "server_side_encryption_configuration": [],
            "tags": {
              "Name": "s3-nginx-access-logs"
            },
            "versioning": [
              {
                "enabled": false,
                "mfa_delete": false
              }
            ],
            "website": [],
            "website_domain": null,
            "website_endpoint": null
          },
          "private": "bnVsbA=="
        }
      ]
    },
    {
      "mode": "managed",
      "type": "aws_s3_bucket",
      "name": "terraform_state",
      "provider": "provider[\"registry.terraform.io/hashicorp/aws\"]",
      "instances": [
        {
          "schema_version": 0,
          "attributes": {
            "acceleration_status": "",
            "acl": "private",
            "arn": "arn:aws:s3:::chagit-state",
            "bucket": "chagit-state",
            "bucket_domain_name": "chagit-state.s3.amazonaws.com",
            "bucket_prefix": null,
            "bucket_regional_domain_name": "chagit-state.s3.amazonaws.com",
            "cors_rule": [],
            "force_destroy": false,
            "grant": [],
            "hosted_zone_id": "Z3AQBSTGFYJSTF",
            "id": "chagit-state",
            "lifecycle_rule": [],
            "logging": [],
            "object_lock_configuration": [],
            "policy": null,
            "region": "us-east-1",
            "replication_configuration": [],
            "request_payer": "BucketOwner",
            "server_side_encryption_configuration": [
              {
                "rule": [
                  {
                    "apply_server_side_encryption_by_default": [
                      {
                        "kms_master_key_id": "",
                        "sse_algorithm": "AES256"
                      }
                    ]
                  }
                ]
              }
            ],
            "tags": {
              "Name": "s3-terraform-state"
            },
            "versioning": [
              {
                "enabled": true,
                "mfa_delete": false
              }
            ],
            "website": [],
            "website_domain": null,
            "website_endpoint": null
          },
          "private": "bnVsbA=="
        }
      ]
    },
    {
      "mode": "managed",
      "type": "aws_s3_bucket_policy",
      "name": "b_policy",
      "provider": "provider[\"registry.terraform.io/hashicorp/aws\"]",
      "instances": [
        {
          "schema_version": 0,
          "attributes": {
            "bucket": "chagit-access-logs",
            "id": "chagit-access-logs",
            "policy": "{\n    \"Version\": \"2012-10-17\",\n    \"Statement\": [\n        {\n            \"Sid\": \"Allow access for specific role\",\n            \"Effect\": \"Allow\",\n            \"Principal\": {\n                \"AWS\": \"arn:aws:iam::240693037076:role/s3-role\"\n            },\n            \"Action\": \"s3:*\",\n            \"Resource\": [\n                \"arn:aws:s3:::chagit-access-logs\",\n                \"arn:aws:s3:::chagit-access-logs/*\"\n            ]\n        }\n    ]\n}"
          },
          "private": "bnVsbA==",
          "dependencies": [
            "aws_iam_role.ec2_s3_access_role",
            "aws_s3_bucket.bucket",
            "data.template_file.policy_s3_bucket"
          ]
        }
      ]
    },
    {
      "mode": "managed",
      "type": "aws_security_group",
      "name": "all_worker_mgmt",
      "provider": "provider[\"registry.terraform.io/hashicorp/aws\"]",
      "instances": [
        {
          "schema_version": 1,
          "attributes": {
            "arn": "arn:aws:ec2:us-east-1:240693037076:security-group/sg-07cbe40bfc5517e39",
            "description": "Managed by Terraform",
            "egress": [],
            "id": "sg-07cbe40bfc5517e39",
            "ingress": [
              {
                "cidr_blocks": [
                  "10.0.0.0/8",
                  "172.16.0.0/12",
                  "192.168.0.0/16"
                ],
                "description": "",
                "from_port": 22,
                "ipv6_cidr_blocks": [],
                "prefix_list_ids": [],
                "protocol": "tcp",
                "security_groups": [],
                "self": false,
                "to_port": 22
              }
            ],
            "name": "all_worker_management20210109201805433100000007",
            "name_prefix": "all_worker_management",
            "owner_id": "240693037076",
            "revoke_rules_on_delete": false,
            "tags": null,
            "timeouts": null,
            "vpc_id": "vpc-02e7123a835db7136"
          },
          "private": "eyJlMmJmYjczMC1lY2FhLTExZTYtOGY4OC0zNDM2M2JjN2M0YzAiOnsiY3JlYXRlIjo2MDAwMDAwMDAwMDAsImRlbGV0ZSI6NjAwMDAwMDAwMDAwfSwic2NoZW1hX3ZlcnNpb24iOiIxIn0=",
          "dependencies": [
            "module.vpc.aws_vpc.vpc"
          ],
          "create_before_destroy": true
        }
      ]
    },
    {
      "mode": "managed",
      "type": "aws_security_group",
      "name": "db",
      "provider": "provider[\"registry.terraform.io/hashicorp/aws\"]",
      "instances": [
        {
          "schema_version": 1,
          "attributes": {
            "arn": "arn:aws:ec2:us-east-1:240693037076:security-group/sg-060cbf59d3e847d15",
            "description": "Allow incoming database connections.",
            "egress": [
              {
                "cidr_blocks": [
                  "0.0.0.0/0"
                ],
                "description": "",
                "from_port": 80,
                "ipv6_cidr_blocks": [],
                "prefix_list_ids": [],
                "protocol": "tcp",
                "security_groups": [],
                "self": false,
                "to_port": 80
              }
            ],
            "id": "sg-060cbf59d3e847d15",
            "ingress": [
              {
                "cidr_blocks": [
                  "10.100.0.0/16"
                ],
                "description": "",
                "from_port": -1,
                "ipv6_cidr_blocks": [],
                "prefix_list_ids": [],
                "protocol": "icmp",
                "security_groups": [],
                "self": false,
                "to_port": -1
              },
              {
                "cidr_blocks": [
                  "10.100.0.0/16"
                ],
                "description": "",
                "from_port": 22,
                "ipv6_cidr_blocks": [],
                "prefix_list_ids": [],
                "protocol": "tcp",
                "security_groups": [],
                "self": false,
                "to_port": 22
              }
            ],
            "name": "vpc_db",
            "name_prefix": "",
            "owner_id": "240693037076",
            "revoke_rules_on_delete": false,
            "tags": {
              "Name": "DBServerSG"
            },
            "timeouts": null,
            "vpc_id": "vpc-02e7123a835db7136"
          },
          "private": "eyJlMmJmYjczMC1lY2FhLTExZTYtOGY4OC0zNDM2M2JjN2M0YzAiOnsiY3JlYXRlIjo2MDAwMDAwMDAwMDAsImRlbGV0ZSI6NjAwMDAwMDAwMDAwfSwic2NoZW1hX3ZlcnNpb24iOiIxIn0=",
          "dependencies": [
            "module.vpc.aws_vpc.vpc"
          ]
        }
      ]
    },
    {
      "mode": "managed",
      "type": "aws_security_group",
      "name": "elb_securitygroup",
      "provider": "provider[\"registry.terraform.io/hashicorp/aws\"]",
      "instances": [
        {
          "schema_version": 1,
          "attributes": {
            "arn": "arn:aws:ec2:us-east-1:240693037076:security-group/sg-09f95180ea2d06b04",
            "description": "Managed by Terraform",
            "egress": [
              {
                "cidr_blocks": [
                  "0.0.0.0/0"
                ],
                "description": "",
                "from_port": 0,
                "ipv6_cidr_blocks": [],
                "prefix_list_ids": [],
                "protocol": "-1",
                "security_groups": [],
                "self": false,
                "to_port": 0
              }
            ],
            "id": "sg-09f95180ea2d06b04",
            "ingress": [
              {
                "cidr_blocks": [
                  "0.0.0.0/0"
                ],
                "description": "",
                "from_port": 22,
                "ipv6_cidr_blocks": [],
                "prefix_list_ids": [],
                "protocol": "tcp",
                "security_groups": [],
                "self": false,
                "to_port": 22
              },
              {
                "cidr_blocks": [
                  "0.0.0.0/0"
                ],
                "description": "",
                "from_port": 80,
                "ipv6_cidr_blocks": [],
                "prefix_list_ids": [],
                "protocol": "tcp",
                "security_groups": [],
                "self": false,
                "to_port": 80
              }
            ],
            "name": "elb_securitygroup",
            "name_prefix": "",
            "owner_id": "240693037076",
            "revoke_rules_on_delete": false,
            "tags": {
              "Name": "Security group elb"
            },
            "timeouts": null,
            "vpc_id": "vpc-02e7123a835db7136"
          },
          "private": "eyJlMmJmYjczMC1lY2FhLTExZTYtOGY4OC0zNDM2M2JjN2M0YzAiOnsiY3JlYXRlIjo2MDAwMDAwMDAwMDAsImRlbGV0ZSI6NjAwMDAwMDAwMDAwfSwic2NoZW1hX3ZlcnNpb24iOiIxIn0=",
          "dependencies": [
            "module.vpc.aws_vpc.vpc"
          ]
        }
      ]
    },
    {
      "mode": "managed",
      "type": "aws_security_group",
      "name": "web",
      "provider": "provider[\"registry.terraform.io/hashicorp/aws\"]",
      "instances": [
        {
          "schema_version": 1,
          "attributes": {
            "arn": "arn:aws:ec2:us-east-1:240693037076:security-group/sg-09abbca1a961424d4",
            "description": "Allow incoming HTTP connections.",
            "egress": [
              {
                "cidr_blocks": [
                  "0.0.0.0/0"
                ],
                "description": "",
                "from_port": 0,
                "ipv6_cidr_blocks": [],
                "prefix_list_ids": [],
                "protocol": "-1",
                "security_groups": [],
                "self": false,
                "to_port": 0
              }
            ],
            "id": "sg-09abbca1a961424d4",
            "ingress": [
              {
                "cidr_blocks": [
                  "0.0.0.0/0"
                ],
                "description": "",
                "from_port": 22,
                "ipv6_cidr_blocks": [],
                "prefix_list_ids": [],
                "protocol": "tcp",
                "security_groups": [],
                "self": false,
                "to_port": 22
              },
              {
                "cidr_blocks": [
                  "0.0.0.0/0"
                ],
                "description": "",
                "from_port": 80,
                "ipv6_cidr_blocks": [],
                "prefix_list_ids": [],
                "protocol": "tcp",
                "security_groups": [],
                "self": false,
                "to_port": 80
              }
            ],
            "name": "vpc_web",
            "name_prefix": "",
            "owner_id": "240693037076",
            "revoke_rules_on_delete": false,
            "tags": {
              "Name": "WebServerSG"
            },
            "timeouts": null,
            "vpc_id": "vpc-02e7123a835db7136"
          },
          "private": "eyJlMmJmYjczMC1lY2FhLTExZTYtOGY4OC0zNDM2M2JjN2M0YzAiOnsiY3JlYXRlIjo2MDAwMDAwMDAwMDAsImRlbGV0ZSI6NjAwMDAwMDAwMDAwfSwic2NoZW1hX3ZlcnNpb24iOiIxIn0=",
          "dependencies": [
            "module.vpc.aws_vpc.vpc"
          ]
        }
      ]
    },
    {
      "mode": "managed",
      "type": "kubernetes_service_account",
      "name": "opsschool_sa",
      "provider": "provider[\"registry.terraform.io/hashicorp/kubernetes\"]",
      "instances": [
        {
          "schema_version": 0,
          "attributes": {
            "automount_service_account_token": false,
            "default_secret_name": "opsschool-sa-token-vrc6v",
            "id": "default/opsschool-sa",
            "image_pull_secret": [],
            "metadata": [
              {
                "annotations": {
                  "eks.amazonaws.com/role-arn": "arn:aws:iam::240693037076:role/opsschool-role"
                },
                "generate_name": "",
                "generation": 0,
                "labels": null,
                "name": "opsschool-sa",
                "namespace": "default",
                "resource_version": "866",
                "self_link": "/api/v1/namespaces/default/serviceaccounts/opsschool-sa",
                "uid": "e7797ffd-9064-42af-b012-43f0469a670d"
              }
            ],
            "secret": [],
            "timeouts": null
          },
          "private": "eyJlMmJmYjczMC1lY2FhLTExZTYtOGY4OC0zNDM2M2JjN2M0YzAiOnsiY3JlYXRlIjozMDAwMDAwMDAwMH19",
          "dependencies": [
            "aws_security_group.all_worker_mgmt",
            "data.aws_eks_cluster.cluster",
            "data.aws_eks_cluster_auth.cluster",
            "module.eks.aws_autoscaling_group.workers",
            "module.eks.aws_autoscaling_group.workers_launch_template",
            "module.eks.aws_cloudwatch_log_group.this",
            "module.eks.aws_eks_cluster.this",
            "module.eks.aws_iam_instance_profile.workers",
            "module.eks.aws_iam_instance_profile.workers_launch_template",
            "module.eks.aws_iam_openid_connect_provider.oidc_provider",
            "module.eks.aws_iam_policy.cluster_elb_sl_role_creation",
            "module.eks.aws_iam_role.cluster",
            "module.eks.aws_iam_role.workers",
            "module.eks.aws_iam_role_policy_attachment.cluster_AmazonEKSClusterPolicy",
            "module.eks.aws_iam_role_policy_attachment.cluster_AmazonEKSServicePolicy",
            "module.eks.aws_iam_role_policy_attachment.cluster_AmazonEKSVPCResourceControllerPolicy",
            "module.eks.aws_iam_role_policy_attachment.cluster_elb_sl_role_creation",
            "module.eks.aws_iam_role_policy_attachment.workers_AmazonEC2ContainerRegistryReadOnly",
            "module.eks.aws_iam_role_policy_attachment.workers_AmazonEKSWorkerNodePolicy",
            "module.eks.aws_iam_role_policy_attachment.workers_AmazonEKS_CNI_Policy",
            "module.eks.aws_iam_role_policy_attachment.workers_additional_policies",
            "module.eks.aws_launch_configuration.workers",
            "module.eks.aws_launch_template.workers_launch_template",
            "module.eks.aws_security_group.cluster",
            "module.eks.aws_security_group.workers",
            "module.eks.aws_security_group_rule.cluster_egress_internet",
            "module.eks.aws_security_group_rule.cluster_https_worker_ingress",
            "module.eks.aws_security_group_rule.cluster_primary_ingress_workers",
            "module.eks.aws_security_group_rule.cluster_private_access",
            "module.eks.aws_security_group_rule.workers_egress_internet",
            "module.eks.aws_security_group_rule.workers_ingress_cluster",
            "module.eks.aws_security_group_rule.workers_ingress_cluster_https",
            "module.eks.aws_security_group_rule.workers_ingress_cluster_kubelet",
            "module.eks.aws_security_group_rule.workers_ingress_cluster_primary",
            "module.eks.aws_security_group_rule.workers_ingress_self",
            "module.eks.data.aws_ami.eks_worker",
            "module.eks.data.aws_ami.eks_worker_windows",
            "module.eks.data.aws_caller_identity.current",
            "module.eks.data.aws_iam_instance_profile.custom_worker_group_iam_instance_profile",
            "module.eks.data.aws_iam_instance_profile.custom_worker_group_launch_template_iam_instance_profile",
            "module.eks.data.aws_iam_policy_document.cluster_assume_role_policy",
            "module.eks.data.aws_iam_policy_document.cluster_elb_sl_role_creation",
            "module.eks.data.aws_iam_policy_document.workers_assume_role_policy",
            "module.eks.data.aws_iam_role.custom_cluster_iam_role",
            "module.eks.data.aws_partition.current",
            "module.eks.data.template_file.launch_template_userdata",
            "module.eks.data.template_file.userdata",
            "module.eks.kubernetes_config_map.aws_auth",
            "module.eks.local_file.kubeconfig",
            "module.eks.module.fargate.aws_eks_fargate_profile.this",
            "module.eks.module.fargate.aws_iam_role.eks_fargate_pod",
            "module.eks.module.fargate.aws_iam_role_policy_attachment.eks_fargate_pod",
            "module.eks.module.fargate.data.aws_iam_policy_document.eks_fargate_pod_assume_role",
            "module.eks.module.fargate.data.aws_iam_role.custom_fargate_iam_role",
            "module.eks.module.node_groups.aws_eks_node_group.workers",
            "module.eks.module.node_groups.random_pet.node_groups",
            "module.eks.null_resource.wait_for_cluster",
            "module.eks.random_pet.workers",
            "module.eks.random_pet.workers_launch_template",
            "module.iam_assumable_role_admin.aws_iam_role.this",
            "module.iam_assumable_role_admin.data.aws_caller_identity.current",
            "module.iam_assumable_role_admin.data.aws_iam_policy_document.assume_role_with_oidc",
            "module.iam_assumable_role_admin.data.aws_partition.current",
            "module.vpc.aws_subnet.private-subnet",
            "module.vpc.aws_vpc.vpc",
            "random_string.suffix"
          ]
        }
      ]
    },
    {
      "mode": "managed",
      "type": "local_file",
      "name": "terraform_key",
      "provider": "provider[\"registry.terraform.io/hashicorp/local\"]",
      "instances": [
        {
          "schema_version": 0,
          "attributes": {
            "content": null,
            "content_base64": null,
            "directory_permission": "0777",
            "file_permission": "0777",
            "filename": "private_key.pem",
            "id": "3fe6e2626775f6ef40d4d3737f5a1670b49fb068",
            "sensitive_content": "-----BEGIN RSA PRIVATE KEY-----\nMIIJKAIBAAKCAgEAsi4+1/LQl6a+4lZwUhzZy/O3f7j663ApsWYhFtMsMqjprlLk\nK0uHBi411oPbgUe3r8M/XfICj2M1m9pppXxsLXW3crLSQjPGzLkAJWmm80P15waL\natA+6gDRArMQ8x6yfchbHNKdyKZw8n6sgYbNM5zWSLuy/VxbMd6VetsYIAoZQmDb\nEgO1eBa74M7AcziDOb/VYcXS278peY8ejgith+61ihRh4/DmyCvISzC8LNubnZew\nnB8+AH5pD99N1Emkd/coyLVGg8tHMkv/s6QIwzOGIFqa3soMzkfEgjg21JFi4VXN\n0qRrbUhKd2pnO6j3wUeQrnnRatAQDwciCM2UkqXt9THC057NqgG0wUX2Xs2rIQeY\n7QroT+p826CePtIzYCHdl4N27IdUwQ38Gf+1RokF03XdtFOdIRW2z+UIvqgncXdY\noYnFU5KMYJnuuLz1wC95mrDEikZ4Lu9MubovhEe26u4eEnZ4eNzEL6EcBkXYBGHk\n7wdfvfO58ujwj+TBq371WvqngUxaHVz/Uf4m+d3WCxx5pmcvVv9HLEYfTYkLB8fD\niMjfF2WfQTpmzQK/bXZYcr4vsquYu9zrdwmFA0zZWGpOHZ3PkuuSukyOTcu9Vell\noIJk5fPPXL7nJ3vDlFVfr6TM59pBu8wN+eGx5Ri11AWAfaSthTkLCImw9vsCAwEA\nAQKCAgA5BV2tJBKnBYC+1CS70mnMwCDwKdV69PkSwXlDYa8aQz4NQI+uX0xFqRIn\npSjg9X+OKvCjcuho1Ln6N2ppwCiqX6qmdR2efA1ZxLaMQoRgA1a1aT3CoAQSRNKe\nh4mcFC3Q3QZzcd92r/UjVXCFPwt6Qe29dvvv4td4XR//IhBVaIXu3SoeWLuBQ906\nM1AZT3OHTqHN2U4Cbump8ig4EgTepIDKQH2XQafJVWGS1nTR8jGZvEqTm9futoWO\nw8qXbj3I+nq9yG1Zjfsp2HJrHcqEFYAN6JD5TTXN6d+0QKMjYaeAL0Jf76hFX8Yc\n8xs4V3l6DBn8DBX9lbod5Q16PbgWsQovcBQcMTeVAXVvJMM06MEtSSxsN3iF0uWf\nnwjXZHRttytHlz8PHgmGRS8lQ0Hfe70+siFfiIBk7Z9dCEu73ZPNP2bd2ER44rb6\nQ9m4O8rpEBMSgLAxZ5eZdKsTYczIUao1wO7pmS3qQlIOKEzz6FojCiD2RAZRk9B8\ns61GlZJKQkKOECHytp2OMLbokm5Wkj6T4NUGeOWIkrQUGcLt3pT3BNdDzH8BPEmP\nrKeBnphDYkrdOhKTjA+d5LKE0rwaULzYswbte9j0ng/ZxMUZulmz3oqUANhsSwE3\nMZksv4UqTFNtLrSFNk6bYPmsfQ9exsXNbB037uPfDt/ME85pqQKCAQEA52VqAX3K\n+hRFLbI/HTqYK9arMszBRgyWu1Dojd211XPQfIDLkvjImMOeSKh2AVz49ViH1IZo\nTfyxm/IRGC+B5rBXOYcXGEjPyI7Ec9CP6X9aTwoXKj/Zhcc8eQJEeUfD/aXVVsER\nW2+3X/BWwS+GxHpS+BOo7wUADcW4f91TAhNxPCxfn4vO1MxjLGoIm9Nk9C/YM7Jg\nxYIyFVnME3PNi3NwuKpiBmfxz97Sk+uzjmcfj2FT1UWFTl2mHaCydEGiXGLiwY9v\nv9/i7SiobUBwITAaHviCNthmmwW5sQbomfrwcba+Od4ixxxv8mdyUGUwWfijwCzB\nRyRsTswymi1c5wKCAQEAxSBPNEdfwUC1b+0RKgkIYyNS57VddisVlHDY1Ytx/Lz+\n6PwXD93q8Ku3lGx5hfpttU7pedELn66BAOZEhd9gA/sQx3pyXwCbrJmRhPjeXLT3\n8rgC6XcalTNYVN0msjaQnmeoWCOwmtOXs/ieV35+V48vK5ckqaAKg8ds20a+o5Bi\ntJXiBQrXoL8EqATx+LhFNiS5/W6zR9B/7qrhAvfExCClVJKCcW5ZdSbIC7E0vwky\nRdphjmiNZQEOsDAgsA6APOVSqmWwoNbLHZ6rE5jUgY7g8w4cb0JFIWCsdImdPUhC\nBsSrVAmcuSn8v0KXjHe8GojYm2vth87R0TM9i+GezQKCAQBB+sHaQQMigaskF4I1\nlGKVhXV1W7r0fVxxduWIpiJWBdr51UO22adhH84/S4Gya881LhQ0/ko5ioceP0yu\nh8VTgQ6uAZ4NN52/wy2zFFIks0KN7QOj8WbV5XSR0JqztknlRmbpgM2xM86m1YH3\nPdUAqxyDTh/KX7OfObSdCP/FRMPx83kkphnIxaq1nFpuDD3p/sZ4HzHGv5QGUH+H\nQGroi3clwLeIuhTSP+ftc7TUMwVlvcvIsTUMnllic1LPIXPpQe0EYiDsJiuvkftM\ng6Y1YGDiWdvPRa8kHuLO3nhuh4YN9pyRJYznF224QdTvpZq+3M3cWyaVYYZchY8c\nNTkbAoIBACDotPBYXg8IO4IVBMGMwn6yffu61oCMzsx6TmjQH9Z+wtuogj0e4kMN\nl9dKiLsqRLh5FRdGI/ejjVvWFWh4EzJ27qUutvtPQa398UJOveiiOaamu624OZLh\nAIUianxkCZ64VW1pf+lJG9Fq1xxqPLNnbwuK7w72ber0FyNAW0E5MJFPWG1ZEwh9\n+0wFj1Pjh4JzfS1nFr0NfN4eXvQ84vePL6q/ztEbCAo70DfLfK/L3D23KIQ6xigv\nlgEp97sMoLIJ4tQZp/QiB8TJIWxjHk8GyF0rZOnaGWpqFkBaXQrHDmbM3IFqHWT4\nMn7Hoj9MGfYgFHFWAlCi4XpYYJUCtJ0CggEBALzGKbW3O4NGRwO19iabKN8XZCZD\nTURYA0zG8X8VD/4aYP244UpT1ag1nGHPxOuZ4WWdpuHsx1eAebTSpB4F7LpM1ICM\nu2UlbVYxJvREHk1tNCqbyGhLYl7iKNq4LBdJPjP68SGHh74/wwsD4cANsSyi+Tlp\nGb6Zi3HABlJTsioTi5mJE6aFnbEgc7ThA0OxZG96+XRHdhfAXDObKy9cBw/uHay0\nD1QkCWY/V1SLZ1sy2/rc5c0AQi829/FoxDSLB69laSwETE6Hk1UNaAS6SNZYO+GI\nT0nzPFkIJVJLc0j8h0GVzUrrOrTvZKdyxAjqHs0fmpFYvxqA4aa2i9oppNw=\n-----END RSA PRIVATE KEY-----\n"
          },
          "private": "bnVsbA==",
          "dependencies": [
            "tls_private_key.private_key"
          ]
        }
      ]
    },
    {
      "mode": "managed",
      "type": "random_string",
      "name": "suffix",
      "provider": "provider[\"registry.terraform.io/hashicorp/random\"]",
      "instances": [
        {
          "schema_version": 1,
          "attributes": {
            "id": "v5PGGtZM",
            "keepers": null,
            "length": 8,
            "lower": true,
            "min_lower": 0,
            "min_numeric": 0,
            "min_special": 0,
            "min_upper": 0,
            "number": true,
            "override_special": null,
            "result": "v5PGGtZM",
            "special": false,
            "upper": true
          },
          "private": "eyJzY2hlbWFfdmVyc2lvbiI6IjEifQ==",
          "create_before_destroy": true
        }
      ]
    },
    {
      "mode": "managed",
      "type": "tls_private_key",
      "name": "private_key",
      "provider": "provider[\"registry.terraform.io/hashicorp/tls\"]",
      "instances": [
        {
          "schema_version": 0,
          "attributes": {
            "algorithm": "RSA",
            "ecdsa_curve": "P224",
            "id": "622c6438933313367f72c25f36b6f586699a8524",
            "private_key_pem": "-----BEGIN RSA PRIVATE KEY-----\nMIIJKAIBAAKCAgEAsi4+1/LQl6a+4lZwUhzZy/O3f7j663ApsWYhFtMsMqjprlLk\nK0uHBi411oPbgUe3r8M/XfICj2M1m9pppXxsLXW3crLSQjPGzLkAJWmm80P15waL\natA+6gDRArMQ8x6yfchbHNKdyKZw8n6sgYbNM5zWSLuy/VxbMd6VetsYIAoZQmDb\nEgO1eBa74M7AcziDOb/VYcXS278peY8ejgith+61ihRh4/DmyCvISzC8LNubnZew\nnB8+AH5pD99N1Emkd/coyLVGg8tHMkv/s6QIwzOGIFqa3soMzkfEgjg21JFi4VXN\n0qRrbUhKd2pnO6j3wUeQrnnRatAQDwciCM2UkqXt9THC057NqgG0wUX2Xs2rIQeY\n7QroT+p826CePtIzYCHdl4N27IdUwQ38Gf+1RokF03XdtFOdIRW2z+UIvqgncXdY\noYnFU5KMYJnuuLz1wC95mrDEikZ4Lu9MubovhEe26u4eEnZ4eNzEL6EcBkXYBGHk\n7wdfvfO58ujwj+TBq371WvqngUxaHVz/Uf4m+d3WCxx5pmcvVv9HLEYfTYkLB8fD\niMjfF2WfQTpmzQK/bXZYcr4vsquYu9zrdwmFA0zZWGpOHZ3PkuuSukyOTcu9Vell\noIJk5fPPXL7nJ3vDlFVfr6TM59pBu8wN+eGx5Ri11AWAfaSthTkLCImw9vsCAwEA\nAQKCAgA5BV2tJBKnBYC+1CS70mnMwCDwKdV69PkSwXlDYa8aQz4NQI+uX0xFqRIn\npSjg9X+OKvCjcuho1Ln6N2ppwCiqX6qmdR2efA1ZxLaMQoRgA1a1aT3CoAQSRNKe\nh4mcFC3Q3QZzcd92r/UjVXCFPwt6Qe29dvvv4td4XR//IhBVaIXu3SoeWLuBQ906\nM1AZT3OHTqHN2U4Cbump8ig4EgTepIDKQH2XQafJVWGS1nTR8jGZvEqTm9futoWO\nw8qXbj3I+nq9yG1Zjfsp2HJrHcqEFYAN6JD5TTXN6d+0QKMjYaeAL0Jf76hFX8Yc\n8xs4V3l6DBn8DBX9lbod5Q16PbgWsQovcBQcMTeVAXVvJMM06MEtSSxsN3iF0uWf\nnwjXZHRttytHlz8PHgmGRS8lQ0Hfe70+siFfiIBk7Z9dCEu73ZPNP2bd2ER44rb6\nQ9m4O8rpEBMSgLAxZ5eZdKsTYczIUao1wO7pmS3qQlIOKEzz6FojCiD2RAZRk9B8\ns61GlZJKQkKOECHytp2OMLbokm5Wkj6T4NUGeOWIkrQUGcLt3pT3BNdDzH8BPEmP\nrKeBnphDYkrdOhKTjA+d5LKE0rwaULzYswbte9j0ng/ZxMUZulmz3oqUANhsSwE3\nMZksv4UqTFNtLrSFNk6bYPmsfQ9exsXNbB037uPfDt/ME85pqQKCAQEA52VqAX3K\n+hRFLbI/HTqYK9arMszBRgyWu1Dojd211XPQfIDLkvjImMOeSKh2AVz49ViH1IZo\nTfyxm/IRGC+B5rBXOYcXGEjPyI7Ec9CP6X9aTwoXKj/Zhcc8eQJEeUfD/aXVVsER\nW2+3X/BWwS+GxHpS+BOo7wUADcW4f91TAhNxPCxfn4vO1MxjLGoIm9Nk9C/YM7Jg\nxYIyFVnME3PNi3NwuKpiBmfxz97Sk+uzjmcfj2FT1UWFTl2mHaCydEGiXGLiwY9v\nv9/i7SiobUBwITAaHviCNthmmwW5sQbomfrwcba+Od4ixxxv8mdyUGUwWfijwCzB\nRyRsTswymi1c5wKCAQEAxSBPNEdfwUC1b+0RKgkIYyNS57VddisVlHDY1Ytx/Lz+\n6PwXD93q8Ku3lGx5hfpttU7pedELn66BAOZEhd9gA/sQx3pyXwCbrJmRhPjeXLT3\n8rgC6XcalTNYVN0msjaQnmeoWCOwmtOXs/ieV35+V48vK5ckqaAKg8ds20a+o5Bi\ntJXiBQrXoL8EqATx+LhFNiS5/W6zR9B/7qrhAvfExCClVJKCcW5ZdSbIC7E0vwky\nRdphjmiNZQEOsDAgsA6APOVSqmWwoNbLHZ6rE5jUgY7g8w4cb0JFIWCsdImdPUhC\nBsSrVAmcuSn8v0KXjHe8GojYm2vth87R0TM9i+GezQKCAQBB+sHaQQMigaskF4I1\nlGKVhXV1W7r0fVxxduWIpiJWBdr51UO22adhH84/S4Gya881LhQ0/ko5ioceP0yu\nh8VTgQ6uAZ4NN52/wy2zFFIks0KN7QOj8WbV5XSR0JqztknlRmbpgM2xM86m1YH3\nPdUAqxyDTh/KX7OfObSdCP/FRMPx83kkphnIxaq1nFpuDD3p/sZ4HzHGv5QGUH+H\nQGroi3clwLeIuhTSP+ftc7TUMwVlvcvIsTUMnllic1LPIXPpQe0EYiDsJiuvkftM\ng6Y1YGDiWdvPRa8kHuLO3nhuh4YN9pyRJYznF224QdTvpZq+3M3cWyaVYYZchY8c\nNTkbAoIBACDotPBYXg8IO4IVBMGMwn6yffu61oCMzsx6TmjQH9Z+wtuogj0e4kMN\nl9dKiLsqRLh5FRdGI/ejjVvWFWh4EzJ27qUutvtPQa398UJOveiiOaamu624OZLh\nAIUianxkCZ64VW1pf+lJG9Fq1xxqPLNnbwuK7w72ber0FyNAW0E5MJFPWG1ZEwh9\n+0wFj1Pjh4JzfS1nFr0NfN4eXvQ84vePL6q/ztEbCAo70DfLfK/L3D23KIQ6xigv\nlgEp97sMoLIJ4tQZp/QiB8TJIWxjHk8GyF0rZOnaGWpqFkBaXQrHDmbM3IFqHWT4\nMn7Hoj9MGfYgFHFWAlCi4XpYYJUCtJ0CggEBALzGKbW3O4NGRwO19iabKN8XZCZD\nTURYA0zG8X8VD/4aYP244UpT1ag1nGHPxOuZ4WWdpuHsx1eAebTSpB4F7LpM1ICM\nu2UlbVYxJvREHk1tNCqbyGhLYl7iKNq4LBdJPjP68SGHh74/wwsD4cANsSyi+Tlp\nGb6Zi3HABlJTsioTi5mJE6aFnbEgc7ThA0OxZG96+XRHdhfAXDObKy9cBw/uHay0\nD1QkCWY/V1SLZ1sy2/rc5c0AQi829/FoxDSLB69laSwETE6Hk1UNaAS6SNZYO+GI\nT0nzPFkIJVJLc0j8h0GVzUrrOrTvZKdyxAjqHs0fmpFYvxqA4aa2i9oppNw=\n-----END RSA PRIVATE KEY-----\n",
            "public_key_fingerprint_md5": "2b:72:19:33:fc:e3:18:c6:0a:b6:b7:e8:0b:86:a0:46",
            "public_key_openssh": "ssh-rsa AAAAB3NzaC1yc2EAAAADAQABAAACAQCyLj7X8tCXpr7iVnBSHNnL87d/uPrrcCmxZiEW0ywyqOmuUuQrS4cGLjXWg9uBR7evwz9d8gKPYzWb2mmlfGwtdbdystJCM8bMuQAlaabzQ/XnBotq0D7qANECsxDzHrJ9yFsc0p3IpnDyfqyBhs0znNZIu7L9XFsx3pV62xggChlCYNsSA7V4FrvgzsBzOIM5v9VhxdLbvyl5jx6OCK2H7rWKFGHj8ObIK8hLMLws25udl7CcHz4AfmkP303USaR39yjItUaDy0cyS/+zpAjDM4YgWpreygzOR8SCODbUkWLhVc3SpGttSEp3amc7qPfBR5CuedFq0BAPByIIzZSSpe31McLTns2qAbTBRfZezashB5jtCuhP6nzboJ4+0jNgId2Xg3bsh1TBDfwZ/7VGiQXTdd20U50hFbbP5Qi+qCdxd1ihicVTkoxgme64vPXAL3masMSKRngu70y5ui+ER7bq7h4Sdnh43MQvoRwGRdgEYeTvB1+987ny6PCP5MGrfvVa+qeBTFodXP9R/ib53dYLHHmmZy9W/0csRh9NiQsHx8OIyN8XZZ9BOmbNAr9tdlhyvi+yq5i73Ot3CYUDTNlYak4dnc+S65K6TI5Ny71V6WWggmTl889cvucne8OUVV+vpMzn2kG7zA354bHlGLXUBYB9pK2FOQsIibD2+w==\n",
            "public_key_pem": "-----BEGIN PUBLIC KEY-----\nMIICIjANBgkqhkiG9w0BAQEFAAOCAg8AMIICCgKCAgEAsi4+1/LQl6a+4lZwUhzZ\ny/O3f7j663ApsWYhFtMsMqjprlLkK0uHBi411oPbgUe3r8M/XfICj2M1m9pppXxs\nLXW3crLSQjPGzLkAJWmm80P15waLatA+6gDRArMQ8x6yfchbHNKdyKZw8n6sgYbN\nM5zWSLuy/VxbMd6VetsYIAoZQmDbEgO1eBa74M7AcziDOb/VYcXS278peY8ejgit\nh+61ihRh4/DmyCvISzC8LNubnZewnB8+AH5pD99N1Emkd/coyLVGg8tHMkv/s6QI\nwzOGIFqa3soMzkfEgjg21JFi4VXN0qRrbUhKd2pnO6j3wUeQrnnRatAQDwciCM2U\nkqXt9THC057NqgG0wUX2Xs2rIQeY7QroT+p826CePtIzYCHdl4N27IdUwQ38Gf+1\nRokF03XdtFOdIRW2z+UIvqgncXdYoYnFU5KMYJnuuLz1wC95mrDEikZ4Lu9Mubov\nhEe26u4eEnZ4eNzEL6EcBkXYBGHk7wdfvfO58ujwj+TBq371WvqngUxaHVz/Uf4m\n+d3WCxx5pmcvVv9HLEYfTYkLB8fDiMjfF2WfQTpmzQK/bXZYcr4vsquYu9zrdwmF\nA0zZWGpOHZ3PkuuSukyOTcu9VelloIJk5fPPXL7nJ3vDlFVfr6TM59pBu8wN+eGx\n5Ri11AWAfaSthTkLCImw9vsCAwEAAQ==\n-----END PUBLIC KEY-----\n",
            "rsa_bits": 4096
          },
          "private": "bnVsbA=="
        }
      ]
    },
    {
      "module": "module.consul_cluster",
      "mode": "data",
      "type": "aws_iam_policy_document",
      "name": "consul_agent",
      "provider": "provider[\"registry.terraform.io/hashicorp/aws\"]",
      "instances": [
        {
          "schema_version": 0,
          "attributes": {
            "id": "1903849331",
            "json": "{\n  \"Version\": \"2012-10-17\",\n  \"Statement\": [\n    {\n      \"Sid\": \"\",\n      \"Effect\": \"Allow\",\n      \"Action\": \"sts:AssumeRole\",\n      \"Principal\": {\n        \"Service\": \"ec2.amazonaws.com\"\n      }\n    }\n  ]\n}",
            "override_json": null,
            "policy_id": null,
            "source_json": null,
            "statement": [
              {
                "actions": [
                  "sts:AssumeRole"
                ],
                "condition": [],
                "effect": "Allow",
                "not_actions": [],
                "not_principals": [],
                "not_resources": [],
                "principals": [
                  {
                    "identifiers": [
                      "ec2.amazonaws.com"
                    ],
                    "type": "Service"
                  }
                ],
                "resources": [],
                "sid": ""
              }
            ],
            "version": "2012-10-17"
          }
        }
      ]
    },
    {
      "module": "module.consul_cluster",
      "mode": "managed",
      "type": "aws_autoscaling_group",
      "name": "autoscaling_group",
      "provider": "provider[\"registry.terraform.io/hashicorp/aws\"]",
      "instances": [
        {
          "schema_version": 0,
          "attributes": {
            "arn": "arn:aws:autoscaling:us-east-1:240693037076:autoScalingGroup:63051996-fdda-4974-aefb-bfedb9766f08:autoScalingGroupName/opsschool-cluster",
            "availability_zones": [
              "us-east-1a",
              "us-east-1b"
            ],
            "capacity_rebalance": false,
            "default_cooldown": 300,
            "desired_capacity": 3,
            "enabled_metrics": null,
            "force_delete": false,
            "health_check_grace_period": 300,
            "health_check_type": "EC2",
            "id": "opsschool-cluster",
            "initial_lifecycle_hook": [],
            "instance_refresh": [],
            "launch_configuration": "terraform-2021010920200076670000000c",
            "launch_template": [],
            "load_balancers": null,
            "max_instance_lifetime": 0,
            "max_size": 3,
            "metrics_granularity": "1Minute",
            "min_elb_capacity": null,
            "min_size": 3,
            "mixed_instances_policy": [],
            "name": "opsschool-cluster",
            "name_prefix": null,
            "placement_group": "",
            "protect_from_scale_in": false,
            "service_linked_role_arn": "arn:aws:iam::240693037076:role/aws-service-role/autoscaling.amazonaws.com/AWSServiceRoleForAutoScaling",
            "suspended_processes": null,
            "tag": [],
            "tags": null,
            "target_group_arns": null,
            "termination_policies": null,
            "timeouts": null,
            "vpc_zone_identifier": [
              "subnet-08dd21d201c76378f",
              "subnet-0b7766c637a1f9fba"
            ],
            "wait_for_capacity_timeout": "10m",
            "wait_for_elb_capacity": null
          },
          "private": "eyJlMmJmYjczMC1lY2FhLTExZTYtOGY4OC0zNDM2M2JjN2M0YzAiOnsiZGVsZXRlIjo2MDAwMDAwMDAwMDB9fQ==",
          "dependencies": [
            "data.aws_ami.ubuntu",
            "module.consul_cluster.aws_iam_instance_profile.consul_agent",
            "module.consul_cluster.aws_iam_role.consul_agent",
            "module.consul_cluster.aws_launch_configuration.consul_launch_config",
            "module.consul_cluster.aws_security_group.consul_sg",
            "module.consul_cluster.data.aws_iam_policy_document.consul_agent",
            "module.vpc.aws_eip.nat",
            "module.vpc.aws_internet_gateway.default",
            "module.vpc.aws_nat_gateway.nat_gateway",
            "module.vpc.aws_route_table.private-route",
            "module.vpc.aws_route_table.public-route",
            "module.vpc.aws_route_table_association.public-association",
            "module.vpc.aws_subnet.private-subnet",
            "module.vpc.aws_subnet.public-subnet",
            "module.vpc.aws_vpc.vpc"
          ]
        }
      ]
    },
    {
      "module": "module.consul_cluster",
      "mode": "managed",
      "type": "aws_iam_instance_profile",
      "name": "consul_agent",
      "provider": "provider[\"registry.terraform.io/hashicorp/aws\"]",
      "instances": [
        {
          "schema_version": 0,
          "attributes": {
            "arn": "arn:aws:iam::240693037076:instance-profile/consul-agent",
            "create_date": "2021-01-09T20:19:54Z",
            "id": "consul-agent",
            "name": "consul-agent",
            "name_prefix": null,
            "path": "/",
            "role": "consul-agent",
            "unique_id": "AIPATQCTMJAKNXI75AA72"
          },
          "private": "bnVsbA==",
          "dependencies": [
            "module.consul_cluster.aws_iam_role.consul_agent",
            "module.consul_cluster.data.aws_iam_policy_document.consul_agent",
            "module.vpc.aws_eip.nat",
            "module.vpc.aws_internet_gateway.default",
            "module.vpc.aws_nat_gateway.nat_gateway",
            "module.vpc.aws_route_table.private-route",
            "module.vpc.aws_route_table.public-route",
            "module.vpc.aws_route_table_association.public-association",
            "module.vpc.aws_subnet.private-subnet",
            "module.vpc.aws_subnet.public-subnet",
            "module.vpc.aws_vpc.vpc"
          ]
        }
      ]
    },
    {
      "module": "module.consul_cluster",
      "mode": "managed",
      "type": "aws_iam_role",
      "name": "consul_agent",
      "provider": "provider[\"registry.terraform.io/hashicorp/aws\"]",
      "instances": [
        {
          "schema_version": 0,
          "attributes": {
            "arn": "arn:aws:iam::240693037076:role/consul-agent",
            "assume_role_policy": "{\"Version\":\"2012-10-17\",\"Statement\":[{\"Sid\":\"\",\"Effect\":\"Allow\",\"Principal\":{\"Service\":\"ec2.amazonaws.com\"},\"Action\":\"sts:AssumeRole\"}]}",
            "create_date": "2021-01-09T20:19:53Z",
            "description": "",
            "force_detach_policies": false,
            "id": "consul-agent",
            "max_session_duration": 3600,
            "name": "consul-agent",
            "name_prefix": null,
            "path": "/",
            "permissions_boundary": null,
            "tags": null,
            "unique_id": "AROATQCTMJAKHYNEPNH5A"
          },
          "private": "bnVsbA==",
          "dependencies": [
            "module.consul_cluster.data.aws_iam_policy_document.consul_agent",
            "module.vpc.aws_eip.nat",
            "module.vpc.aws_internet_gateway.default",
            "module.vpc.aws_nat_gateway.nat_gateway",
            "module.vpc.aws_route_table.private-route",
            "module.vpc.aws_route_table.public-route",
            "module.vpc.aws_route_table_association.public-association",
            "module.vpc.aws_subnet.private-subnet",
            "module.vpc.aws_subnet.public-subnet",
            "module.vpc.aws_vpc.vpc"
          ]
        }
      ]
    },
    {
      "module": "module.consul_cluster",
      "mode": "managed",
      "type": "aws_iam_role_policy_attachment",
      "name": "consul_agent",
      "provider": "provider[\"registry.terraform.io/hashicorp/aws\"]",
      "instances": [
        {
          "schema_version": 0,
          "attributes": {
            "id": "consul-agent-2021010920195500060000000b",
            "policy_arn": "arn:aws:iam::aws:policy/service-role/AmazonEC2ContainerServiceforEC2Role",
            "role": "consul-agent"
          },
          "private": "bnVsbA==",
          "dependencies": [
            "module.consul_cluster.aws_iam_role.consul_agent",
            "module.consul_cluster.data.aws_iam_policy_document.consul_agent",
            "module.vpc.aws_eip.nat",
            "module.vpc.aws_internet_gateway.default",
            "module.vpc.aws_nat_gateway.nat_gateway",
            "module.vpc.aws_route_table.private-route",
            "module.vpc.aws_route_table.public-route",
            "module.vpc.aws_route_table_association.public-association",
            "module.vpc.aws_subnet.private-subnet",
            "module.vpc.aws_subnet.public-subnet",
            "module.vpc.aws_vpc.vpc"
          ]
        }
      ]
    },
    {
      "module": "module.consul_cluster",
      "mode": "managed",
      "type": "aws_launch_configuration",
      "name": "consul_launch_config",
      "provider": "provider[\"registry.terraform.io/hashicorp/aws\"]",
      "instances": [
        {
          "schema_version": 0,
          "attributes": {
            "arn": "arn:aws:autoscaling:us-east-1:240693037076:launchConfiguration:78200652-a67e-4618-afde-6711323cde2a:launchConfigurationName/terraform-2021010920200076670000000c",
            "associate_public_ip_address": false,
            "ebs_block_device": [],
            "ebs_optimized": false,
            "enable_monitoring": true,
            "ephemeral_block_device": [],
            "iam_instance_profile": "consul-agent",
            "id": "terraform-2021010920200076670000000c",
            "image_id": "ami-0d0032af1da6905c7",
            "instance_type": "t2.micro",
            "key_name": "",
            "metadata_options": [],
            "name": "terraform-2021010920200076670000000c",
            "name_prefix": null,
            "placement_tenancy": null,
            "root_block_device": [],
            "security_groups": [
              "sg-041b8ba4dca52a05e"
            ],
            "spot_price": "",
            "user_data": "f811768ef167048f332bec7a5e43c3352c521eb7",
            "user_data_base64": null,
            "vpc_classic_link_id": "",
            "vpc_classic_link_security_groups": null
          },
          "private": "bnVsbA==",
          "dependencies": [
            "data.aws_ami.ubuntu",
            "module.consul_cluster.aws_iam_instance_profile.consul_agent",
            "module.consul_cluster.aws_iam_role.consul_agent",
            "module.consul_cluster.aws_security_group.consul_sg",
            "module.consul_cluster.data.aws_iam_policy_document.consul_agent",
            "module.vpc.aws_eip.nat",
            "module.vpc.aws_internet_gateway.default",
            "module.vpc.aws_nat_gateway.nat_gateway",
            "module.vpc.aws_route_table.private-route",
            "module.vpc.aws_route_table.public-route",
            "module.vpc.aws_route_table_association.public-association",
            "module.vpc.aws_subnet.private-subnet",
            "module.vpc.aws_subnet.public-subnet",
            "module.vpc.aws_vpc.vpc"
          ]
        }
      ]
    },
    {
      "module": "module.consul_cluster",
      "mode": "managed",
      "type": "aws_security_group",
      "name": "consul_sg",
      "provider": "provider[\"registry.terraform.io/hashicorp/aws\"]",
      "instances": [
        {
          "schema_version": 1,
          "attributes": {
            "arn": "arn:aws:ec2:us-east-1:240693037076:security-group/sg-041b8ba4dca52a05e",
            "description": "Managed by Terraform",
            "egress": [
              {
                "cidr_blocks": [
                  "0.0.0.0/0"
                ],
                "description": "",
                "from_port": 0,
                "ipv6_cidr_blocks": [],
                "prefix_list_ids": [],
                "protocol": "tcp",
                "security_groups": [],
                "self": false,
                "to_port": 65535
              }
            ],
            "id": "sg-041b8ba4dca52a05e",
            "ingress": [
              {
                "cidr_blocks": [
                  "0.0.0.0/0"
                ],
                "description": "",
                "from_port": 22,
                "ipv6_cidr_blocks": [],
                "prefix_list_ids": [],
                "protocol": "tcp",
                "security_groups": [],
                "self": false,
                "to_port": 22
              },
              {
                "cidr_blocks": [
                  "0.0.0.0/0"
                ],
                "description": "",
                "from_port": 443,
                "ipv6_cidr_blocks": [],
                "prefix_list_ids": [],
                "protocol": "tcp",
                "security_groups": [],
                "self": false,
                "to_port": 443
              }
            ],
            "name": "terraform-2021010920195247690000000a",
            "name_prefix": "",
            "owner_id": "240693037076",
            "revoke_rules_on_delete": false,
            "tags": null,
            "timeouts": null,
            "vpc_id": "vpc-02e7123a835db7136"
          },
          "private": "eyJlMmJmYjczMC1lY2FhLTExZTYtOGY4OC0zNDM2M2JjN2M0YzAiOnsiY3JlYXRlIjo2MDAwMDAwMDAwMDAsImRlbGV0ZSI6NjAwMDAwMDAwMDAwfSwic2NoZW1hX3ZlcnNpb24iOiIxIn0=",
          "dependencies": [
            "module.vpc.aws_eip.nat",
            "module.vpc.aws_internet_gateway.default",
            "module.vpc.aws_nat_gateway.nat_gateway",
            "module.vpc.aws_route_table.private-route",
            "module.vpc.aws_route_table.public-route",
            "module.vpc.aws_route_table_association.public-association",
            "module.vpc.aws_subnet.private-subnet",
            "module.vpc.aws_subnet.public-subnet",
            "module.vpc.aws_vpc.vpc"
          ]
        }
      ]
    },
    {
      "module": "module.eks",
      "mode": "data",
      "type": "aws_ami",
      "name": "eks_worker",
      "provider": "provider[\"registry.terraform.io/hashicorp/aws\"]",
      "instances": [
        {
          "schema_version": 0,
          "attributes": {
            "architecture": "x86_64",
            "arn": "arn:aws:ec2:us-east-1::image/ami-0e609024e4dbce4a5",
            "block_device_mappings": [
              {
                "device_name": "/dev/xvda",
                "ebs": {
                  "delete_on_termination": "true",
                  "encrypted": "false",
                  "iops": "0",
                  "snapshot_id": "snap-0bbb3dc5b05099151",
                  "volume_size": "20",
                  "volume_type": "gp2"
                },
                "no_device": "",
                "virtual_name": ""
              }
            ],
            "creation_date": "2020-12-11T03:04:57.000Z",
            "description": "EKS Kubernetes Worker AMI with AmazonLinux2 image, (k8s: 1.18.9, docker: 19.03.6ce-4.amzn2, containerd: 1.4.1-2.amzn2)",
            "executable_users": null,
            "filter": [
              {
                "name": "name",
                "values": [
                  "amazon-eks-node-1.18-v*"
                ]
              }
            ],
            "hypervisor": "xen",
            "id": "ami-0e609024e4dbce4a5",
            "image_id": "ami-0e609024e4dbce4a5",
            "image_location": "amazon/amazon-eks-node-1.18-v20201211",
            "image_owner_alias": "amazon",
            "image_type": "machine",
            "kernel_id": null,
            "most_recent": true,
            "name": "amazon-eks-node-1.18-v20201211",
            "name_regex": null,
            "owner_id": "602401143452",
            "owners": [
              "amazon"
            ],
            "platform": null,
            "product_codes": [],
            "public": true,
            "ramdisk_id": null,
            "root_device_name": "/dev/xvda",
            "root_device_type": "ebs",
            "root_snapshot_id": "snap-0bbb3dc5b05099151",
            "sriov_net_support": "simple",
            "state": "available",
            "state_reason": {
              "code": "UNSET",
              "message": "UNSET"
            },
            "tags": {},
            "virtualization_type": "hvm"
          }
        }
      ]
    },
    {
      "module": "module.eks",
      "mode": "data",
      "type": "aws_ami",
      "name": "eks_worker_windows",
      "provider": "provider[\"registry.terraform.io/hashicorp/aws\"]",
      "instances": [
        {
          "schema_version": 0,
          "attributes": {
            "architecture": "x86_64",
            "arn": "arn:aws:ec2:us-east-1::image/ami-08cc621038883c0ec",
            "block_device_mappings": [
              {
                "device_name": "/dev/sda1",
                "ebs": {
                  "delete_on_termination": "true",
                  "encrypted": "false",
                  "iops": "0",
                  "snapshot_id": "snap-020002264a0ee3378",
                  "volume_size": "50",
                  "volume_type": "gp2"
                },
                "no_device": "",
                "virtual_name": ""
              },
              {
                "device_name": "xvdca",
                "ebs": {},
                "no_device": "",
                "virtual_name": "ephemeral0"
              },
              {
                "device_name": "xvdcb",
                "ebs": {},
                "no_device": "",
                "virtual_name": "ephemeral1"
              },
              {
                "device_name": "xvdcc",
                "ebs": {},
                "no_device": "",
                "virtual_name": "ephemeral2"
              },
              {
                "device_name": "xvdcd",
                "ebs": {},
                "no_device": "",
                "virtual_name": "ephemeral3"
              },
              {
                "device_name": "xvdce",
                "ebs": {},
                "no_device": "",
                "virtual_name": "ephemeral4"
              },
              {
                "device_name": "xvdcf",
                "ebs": {},
                "no_device": "",
                "virtual_name": "ephemeral5"
              },
              {
                "device_name": "xvdcg",
                "ebs": {},
                "no_device": "",
                "virtual_name": "ephemeral6"
              },
              {
                "device_name": "xvdch",
                "ebs": {},
                "no_device": "",
                "virtual_name": "ephemeral7"
              },
              {
                "device_name": "xvdci",
                "ebs": {},
                "no_device": "",
                "virtual_name": "ephemeral8"
              },
              {
                "device_name": "xvdcj",
                "ebs": {},
                "no_device": "",
                "virtual_name": "ephemeral9"
              },
              {
                "device_name": "xvdck",
                "ebs": {},
                "no_device": "",
                "virtual_name": "ephemeral10"
              },
              {
                "device_name": "xvdcl",
                "ebs": {},
                "no_device": "",
                "virtual_name": "ephemeral11"
              },
              {
                "device_name": "xvdcm",
                "ebs": {},
                "no_device": "",
                "virtual_name": "ephemeral12"
              },
              {
                "device_name": "xvdcn",
                "ebs": {},
                "no_device": "",
                "virtual_name": "ephemeral13"
              },
              {
                "device_name": "xvdco",
                "ebs": {},
                "no_device": "",
                "virtual_name": "ephemeral14"
              },
              {
                "device_name": "xvdcp",
                "ebs": {},
                "no_device": "",
                "virtual_name": "ephemeral15"
              },
              {
                "device_name": "xvdcq",
                "ebs": {},
                "no_device": "",
                "virtual_name": "ephemeral16"
              },
              {
                "device_name": "xvdcr",
                "ebs": {},
                "no_device": "",
                "virtual_name": "ephemeral17"
              },
              {
                "device_name": "xvdcs",
                "ebs": {},
                "no_device": "",
                "virtual_name": "ephemeral18"
              },
              {
                "device_name": "xvdct",
                "ebs": {},
                "no_device": "",
                "virtual_name": "ephemeral19"
              },
              {
                "device_name": "xvdcu",
                "ebs": {},
                "no_device": "",
                "virtual_name": "ephemeral20"
              },
              {
                "device_name": "xvdcv",
                "ebs": {},
                "no_device": "",
                "virtual_name": "ephemeral21"
              },
              {
                "device_name": "xvdcw",
                "ebs": {},
                "no_device": "",
                "virtual_name": "ephemeral22"
              },
              {
                "device_name": "xvdcx",
                "ebs": {},
                "no_device": "",
                "virtual_name": "ephemeral23"
              },
              {
                "device_name": "xvdcy",
                "ebs": {},
                "no_device": "",
                "virtual_name": "ephemeral24"
              },
              {
                "device_name": "xvdcz",
                "ebs": {},
                "no_device": "",
                "virtual_name": "ephemeral25"
              }
            ],
            "creation_date": "2020-12-11T22:56:56.000Z",
            "description": "Microsoft Windows Server 2019 Core optimized for EKS and provided by Amazon",
            "executable_users": null,
            "filter": [
              {
                "name": "name",
                "values": [
                  "Windows_Server-2019-English-Core-EKS_Optimized-1.18-*"
                ]
              },
              {
                "name": "platform",
                "values": [
                  "windows"
                ]
              }
            ],
            "hypervisor": "xen",
            "id": "ami-08cc621038883c0ec",
            "image_id": "ami-08cc621038883c0ec",
            "image_location": "amazon/Windows_Server-2019-English-Core-EKS_Optimized-1.18-2020.12.11",
            "image_owner_alias": "amazon",
            "image_type": "machine",
            "kernel_id": null,
            "most_recent": true,
            "name": "Windows_Server-2019-English-Core-EKS_Optimized-1.18-2020.12.11",
            "name_regex": null,
            "owner_id": "801119661308",
            "owners": [
              "amazon"
            ],
            "platform": "windows",
            "product_codes": [],
            "public": true,
            "ramdisk_id": null,
            "root_device_name": "/dev/sda1",
            "root_device_type": "ebs",
            "root_snapshot_id": "snap-020002264a0ee3378",
            "sriov_net_support": "simple",
            "state": "available",
            "state_reason": {
              "code": "UNSET",
              "message": "UNSET"
            },
            "tags": {},
            "virtualization_type": "hvm"
          }
        }
      ]
    },
    {
      "module": "module.eks",
      "mode": "data",
      "type": "aws_caller_identity",
      "name": "current",
      "provider": "provider[\"registry.terraform.io/hashicorp/aws\"]",
      "instances": [
        {
          "schema_version": 0,
          "attributes": {
            "account_id": "240693037076",
            "arn": "arn:aws:iam::240693037076:user/ChagitB",
            "id": "240693037076",
            "user_id": "AIDATQCTMJAKIS2IPMOPK"
          }
        }
      ]
    },
    {
      "module": "module.eks",
      "mode": "data",
      "type": "aws_iam_policy_document",
      "name": "cluster_assume_role_policy",
      "provider": "provider[\"registry.terraform.io/hashicorp/aws\"]",
      "instances": [
        {
          "schema_version": 0,
          "attributes": {
            "id": "2764486067",
            "json": "{\n  \"Version\": \"2012-10-17\",\n  \"Statement\": [\n    {\n      \"Sid\": \"EKSClusterAssumeRole\",\n      \"Effect\": \"Allow\",\n      \"Action\": \"sts:AssumeRole\",\n      \"Principal\": {\n        \"Service\": \"eks.amazonaws.com\"\n      }\n    }\n  ]\n}",
            "override_json": null,
            "policy_id": null,
            "source_json": null,
            "statement": [
              {
                "actions": [
                  "sts:AssumeRole"
                ],
                "condition": [],
                "effect": "Allow",
                "not_actions": [],
                "not_principals": [],
                "not_resources": [],
                "principals": [
                  {
                    "identifiers": [
                      "eks.amazonaws.com"
                    ],
                    "type": "Service"
                  }
                ],
                "resources": [],
                "sid": "EKSClusterAssumeRole"
              }
            ],
            "version": "2012-10-17"
          }
        }
      ]
    },
    {
      "module": "module.eks",
      "mode": "data",
      "type": "aws_iam_policy_document",
      "name": "cluster_elb_sl_role_creation",
      "provider": "provider[\"registry.terraform.io/hashicorp/aws\"]",
      "instances": [
        {
          "index_key": 0,
          "schema_version": 0,
          "attributes": {
            "id": "3407219844",
            "json": "{\n  \"Version\": \"2012-10-17\",\n  \"Statement\": [\n    {\n      \"Sid\": \"\",\n      \"Effect\": \"Allow\",\n      \"Action\": [\n        \"ec2:DescribeInternetGateways\",\n        \"ec2:DescribeAccountAttributes\"\n      ],\n      \"Resource\": \"*\"\n    }\n  ]\n}",
            "override_json": null,
            "policy_id": null,
            "source_json": null,
            "statement": [
              {
                "actions": [
                  "ec2:DescribeAccountAttributes",
                  "ec2:DescribeInternetGateways"
                ],
                "condition": [],
                "effect": "Allow",
                "not_actions": [],
                "not_principals": [],
                "not_resources": [],
                "principals": [],
                "resources": [
                  "*"
                ],
                "sid": ""
              }
            ],
            "version": "2012-10-17"
          }
        }
      ]
    },
    {
      "module": "module.eks",
      "mode": "data",
      "type": "aws_iam_policy_document",
      "name": "workers_assume_role_policy",
      "provider": "provider[\"registry.terraform.io/hashicorp/aws\"]",
      "instances": [
        {
          "schema_version": 0,
          "attributes": {
            "id": "3778018924",
            "json": "{\n  \"Version\": \"2012-10-17\",\n  \"Statement\": [\n    {\n      \"Sid\": \"EKSWorkerAssumeRole\",\n      \"Effect\": \"Allow\",\n      \"Action\": \"sts:AssumeRole\",\n      \"Principal\": {\n        \"Service\": \"ec2.amazonaws.com\"\n      }\n    }\n  ]\n}",
            "override_json": null,
            "policy_id": null,
            "source_json": null,
            "statement": [
              {
                "actions": [
                  "sts:AssumeRole"
                ],
                "condition": [],
                "effect": "Allow",
                "not_actions": [],
                "not_principals": [],
                "not_resources": [],
                "principals": [
                  {
                    "identifiers": [
                      "ec2.amazonaws.com"
                    ],
                    "type": "Service"
                  }
                ],
                "resources": [],
                "sid": "EKSWorkerAssumeRole"
              }
            ],
            "version": "2012-10-17"
          }
        }
      ]
    },
    {
      "module": "module.eks",
      "mode": "data",
      "type": "aws_partition",
      "name": "current",
      "provider": "provider[\"registry.terraform.io/hashicorp/aws\"]",
      "instances": [
        {
          "schema_version": 0,
          "attributes": {
            "dns_suffix": "amazonaws.com",
            "id": "aws",
            "partition": "aws"
          }
        }
      ]
    },
    {
      "module": "module.eks",
      "mode": "data",
      "type": "template_file",
      "name": "userdata",
      "provider": "provider[\"registry.terraform.io/hashicorp/template\"]",
      "instances": [
        {
          "index_key": 0,
          "schema_version": 0,
          "attributes": {
            "filename": null,
            "id": "82b0f0acf937563a174d23f9e3f76e721905c9d55c3635e7eea4da5671142ba5",
            "rendered": "#!/bin/bash -xe\n\n# Allow user supplied pre userdata code\n\n\n# Bootstrap and join the cluster\n/etc/eks/bootstrap.sh --b64-cluster-ca 'LS0tLS1CRUdJTiBDRVJUSUZJQ0FURS0tLS0tCk1JSUN5RENDQWJDZ0F3SUJBZ0lCQURBTkJna3Foa2lHOXcwQkFRc0ZBREFWTVJNd0VRWURWUVFERXdwcmRXSmwKY201bGRHVnpNQjRYRFRJeE1ERXdPVEl3TWpjMU9Gb1hEVE14TURFd056SXdNamMxT0Zvd0ZURVRNQkVHQTFVRQpBeE1LYTNWaVpYSnVaWFJsY3pDQ0FTSXdEUVlKS29aSWh2Y05BUUVCQlFBRGdnRVBBRENDQVFvQ2dnRUJBT2pGCkhESENhcWJBYzVQdmNUWTlUMTNIb3B1UE4vV1ZVMHBDaFlvYXovbmQ2WGUrMzkwQUpVTWhPenRrb3VxVnpnWjQKVjlGSjZjZFlwZWJQR2l6bDM5SVdzZXpkWS84K2VGSnE1WnZCNHN5WWxIWkI0dFBZQS9YWHdIdzA5aDFrZ3lObgprbHBoakw5SXVkWm5pcXRmQisvZ0lRTWRwQmMzR0tiV3QzQmh0NGJEQmh1bEVQbXpaZ1NCT1dIdmh4K2ltWXZBCk5IMkcwbzNKZjI5L3dMSzFDSzZkVWs2bjUrZ3dPWjR0cmpmaGNCUDFRWE5PcEMwY2VSc0ZXb3F3QUFOajJWNTUKbnN3WW1KakVPWjBpR2lPRTk2cFczMTI1VURlZi9WMlRDaU4zV2JRWTI4aGJrNFNFeE1xbDNESjNmV0FybEVSUwpIYU1JSE12bkVaazZXcFdFR0dFQ0F3RUFBYU1qTUNFd0RnWURWUjBQQVFIL0JBUURBZ0trTUE4R0ExVWRFd0VCCi93UUZNQU1CQWY4d0RRWUpLb1pJaHZjTkFRRUxCUUFEZ2dFQkFJUGFhdVI5NmY0ZzZHSlhqY3dBR2t2eDRGMzQKaGFzWDdRZStNaGZ4elAxc3pRYXhQZ0haY3E1ZGtSS0lXNUExMFY1WnZ6RHg5VWl5cXJPcDNFRVpEWXVBb3N3QwpDNlZOaXZRTHFCWFcxa1EzbE9jVzc1R0l3QTVUQ3huWmFMN3ZSelN6RitiU3FMeCtFUzh4T3BLUUtMN1F3NTB6Cnlzcld6dXUwYmptZVZIUXM0bElGVHlrTjFwbjNsQmVSa3VhYWYrZFhCZTQ4djhXNENkMGFveWZYR2pLQllKTFAKUjVFUVpRWkt1aUh6c0kyaXhra1lHaTVYWU5XTVN5cXN2VjlMZGtjd0E3Z1dqSGpSZERwTGJzL25oTS9yZ1JzawpCTUxCeWJYRCtlaEZSTUtzM3BJTjJvekxEaVR3YWNFM1FvS0E4L05vNmd6WHRkdVIzbThISUxRSE43Yz0KLS0tLS1FTkQgQ0VSVElGSUNBVEUtLS0tLQo=' --apiserver-endpoint 'https://B574EA9AF6F9A99D978196EC088F5657.yl4.us-east-1.eks.amazonaws.com'  --kubelet-extra-args \"\" 'opsschool-eks-v5PGGtZM'\n\n# Allow user supplied userdata code\necho foo bar\n",
            "template": "#!/bin/bash -xe\n\n# Allow user supplied pre userdata code\n${pre_userdata}\n\n# Bootstrap and join the cluster\n/etc/eks/bootstrap.sh --b64-cluster-ca '${cluster_auth_base64}' --apiserver-endpoint '${endpoint}' ${bootstrap_extra_args} --kubelet-extra-args \"${kubelet_extra_args}\" '${cluster_name}'\n\n# Allow user supplied userdata code\n${additional_userdata}\n",
            "vars": {
              "additional_userdata": "echo foo bar",
              "bootstrap_extra_args": "",
              "cluster_auth_base64": "LS0tLS1CRUdJTiBDRVJUSUZJQ0FURS0tLS0tCk1JSUN5RENDQWJDZ0F3SUJBZ0lCQURBTkJna3Foa2lHOXcwQkFRc0ZBREFWTVJNd0VRWURWUVFERXdwcmRXSmwKY201bGRHVnpNQjRYRFRJeE1ERXdPVEl3TWpjMU9Gb1hEVE14TURFd056SXdNamMxT0Zvd0ZURVRNQkVHQTFVRQpBeE1LYTNWaVpYSnVaWFJsY3pDQ0FTSXdEUVlKS29aSWh2Y05BUUVCQlFBRGdnRVBBRENDQVFvQ2dnRUJBT2pGCkhESENhcWJBYzVQdmNUWTlUMTNIb3B1UE4vV1ZVMHBDaFlvYXovbmQ2WGUrMzkwQUpVTWhPenRrb3VxVnpnWjQKVjlGSjZjZFlwZWJQR2l6bDM5SVdzZXpkWS84K2VGSnE1WnZCNHN5WWxIWkI0dFBZQS9YWHdIdzA5aDFrZ3lObgprbHBoakw5SXVkWm5pcXRmQisvZ0lRTWRwQmMzR0tiV3QzQmh0NGJEQmh1bEVQbXpaZ1NCT1dIdmh4K2ltWXZBCk5IMkcwbzNKZjI5L3dMSzFDSzZkVWs2bjUrZ3dPWjR0cmpmaGNCUDFRWE5PcEMwY2VSc0ZXb3F3QUFOajJWNTUKbnN3WW1KakVPWjBpR2lPRTk2cFczMTI1VURlZi9WMlRDaU4zV2JRWTI4aGJrNFNFeE1xbDNESjNmV0FybEVSUwpIYU1JSE12bkVaazZXcFdFR0dFQ0F3RUFBYU1qTUNFd0RnWURWUjBQQVFIL0JBUURBZ0trTUE4R0ExVWRFd0VCCi93UUZNQU1CQWY4d0RRWUpLb1pJaHZjTkFRRUxCUUFEZ2dFQkFJUGFhdVI5NmY0ZzZHSlhqY3dBR2t2eDRGMzQKaGFzWDdRZStNaGZ4elAxc3pRYXhQZ0haY3E1ZGtSS0lXNUExMFY1WnZ6RHg5VWl5cXJPcDNFRVpEWXVBb3N3QwpDNlZOaXZRTHFCWFcxa1EzbE9jVzc1R0l3QTVUQ3huWmFMN3ZSelN6RitiU3FMeCtFUzh4T3BLUUtMN1F3NTB6Cnlzcld6dXUwYmptZVZIUXM0bElGVHlrTjFwbjNsQmVSa3VhYWYrZFhCZTQ4djhXNENkMGFveWZYR2pLQllKTFAKUjVFUVpRWkt1aUh6c0kyaXhra1lHaTVYWU5XTVN5cXN2VjlMZGtjd0E3Z1dqSGpSZERwTGJzL25oTS9yZ1JzawpCTUxCeWJYRCtlaEZSTUtzM3BJTjJvekxEaVR3YWNFM1FvS0E4L05vNmd6WHRkdVIzbThISUxRSE43Yz0KLS0tLS1FTkQgQ0VSVElGSUNBVEUtLS0tLQo=",
              "cluster_name": "opsschool-eks-v5PGGtZM",
              "endpoint": "https://B574EA9AF6F9A99D978196EC088F5657.yl4.us-east-1.eks.amazonaws.com",
              "kubelet_extra_args": "",
              "platform": "linux",
              "pre_userdata": ""
            }
          }
        },
        {
          "index_key": 1,
          "schema_version": 0,
          "attributes": {
            "filename": null,
            "id": "82b0f0acf937563a174d23f9e3f76e721905c9d55c3635e7eea4da5671142ba5",
            "rendered": "#!/bin/bash -xe\n\n# Allow user supplied pre userdata code\n\n\n# Bootstrap and join the cluster\n/etc/eks/bootstrap.sh --b64-cluster-ca 'LS0tLS1CRUdJTiBDRVJUSUZJQ0FURS0tLS0tCk1JSUN5RENDQWJDZ0F3SUJBZ0lCQURBTkJna3Foa2lHOXcwQkFRc0ZBREFWTVJNd0VRWURWUVFERXdwcmRXSmwKY201bGRHVnpNQjRYRFRJeE1ERXdPVEl3TWpjMU9Gb1hEVE14TURFd056SXdNamMxT0Zvd0ZURVRNQkVHQTFVRQpBeE1LYTNWaVpYSnVaWFJsY3pDQ0FTSXdEUVlKS29aSWh2Y05BUUVCQlFBRGdnRVBBRENDQVFvQ2dnRUJBT2pGCkhESENhcWJBYzVQdmNUWTlUMTNIb3B1UE4vV1ZVMHBDaFlvYXovbmQ2WGUrMzkwQUpVTWhPenRrb3VxVnpnWjQKVjlGSjZjZFlwZWJQR2l6bDM5SVdzZXpkWS84K2VGSnE1WnZCNHN5WWxIWkI0dFBZQS9YWHdIdzA5aDFrZ3lObgprbHBoakw5SXVkWm5pcXRmQisvZ0lRTWRwQmMzR0tiV3QzQmh0NGJEQmh1bEVQbXpaZ1NCT1dIdmh4K2ltWXZBCk5IMkcwbzNKZjI5L3dMSzFDSzZkVWs2bjUrZ3dPWjR0cmpmaGNCUDFRWE5PcEMwY2VSc0ZXb3F3QUFOajJWNTUKbnN3WW1KakVPWjBpR2lPRTk2cFczMTI1VURlZi9WMlRDaU4zV2JRWTI4aGJrNFNFeE1xbDNESjNmV0FybEVSUwpIYU1JSE12bkVaazZXcFdFR0dFQ0F3RUFBYU1qTUNFd0RnWURWUjBQQVFIL0JBUURBZ0trTUE4R0ExVWRFd0VCCi93UUZNQU1CQWY4d0RRWUpLb1pJaHZjTkFRRUxCUUFEZ2dFQkFJUGFhdVI5NmY0ZzZHSlhqY3dBR2t2eDRGMzQKaGFzWDdRZStNaGZ4elAxc3pRYXhQZ0haY3E1ZGtSS0lXNUExMFY1WnZ6RHg5VWl5cXJPcDNFRVpEWXVBb3N3QwpDNlZOaXZRTHFCWFcxa1EzbE9jVzc1R0l3QTVUQ3huWmFMN3ZSelN6RitiU3FMeCtFUzh4T3BLUUtMN1F3NTB6Cnlzcld6dXUwYmptZVZIUXM0bElGVHlrTjFwbjNsQmVSa3VhYWYrZFhCZTQ4djhXNENkMGFveWZYR2pLQllKTFAKUjVFUVpRWkt1aUh6c0kyaXhra1lHaTVYWU5XTVN5cXN2VjlMZGtjd0E3Z1dqSGpSZERwTGJzL25oTS9yZ1JzawpCTUxCeWJYRCtlaEZSTUtzM3BJTjJvekxEaVR3YWNFM1FvS0E4L05vNmd6WHRkdVIzbThISUxRSE43Yz0KLS0tLS1FTkQgQ0VSVElGSUNBVEUtLS0tLQo=' --apiserver-endpoint 'https://B574EA9AF6F9A99D978196EC088F5657.yl4.us-east-1.eks.amazonaws.com'  --kubelet-extra-args \"\" 'opsschool-eks-v5PGGtZM'\n\n# Allow user supplied userdata code\necho foo bar\n",
            "template": "#!/bin/bash -xe\n\n# Allow user supplied pre userdata code\n${pre_userdata}\n\n# Bootstrap and join the cluster\n/etc/eks/bootstrap.sh --b64-cluster-ca '${cluster_auth_base64}' --apiserver-endpoint '${endpoint}' ${bootstrap_extra_args} --kubelet-extra-args \"${kubelet_extra_args}\" '${cluster_name}'\n\n# Allow user supplied userdata code\n${additional_userdata}\n",
            "vars": {
              "additional_userdata": "echo foo bar",
              "bootstrap_extra_args": "",
              "cluster_auth_base64": "LS0tLS1CRUdJTiBDRVJUSUZJQ0FURS0tLS0tCk1JSUN5RENDQWJDZ0F3SUJBZ0lCQURBTkJna3Foa2lHOXcwQkFRc0ZBREFWTVJNd0VRWURWUVFERXdwcmRXSmwKY201bGRHVnpNQjRYRFRJeE1ERXdPVEl3TWpjMU9Gb1hEVE14TURFd056SXdNamMxT0Zvd0ZURVRNQkVHQTFVRQpBeE1LYTNWaVpYSnVaWFJsY3pDQ0FTSXdEUVlKS29aSWh2Y05BUUVCQlFBRGdnRVBBRENDQVFvQ2dnRUJBT2pGCkhESENhcWJBYzVQdmNUWTlUMTNIb3B1UE4vV1ZVMHBDaFlvYXovbmQ2WGUrMzkwQUpVTWhPenRrb3VxVnpnWjQKVjlGSjZjZFlwZWJQR2l6bDM5SVdzZXpkWS84K2VGSnE1WnZCNHN5WWxIWkI0dFBZQS9YWHdIdzA5aDFrZ3lObgprbHBoakw5SXVkWm5pcXRmQisvZ0lRTWRwQmMzR0tiV3QzQmh0NGJEQmh1bEVQbXpaZ1NCT1dIdmh4K2ltWXZBCk5IMkcwbzNKZjI5L3dMSzFDSzZkVWs2bjUrZ3dPWjR0cmpmaGNCUDFRWE5PcEMwY2VSc0ZXb3F3QUFOajJWNTUKbnN3WW1KakVPWjBpR2lPRTk2cFczMTI1VURlZi9WMlRDaU4zV2JRWTI4aGJrNFNFeE1xbDNESjNmV0FybEVSUwpIYU1JSE12bkVaazZXcFdFR0dFQ0F3RUFBYU1qTUNFd0RnWURWUjBQQVFIL0JBUURBZ0trTUE4R0ExVWRFd0VCCi93UUZNQU1CQWY4d0RRWUpLb1pJaHZjTkFRRUxCUUFEZ2dFQkFJUGFhdVI5NmY0ZzZHSlhqY3dBR2t2eDRGMzQKaGFzWDdRZStNaGZ4elAxc3pRYXhQZ0haY3E1ZGtSS0lXNUExMFY1WnZ6RHg5VWl5cXJPcDNFRVpEWXVBb3N3QwpDNlZOaXZRTHFCWFcxa1EzbE9jVzc1R0l3QTVUQ3huWmFMN3ZSelN6RitiU3FMeCtFUzh4T3BLUUtMN1F3NTB6Cnlzcld6dXUwYmptZVZIUXM0bElGVHlrTjFwbjNsQmVSa3VhYWYrZFhCZTQ4djhXNENkMGFveWZYR2pLQllKTFAKUjVFUVpRWkt1aUh6c0kyaXhra1lHaTVYWU5XTVN5cXN2VjlMZGtjd0E3Z1dqSGpSZERwTGJzL25oTS9yZ1JzawpCTUxCeWJYRCtlaEZSTUtzM3BJTjJvekxEaVR3YWNFM1FvS0E4L05vNmd6WHRkdVIzbThISUxRSE43Yz0KLS0tLS1FTkQgQ0VSVElGSUNBVEUtLS0tLQo=",
              "cluster_name": "opsschool-eks-v5PGGtZM",
              "endpoint": "https://B574EA9AF6F9A99D978196EC088F5657.yl4.us-east-1.eks.amazonaws.com",
              "kubelet_extra_args": "",
              "platform": "linux",
              "pre_userdata": ""
            }
          }
        }
      ]
    },
    {
      "module": "module.eks",
      "mode": "managed",
      "type": "aws_autoscaling_group",
      "name": "workers",
      "provider": "provider[\"registry.terraform.io/hashicorp/aws\"]",
      "instances": [
        {
          "index_key": 0,
          "schema_version": 0,
          "attributes": {
            "arn": "arn:aws:autoscaling:us-east-1:240693037076:autoScalingGroup:4fe76d65-cd58-4b9a-abae-31dfab8be049:autoScalingGroupName/opsschool-eks-v5PGGtZM-worker-group-120210109203222869000000016",
            "availability_zones": [
              "us-east-1a",
              "us-east-1b"
            ],
            "capacity_rebalance": false,
            "default_cooldown": 300,
            "desired_capacity": 2,
            "enabled_metrics": null,
            "force_delete": false,
            "health_check_grace_period": 300,
            "health_check_type": "EC2",
            "id": "opsschool-eks-v5PGGtZM-worker-group-120210109203222869000000016",
            "initial_lifecycle_hook": [],
            "instance_refresh": [],
            "launch_configuration": "opsschool-eks-v5PGGtZM-worker-group-120210109203216047100000014",
            "launch_template": [],
            "load_balancers": null,
            "max_instance_lifetime": 0,
            "max_size": 3,
            "metrics_granularity": "1Minute",
            "min_elb_capacity": null,
            "min_size": 1,
            "mixed_instances_policy": [],
            "name": "opsschool-eks-v5PGGtZM-worker-group-120210109203222869000000016",
            "name_prefix": "opsschool-eks-v5PGGtZM-worker-group-1",
            "placement_group": "",
            "protect_from_scale_in": false,
            "service_linked_role_arn": "arn:aws:iam::240693037076:role/aws-service-role/autoscaling.amazonaws.com/AWSServiceRoleForAutoScaling",
            "suspended_processes": [
              "AZRebalance"
            ],
            "tag": [
              {
                "key": "Environment",
                "propagate_at_launch": true,
                "value": "training"
              },
              {
                "key": "GithubOrg",
                "propagate_at_launch": true,
                "value": "terraform-aws-modules"
              },
              {
                "key": "GithubRepo",
                "propagate_at_launch": true,
                "value": "terraform-aws-eks"
              },
              {
                "key": "Name",
                "propagate_at_launch": true,
                "value": "opsschool-eks-v5PGGtZM-worker-group-1-eks_asg"
              },
              {
                "key": "k8s.io/cluster/opsschool-eks-v5PGGtZM",
                "propagate_at_launch": true,
                "value": "owned"
              },
              {
                "key": "kubernetes.io/cluster/opsschool-eks-v5PGGtZM",
                "propagate_at_launch": true,
                "value": "owned"
              }
            ],
            "tags": null,
            "target_group_arns": null,
            "termination_policies": [],
            "timeouts": null,
            "vpc_zone_identifier": [
              "subnet-008ac4dbaa826d629",
              "subnet-09695f1012872c5a0"
            ],
            "wait_for_capacity_timeout": "10m",
            "wait_for_elb_capacity": null
          },
          "private": "eyJlMmJmYjczMC1lY2FhLTExZTYtOGY4OC0zNDM2M2JjN2M0YzAiOnsiZGVsZXRlIjo2MDAwMDAwMDAwMDB9fQ==",
          "dependencies": [
            "aws_security_group.all_worker_mgmt",
            "module.eks.aws_cloudwatch_log_group.this",
            "module.eks.aws_eks_cluster.this",
            "module.eks.aws_iam_instance_profile.workers",
            "module.eks.aws_iam_role.cluster",
            "module.eks.aws_iam_role.workers",
            "module.eks.aws_iam_role_policy_attachment.cluster_AmazonEKSClusterPolicy",
            "module.eks.aws_iam_role_policy_attachment.cluster_AmazonEKSServicePolicy",
            "module.eks.aws_iam_role_policy_attachment.cluster_AmazonEKSVPCResourceControllerPolicy",
            "module.eks.aws_iam_role_policy_attachment.workers_AmazonEC2ContainerRegistryReadOnly",
            "module.eks.aws_iam_role_policy_attachment.workers_AmazonEKSWorkerNodePolicy",
            "module.eks.aws_iam_role_policy_attachment.workers_AmazonEKS_CNI_Policy",
            "module.eks.aws_iam_role_policy_attachment.workers_additional_policies",
            "module.eks.aws_launch_configuration.workers",
            "module.eks.aws_security_group.cluster",
            "module.eks.aws_security_group.workers",
            "module.eks.aws_security_group_rule.cluster_egress_internet",
            "module.eks.aws_security_group_rule.cluster_https_worker_ingress",
            "module.eks.aws_security_group_rule.cluster_primary_ingress_workers",
            "module.eks.aws_security_group_rule.workers_egress_internet",
            "module.eks.aws_security_group_rule.workers_ingress_cluster",
            "module.eks.aws_security_group_rule.workers_ingress_cluster_https",
            "module.eks.aws_security_group_rule.workers_ingress_cluster_kubelet",
            "module.eks.aws_security_group_rule.workers_ingress_cluster_primary",
            "module.eks.aws_security_group_rule.workers_ingress_self",
            "module.eks.data.aws_ami.eks_worker",
            "module.eks.data.aws_ami.eks_worker_windows",
            "module.eks.data.aws_iam_instance_profile.custom_worker_group_iam_instance_profile",
            "module.eks.data.aws_iam_policy_document.cluster_assume_role_policy",
            "module.eks.data.aws_iam_policy_document.workers_assume_role_policy",
            "module.eks.data.aws_iam_role.custom_cluster_iam_role",
            "module.eks.data.aws_partition.current",
            "module.eks.data.template_file.userdata",
            "module.eks.random_pet.workers",
            "module.vpc.aws_subnet.private-subnet",
            "module.vpc.aws_vpc.vpc",
            "random_string.suffix"
          ],
          "create_before_destroy": true
        },
        {
          "index_key": 1,
          "schema_version": 0,
          "attributes": {
            "arn": "arn:aws:autoscaling:us-east-1:240693037076:autoScalingGroup:894e8fdf-af52-4cf1-8653-454fd568f103:autoScalingGroupName/opsschool-eks-v5PGGtZM-worker-group-220210109203222869800000017",
            "availability_zones": [
              "us-east-1a",
              "us-east-1b"
            ],
            "capacity_rebalance": false,
            "default_cooldown": 300,
            "desired_capacity": 2,
            "enabled_metrics": null,
            "force_delete": false,
            "health_check_grace_period": 300,
            "health_check_type": "EC2",
            "id": "opsschool-eks-v5PGGtZM-worker-group-220210109203222869800000017",
            "initial_lifecycle_hook": [],
            "instance_refresh": [],
            "launch_configuration": "opsschool-eks-v5PGGtZM-worker-group-220210109203216101900000015",
            "launch_template": [],
            "load_balancers": null,
            "max_instance_lifetime": 0,
            "max_size": 3,
            "metrics_granularity": "1Minute",
            "min_elb_capacity": null,
            "min_size": 1,
            "mixed_instances_policy": [],
            "name": "opsschool-eks-v5PGGtZM-worker-group-220210109203222869800000017",
            "name_prefix": "opsschool-eks-v5PGGtZM-worker-group-2",
            "placement_group": "",
            "protect_from_scale_in": false,
            "service_linked_role_arn": "arn:aws:iam::240693037076:role/aws-service-role/autoscaling.amazonaws.com/AWSServiceRoleForAutoScaling",
            "suspended_processes": [
              "AZRebalance"
            ],
            "tag": [
              {
                "key": "Environment",
                "propagate_at_launch": true,
                "value": "training"
              },
              {
                "key": "GithubOrg",
                "propagate_at_launch": true,
                "value": "terraform-aws-modules"
              },
              {
                "key": "GithubRepo",
                "propagate_at_launch": true,
                "value": "terraform-aws-eks"
              },
              {
                "key": "Name",
                "propagate_at_launch": true,
                "value": "opsschool-eks-v5PGGtZM-worker-group-2-eks_asg"
              },
              {
                "key": "k8s.io/cluster/opsschool-eks-v5PGGtZM",
                "propagate_at_launch": true,
                "value": "owned"
              },
              {
                "key": "kubernetes.io/cluster/opsschool-eks-v5PGGtZM",
                "propagate_at_launch": true,
                "value": "owned"
              }
            ],
            "tags": null,
            "target_group_arns": null,
            "termination_policies": [],
            "timeouts": null,
            "vpc_zone_identifier": [
              "subnet-008ac4dbaa826d629",
              "subnet-09695f1012872c5a0"
            ],
            "wait_for_capacity_timeout": "10m",
            "wait_for_elb_capacity": null
          },
          "private": "eyJlMmJmYjczMC1lY2FhLTExZTYtOGY4OC0zNDM2M2JjN2M0YzAiOnsiZGVsZXRlIjo2MDAwMDAwMDAwMDB9fQ==",
          "dependencies": [
            "aws_security_group.all_worker_mgmt",
            "module.eks.aws_cloudwatch_log_group.this",
            "module.eks.aws_eks_cluster.this",
            "module.eks.aws_iam_instance_profile.workers",
            "module.eks.aws_iam_role.cluster",
            "module.eks.aws_iam_role.workers",
            "module.eks.aws_iam_role_policy_attachment.cluster_AmazonEKSClusterPolicy",
            "module.eks.aws_iam_role_policy_attachment.cluster_AmazonEKSServicePolicy",
            "module.eks.aws_iam_role_policy_attachment.cluster_AmazonEKSVPCResourceControllerPolicy",
            "module.eks.aws_iam_role_policy_attachment.workers_AmazonEC2ContainerRegistryReadOnly",
            "module.eks.aws_iam_role_policy_attachment.workers_AmazonEKSWorkerNodePolicy",
            "module.eks.aws_iam_role_policy_attachment.workers_AmazonEKS_CNI_Policy",
            "module.eks.aws_iam_role_policy_attachment.workers_additional_policies",
            "module.eks.aws_launch_configuration.workers",
            "module.eks.aws_security_group.cluster",
            "module.eks.aws_security_group.workers",
            "module.eks.aws_security_group_rule.cluster_egress_internet",
            "module.eks.aws_security_group_rule.cluster_https_worker_ingress",
            "module.eks.aws_security_group_rule.cluster_primary_ingress_workers",
            "module.eks.aws_security_group_rule.workers_egress_internet",
            "module.eks.aws_security_group_rule.workers_ingress_cluster",
            "module.eks.aws_security_group_rule.workers_ingress_cluster_https",
            "module.eks.aws_security_group_rule.workers_ingress_cluster_kubelet",
            "module.eks.aws_security_group_rule.workers_ingress_cluster_primary",
            "module.eks.aws_security_group_rule.workers_ingress_self",
            "module.eks.data.aws_ami.eks_worker",
            "module.eks.data.aws_ami.eks_worker_windows",
            "module.eks.data.aws_iam_instance_profile.custom_worker_group_iam_instance_profile",
            "module.eks.data.aws_iam_policy_document.cluster_assume_role_policy",
            "module.eks.data.aws_iam_policy_document.workers_assume_role_policy",
            "module.eks.data.aws_iam_role.custom_cluster_iam_role",
            "module.eks.data.aws_partition.current",
            "module.eks.data.template_file.userdata",
            "module.eks.random_pet.workers",
            "module.vpc.aws_subnet.private-subnet",
            "module.vpc.aws_vpc.vpc",
            "random_string.suffix"
          ],
          "create_before_destroy": true
        }
      ]
    },
    {
      "module": "module.eks",
      "mode": "managed",
      "type": "aws_eks_cluster",
      "name": "this",
      "provider": "provider[\"registry.terraform.io/hashicorp/aws\"]",
      "instances": [
        {
          "index_key": 0,
          "schema_version": 0,
          "attributes": {
            "arn": "arn:aws:eks:us-east-1:240693037076:cluster/opsschool-eks-v5PGGtZM",
            "certificate_authority": [
              {
                "data": "LS0tLS1CRUdJTiBDRVJUSUZJQ0FURS0tLS0tCk1JSUN5RENDQWJDZ0F3SUJBZ0lCQURBTkJna3Foa2lHOXcwQkFRc0ZBREFWTVJNd0VRWURWUVFERXdwcmRXSmwKY201bGRHVnpNQjRYRFRJeE1ERXdPVEl3TWpjMU9Gb1hEVE14TURFd056SXdNamMxT0Zvd0ZURVRNQkVHQTFVRQpBeE1LYTNWaVpYSnVaWFJsY3pDQ0FTSXdEUVlKS29aSWh2Y05BUUVCQlFBRGdnRVBBRENDQVFvQ2dnRUJBT2pGCkhESENhcWJBYzVQdmNUWTlUMTNIb3B1UE4vV1ZVMHBDaFlvYXovbmQ2WGUrMzkwQUpVTWhPenRrb3VxVnpnWjQKVjlGSjZjZFlwZWJQR2l6bDM5SVdzZXpkWS84K2VGSnE1WnZCNHN5WWxIWkI0dFBZQS9YWHdIdzA5aDFrZ3lObgprbHBoakw5SXVkWm5pcXRmQisvZ0lRTWRwQmMzR0tiV3QzQmh0NGJEQmh1bEVQbXpaZ1NCT1dIdmh4K2ltWXZBCk5IMkcwbzNKZjI5L3dMSzFDSzZkVWs2bjUrZ3dPWjR0cmpmaGNCUDFRWE5PcEMwY2VSc0ZXb3F3QUFOajJWNTUKbnN3WW1KakVPWjBpR2lPRTk2cFczMTI1VURlZi9WMlRDaU4zV2JRWTI4aGJrNFNFeE1xbDNESjNmV0FybEVSUwpIYU1JSE12bkVaazZXcFdFR0dFQ0F3RUFBYU1qTUNFd0RnWURWUjBQQVFIL0JBUURBZ0trTUE4R0ExVWRFd0VCCi93UUZNQU1CQWY4d0RRWUpLb1pJaHZjTkFRRUxCUUFEZ2dFQkFJUGFhdVI5NmY0ZzZHSlhqY3dBR2t2eDRGMzQKaGFzWDdRZStNaGZ4elAxc3pRYXhQZ0haY3E1ZGtSS0lXNUExMFY1WnZ6RHg5VWl5cXJPcDNFRVpEWXVBb3N3QwpDNlZOaXZRTHFCWFcxa1EzbE9jVzc1R0l3QTVUQ3huWmFMN3ZSelN6RitiU3FMeCtFUzh4T3BLUUtMN1F3NTB6Cnlzcld6dXUwYmptZVZIUXM0bElGVHlrTjFwbjNsQmVSa3VhYWYrZFhCZTQ4djhXNENkMGFveWZYR2pLQllKTFAKUjVFUVpRWkt1aUh6c0kyaXhra1lHaTVYWU5XTVN5cXN2VjlMZGtjd0E3Z1dqSGpSZERwTGJzL25oTS9yZ1JzawpCTUxCeWJYRCtlaEZSTUtzM3BJTjJvekxEaVR3YWNFM1FvS0E4L05vNmd6WHRkdVIzbThISUxRSE43Yz0KLS0tLS1FTkQgQ0VSVElGSUNBVEUtLS0tLQo="
              }
            ],
            "created_at": "2021-01-09 20:18:24.859 +0000 UTC",
            "enabled_cluster_log_types": null,
            "encryption_config": [],
            "endpoint": "https://B574EA9AF6F9A99D978196EC088F5657.yl4.us-east-1.eks.amazonaws.com",
            "id": "opsschool-eks-v5PGGtZM",
            "identity": [
              {
                "oidc": [
                  {
                    "issuer": "https://oidc.eks.us-east-1.amazonaws.com/id/B574EA9AF6F9A99D978196EC088F5657"
                  }
                ]
              }
            ],
            "kubernetes_network_config": [
              {
                "service_ipv4_cidr": "172.20.0.0/16"
              }
            ],
            "name": "opsschool-eks-v5PGGtZM",
            "platform_version": "eks.3",
            "role_arn": "arn:aws:iam::240693037076:role/opsschool-eks-v5PGGtZM20210109201754411600000002",
            "status": "ACTIVE",
            "tags": {
              "Environment": "training",
              "GithubOrg": "terraform-aws-modules",
              "GithubRepo": "terraform-aws-eks"
            },
            "timeouts": {
              "create": "30m",
              "delete": "15m",
              "update": null
            },
            "version": "1.18",
            "vpc_config": [
              {
                "cluster_security_group_id": "sg-069cf627bf40dd986",
                "endpoint_private_access": false,
                "endpoint_public_access": true,
                "public_access_cidrs": [
                  "0.0.0.0/0"
                ],
                "security_group_ids": [
                  "sg-091863244c68e9782"
                ],
                "subnet_ids": [
                  "subnet-008ac4dbaa826d629",
                  "subnet-09695f1012872c5a0"
                ],
                "vpc_id": "vpc-02e7123a835db7136"
              }
            ]
          },
          "private": "eyJlMmJmYjczMC1lY2FhLTExZTYtOGY4OC0zNDM2M2JjN2M0YzAiOnsiY3JlYXRlIjoxODAwMDAwMDAwMDAwLCJkZWxldGUiOjkwMDAwMDAwMDAwMCwidXBkYXRlIjozNjAwMDAwMDAwMDAwfX0=",
          "dependencies": [
            "module.eks.aws_cloudwatch_log_group.this",
            "module.eks.aws_iam_role.cluster",
            "module.eks.aws_iam_role_policy_attachment.cluster_AmazonEKSClusterPolicy",
            "module.eks.aws_iam_role_policy_attachment.cluster_AmazonEKSServicePolicy",
            "module.eks.aws_iam_role_policy_attachment.cluster_AmazonEKSVPCResourceControllerPolicy",
            "module.eks.aws_security_group.cluster",
            "module.eks.aws_security_group.workers",
            "module.eks.aws_security_group_rule.cluster_egress_internet",
            "module.eks.aws_security_group_rule.cluster_https_worker_ingress",
            "module.eks.data.aws_iam_policy_document.cluster_assume_role_policy",
            "module.eks.data.aws_iam_role.custom_cluster_iam_role",
            "module.eks.data.aws_partition.current",
            "module.vpc.aws_subnet.private-subnet",
            "module.vpc.aws_vpc.vpc",
            "random_string.suffix"
          ],
          "create_before_destroy": true
        }
      ]
    },
    {
      "module": "module.eks",
      "mode": "managed",
      "type": "aws_iam_instance_profile",
      "name": "workers",
      "provider": "provider[\"registry.terraform.io/hashicorp/aws\"]",
      "instances": [
        {
          "index_key": 0,
          "schema_version": 0,
          "attributes": {
            "arn": "arn:aws:iam::240693037076:instance-profile/opsschool-eks-v5PGGtZM2021010920321146010000000e",
            "create_date": "2021-01-09T20:32:12Z",
            "id": "opsschool-eks-v5PGGtZM2021010920321146010000000e",
            "name": "opsschool-eks-v5PGGtZM2021010920321146010000000e",
            "name_prefix": "opsschool-eks-v5PGGtZM",
            "path": "/",
            "role": "opsschool-eks-v5PGGtZM2021010920320909060000000d",
            "unique_id": "AIPATQCTMJAKAL3IMG7JL"
          },
          "private": "bnVsbA==",
          "dependencies": [
            "aws_security_group.all_worker_mgmt",
            "module.eks.aws_cloudwatch_log_group.this",
            "module.eks.aws_eks_cluster.this",
            "module.eks.aws_iam_role.cluster",
            "module.eks.aws_iam_role.workers",
            "module.eks.aws_iam_role_policy_attachment.cluster_AmazonEKSClusterPolicy",
            "module.eks.aws_iam_role_policy_attachment.cluster_AmazonEKSServicePolicy",
            "module.eks.aws_iam_role_policy_attachment.cluster_AmazonEKSVPCResourceControllerPolicy",
            "module.eks.aws_security_group.cluster",
            "module.eks.aws_security_group.workers",
            "module.eks.aws_security_group_rule.cluster_egress_internet",
            "module.eks.aws_security_group_rule.cluster_https_worker_ingress",
            "module.eks.data.aws_iam_policy_document.cluster_assume_role_policy",
            "module.eks.data.aws_iam_policy_document.workers_assume_role_policy",
            "module.eks.data.aws_iam_role.custom_cluster_iam_role",
            "module.eks.data.aws_partition.current",
            "module.vpc.aws_subnet.private-subnet",
            "module.vpc.aws_vpc.vpc",
            "random_string.suffix"
          ],
          "create_before_destroy": true
        },
        {
          "index_key": 1,
          "schema_version": 0,
          "attributes": {
            "arn": "arn:aws:iam::240693037076:instance-profile/opsschool-eks-v5PGGtZM2021010920321146150000000f",
            "create_date": "2021-01-09T20:32:12Z",
            "id": "opsschool-eks-v5PGGtZM2021010920321146150000000f",
            "name": "opsschool-eks-v5PGGtZM2021010920321146150000000f",
            "name_prefix": "opsschool-eks-v5PGGtZM",
            "path": "/",
            "role": "opsschool-eks-v5PGGtZM2021010920320909060000000d",
            "unique_id": "AIPATQCTMJAKFRIIHIVT5"
          },
          "private": "bnVsbA==",
          "dependencies": [
            "aws_security_group.all_worker_mgmt",
            "module.eks.aws_cloudwatch_log_group.this",
            "module.eks.aws_eks_cluster.this",
            "module.eks.aws_iam_role.cluster",
            "module.eks.aws_iam_role.workers",
            "module.eks.aws_iam_role_policy_attachment.cluster_AmazonEKSClusterPolicy",
            "module.eks.aws_iam_role_policy_attachment.cluster_AmazonEKSServicePolicy",
            "module.eks.aws_iam_role_policy_attachment.cluster_AmazonEKSVPCResourceControllerPolicy",
            "module.eks.aws_security_group.cluster",
            "module.eks.aws_security_group.workers",
            "module.eks.aws_security_group_rule.cluster_egress_internet",
            "module.eks.aws_security_group_rule.cluster_https_worker_ingress",
            "module.eks.data.aws_iam_policy_document.cluster_assume_role_policy",
            "module.eks.data.aws_iam_policy_document.workers_assume_role_policy",
            "module.eks.data.aws_iam_role.custom_cluster_iam_role",
            "module.eks.data.aws_partition.current",
            "module.vpc.aws_subnet.private-subnet",
            "module.vpc.aws_vpc.vpc",
            "random_string.suffix"
          ],
          "create_before_destroy": true
        }
      ]
    },
    {
      "module": "module.eks",
      "mode": "managed",
      "type": "aws_iam_openid_connect_provider",
      "name": "oidc_provider",
      "provider": "provider[\"registry.terraform.io/hashicorp/aws\"]",
      "instances": [
        {
          "index_key": 0,
          "schema_version": 0,
          "attributes": {
            "arn": "arn:aws:iam::240693037076:oidc-provider/oidc.eks.us-east-1.amazonaws.com/id/B574EA9AF6F9A99D978196EC088F5657",
            "client_id_list": [
              "sts.amazonaws.com"
            ],
            "id": "arn:aws:iam::240693037076:oidc-provider/oidc.eks.us-east-1.amazonaws.com/id/B574EA9AF6F9A99D978196EC088F5657",
            "thumbprint_list": [
              "9e99a48a9960b14926bb7f3b02e22da2b0ab7280"
            ],
            "url": "oidc.eks.us-east-1.amazonaws.com/id/B574EA9AF6F9A99D978196EC088F5657"
          },
          "private": "bnVsbA==",
          "dependencies": [
            "module.eks.aws_cloudwatch_log_group.this",
            "module.eks.aws_eks_cluster.this",
            "module.eks.aws_iam_role.cluster",
            "module.eks.aws_iam_role_policy_attachment.cluster_AmazonEKSClusterPolicy",
            "module.eks.aws_iam_role_policy_attachment.cluster_AmazonEKSServicePolicy",
            "module.eks.aws_iam_role_policy_attachment.cluster_AmazonEKSVPCResourceControllerPolicy",
            "module.eks.aws_security_group.cluster",
            "module.eks.aws_security_group.workers",
            "module.eks.aws_security_group_rule.cluster_egress_internet",
            "module.eks.aws_security_group_rule.cluster_https_worker_ingress",
            "module.eks.data.aws_iam_policy_document.cluster_assume_role_policy",
            "module.eks.data.aws_iam_role.custom_cluster_iam_role",
            "module.eks.data.aws_partition.current",
            "module.vpc.aws_subnet.private-subnet",
            "module.vpc.aws_vpc.vpc",
            "random_string.suffix"
          ]
        }
      ]
    },
    {
      "module": "module.eks",
      "mode": "managed",
      "type": "aws_iam_policy",
      "name": "cluster_elb_sl_role_creation",
      "provider": "provider[\"registry.terraform.io/hashicorp/aws\"]",
      "instances": [
        {
          "index_key": 0,
          "schema_version": 0,
          "attributes": {
            "arn": "arn:aws:iam::240693037076:policy/opsschool-eks-v5PGGtZM-elb-sl-role-creation20210109201754401700000001",
            "description": "Permissions for EKS to create AWSServiceRoleForElasticLoadBalancing service-linked role",
            "id": "arn:aws:iam::240693037076:policy/opsschool-eks-v5PGGtZM-elb-sl-role-creation20210109201754401700000001",
            "name": "opsschool-eks-v5PGGtZM-elb-sl-role-creation20210109201754401700000001",
            "name_prefix": "opsschool-eks-v5PGGtZM-elb-sl-role-creation",
            "path": "/",
            "policy": "{\n  \"Version\": \"2012-10-17\",\n  \"Statement\": [\n    {\n      \"Sid\": \"\",\n      \"Effect\": \"Allow\",\n      \"Action\": [\n        \"ec2:DescribeInternetGateways\",\n        \"ec2:DescribeAccountAttributes\"\n      ],\n      \"Resource\": \"*\"\n    }\n  ]\n}"
          },
          "private": "bnVsbA==",
          "dependencies": [
            "module.eks.data.aws_iam_policy_document.cluster_elb_sl_role_creation",
            "random_string.suffix"
          ]
        }
      ]
    },
    {
      "module": "module.eks",
      "mode": "managed",
      "type": "aws_iam_role",
      "name": "cluster",
      "provider": "provider[\"registry.terraform.io/hashicorp/aws\"]",
      "instances": [
        {
          "index_key": 0,
          "schema_version": 0,
          "attributes": {
            "arn": "arn:aws:iam::240693037076:role/opsschool-eks-v5PGGtZM20210109201754411600000002",
            "assume_role_policy": "{\"Version\":\"2012-10-17\",\"Statement\":[{\"Sid\":\"EKSClusterAssumeRole\",\"Effect\":\"Allow\",\"Principal\":{\"Service\":\"eks.amazonaws.com\"},\"Action\":\"sts:AssumeRole\"}]}",
            "create_date": "2021-01-09T20:17:55Z",
            "description": "",
            "force_detach_policies": true,
            "id": "opsschool-eks-v5PGGtZM20210109201754411600000002",
            "max_session_duration": 3600,
            "name": "opsschool-eks-v5PGGtZM20210109201754411600000002",
            "name_prefix": "opsschool-eks-v5PGGtZM",
            "path": "/",
            "permissions_boundary": null,
            "tags": {
              "Environment": "training",
              "GithubOrg": "terraform-aws-modules",
              "GithubRepo": "terraform-aws-eks"
            },
            "unique_id": "AROATQCTMJAKAKHRQEOGR"
          },
          "private": "bnVsbA==",
          "dependencies": [
            "module.eks.data.aws_iam_policy_document.cluster_assume_role_policy",
            "random_string.suffix"
          ],
          "create_before_destroy": true
        }
      ]
    },
    {
      "module": "module.eks",
      "mode": "managed",
      "type": "aws_iam_role",
      "name": "workers",
      "provider": "provider[\"registry.terraform.io/hashicorp/aws\"]",
      "instances": [
        {
          "index_key": 0,
          "schema_version": 0,
          "attributes": {
            "arn": "arn:aws:iam::240693037076:role/opsschool-eks-v5PGGtZM2021010920320909060000000d",
            "assume_role_policy": "{\"Version\":\"2012-10-17\",\"Statement\":[{\"Sid\":\"EKSWorkerAssumeRole\",\"Effect\":\"Allow\",\"Principal\":{\"Service\":\"ec2.amazonaws.com\"},\"Action\":\"sts:AssumeRole\"}]}",
            "create_date": "2021-01-09T20:32:10Z",
            "description": "",
            "force_detach_policies": true,
            "id": "opsschool-eks-v5PGGtZM2021010920320909060000000d",
            "max_session_duration": 3600,
            "name": "opsschool-eks-v5PGGtZM2021010920320909060000000d",
            "name_prefix": "opsschool-eks-v5PGGtZM",
            "path": "/",
            "permissions_boundary": null,
            "tags": {
              "Environment": "training",
              "GithubOrg": "terraform-aws-modules",
              "GithubRepo": "terraform-aws-eks"
            },
            "unique_id": "AROATQCTMJAKNNGHUBYMV"
          },
          "private": "bnVsbA==",
          "dependencies": [
            "module.eks.aws_cloudwatch_log_group.this",
            "module.eks.aws_eks_cluster.this",
            "module.eks.aws_iam_role.cluster",
            "module.eks.aws_iam_role_policy_attachment.cluster_AmazonEKSClusterPolicy",
            "module.eks.aws_iam_role_policy_attachment.cluster_AmazonEKSServicePolicy",
            "module.eks.aws_iam_role_policy_attachment.cluster_AmazonEKSVPCResourceControllerPolicy",
            "module.eks.aws_security_group.cluster",
            "module.eks.aws_security_group.workers",
            "module.eks.aws_security_group_rule.cluster_egress_internet",
            "module.eks.aws_security_group_rule.cluster_https_worker_ingress",
            "module.eks.data.aws_iam_policy_document.cluster_assume_role_policy",
            "module.eks.data.aws_iam_policy_document.workers_assume_role_policy",
            "module.eks.data.aws_iam_role.custom_cluster_iam_role",
            "module.eks.data.aws_partition.current",
            "module.vpc.aws_subnet.private-subnet",
            "module.vpc.aws_vpc.vpc",
            "random_string.suffix"
          ],
          "create_before_destroy": true
        }
      ]
    },
    {
      "module": "module.eks",
      "mode": "managed",
      "type": "aws_iam_role_policy_attachment",
      "name": "cluster_AmazonEKSClusterPolicy",
      "provider": "provider[\"registry.terraform.io/hashicorp/aws\"]",
      "instances": [
        {
          "index_key": 0,
          "schema_version": 0,
          "attributes": {
            "id": "opsschool-eks-v5PGGtZM20210109201754411600000002-20210109201757622300000005",
            "policy_arn": "arn:aws:iam::aws:policy/AmazonEKSClusterPolicy",
            "role": "opsschool-eks-v5PGGtZM20210109201754411600000002"
          },
          "private": "bnVsbA==",
          "dependencies": [
            "module.eks.aws_iam_role.cluster",
            "module.eks.data.aws_iam_policy_document.cluster_assume_role_policy",
            "module.eks.data.aws_partition.current",
            "random_string.suffix"
          ],
          "create_before_destroy": true
        }
      ]
    },
    {
      "module": "module.eks",
      "mode": "managed",
      "type": "aws_iam_role_policy_attachment",
      "name": "cluster_AmazonEKSServicePolicy",
      "provider": "provider[\"registry.terraform.io/hashicorp/aws\"]",
      "instances": [
        {
          "index_key": 0,
          "schema_version": 0,
          "attributes": {
            "id": "opsschool-eks-v5PGGtZM20210109201754411600000002-20210109201757536700000004",
            "policy_arn": "arn:aws:iam::aws:policy/AmazonEKSServicePolicy",
            "role": "opsschool-eks-v5PGGtZM20210109201754411600000002"
          },
          "private": "bnVsbA==",
          "dependencies": [
            "module.eks.aws_iam_role.cluster",
            "module.eks.data.aws_iam_policy_document.cluster_assume_role_policy",
            "module.eks.data.aws_partition.current",
            "random_string.suffix"
          ],
          "create_before_destroy": true
        }
      ]
    },
    {
      "module": "module.eks",
      "mode": "managed",
      "type": "aws_iam_role_policy_attachment",
      "name": "cluster_AmazonEKSVPCResourceControllerPolicy",
      "provider": "provider[\"registry.terraform.io/hashicorp/aws\"]",
      "instances": [
        {
          "index_key": 0,
          "schema_version": 0,
          "attributes": {
            "id": "opsschool-eks-v5PGGtZM20210109201754411600000002-20210109201757518500000003",
            "policy_arn": "arn:aws:iam::aws:policy/AmazonEKSVPCResourceController",
            "role": "opsschool-eks-v5PGGtZM20210109201754411600000002"
          },
          "private": "bnVsbA==",
          "dependencies": [
            "module.eks.aws_iam_role.cluster",
            "module.eks.data.aws_iam_policy_document.cluster_assume_role_policy",
            "module.eks.data.aws_partition.current",
            "random_string.suffix"
          ],
          "create_before_destroy": true
        }
      ]
    },
    {
      "module": "module.eks",
      "mode": "managed",
      "type": "aws_iam_role_policy_attachment",
      "name": "cluster_elb_sl_role_creation",
      "provider": "provider[\"registry.terraform.io/hashicorp/aws\"]",
      "instances": [
        {
          "index_key": 0,
          "schema_version": 0,
          "attributes": {
            "id": "opsschool-eks-v5PGGtZM20210109201754411600000002-20210109201758328400000006",
            "policy_arn": "arn:aws:iam::240693037076:policy/opsschool-eks-v5PGGtZM-elb-sl-role-creation20210109201754401700000001",
            "role": "opsschool-eks-v5PGGtZM20210109201754411600000002"
          },
          "private": "bnVsbA==",
          "dependencies": [
            "module.eks.aws_iam_policy.cluster_elb_sl_role_creation",
            "module.eks.aws_iam_role.cluster",
            "module.eks.data.aws_iam_policy_document.cluster_assume_role_policy",
            "module.eks.data.aws_iam_policy_document.cluster_elb_sl_role_creation",
            "random_string.suffix"
          ]
        }
      ]
    },
    {
      "module": "module.eks",
      "mode": "managed",
      "type": "aws_iam_role_policy_attachment",
      "name": "workers_AmazonEC2ContainerRegistryReadOnly",
      "provider": "provider[\"registry.terraform.io/hashicorp/aws\"]",
      "instances": [
        {
          "index_key": 0,
          "schema_version": 0,
          "attributes": {
            "id": "opsschool-eks-v5PGGtZM2021010920320909060000000d-20210109203212416200000010",
            "policy_arn": "arn:aws:iam::aws:policy/AmazonEC2ContainerRegistryReadOnly",
            "role": "opsschool-eks-v5PGGtZM2021010920320909060000000d"
          },
          "private": "bnVsbA==",
          "dependencies": [
            "module.eks.aws_cloudwatch_log_group.this",
            "module.eks.aws_eks_cluster.this",
            "module.eks.aws_iam_role.cluster",
            "module.eks.aws_iam_role.workers",
            "module.eks.aws_iam_role_policy_attachment.cluster_AmazonEKSClusterPolicy",
            "module.eks.aws_iam_role_policy_attachment.cluster_AmazonEKSServicePolicy",
            "module.eks.aws_iam_role_policy_attachment.cluster_AmazonEKSVPCResourceControllerPolicy",
            "module.eks.aws_security_group.cluster",
            "module.eks.aws_security_group.workers",
            "module.eks.aws_security_group_rule.cluster_egress_internet",
            "module.eks.aws_security_group_rule.cluster_https_worker_ingress",
            "module.eks.data.aws_iam_policy_document.cluster_assume_role_policy",
            "module.eks.data.aws_iam_policy_document.workers_assume_role_policy",
            "module.eks.data.aws_iam_role.custom_cluster_iam_role",
            "module.eks.data.aws_partition.current",
            "module.vpc.aws_subnet.private-subnet",
            "module.vpc.aws_vpc.vpc",
            "random_string.suffix"
          ],
          "create_before_destroy": true
        }
      ]
    },
    {
      "module": "module.eks",
      "mode": "managed",
      "type": "aws_iam_role_policy_attachment",
      "name": "workers_AmazonEKSWorkerNodePolicy",
      "provider": "provider[\"registry.terraform.io/hashicorp/aws\"]",
      "instances": [
        {
          "index_key": 0,
          "schema_version": 0,
          "attributes": {
            "id": "opsschool-eks-v5PGGtZM2021010920320909060000000d-20210109203212506200000013",
            "policy_arn": "arn:aws:iam::aws:policy/AmazonEKSWorkerNodePolicy",
            "role": "opsschool-eks-v5PGGtZM2021010920320909060000000d"
          },
          "private": "bnVsbA==",
          "dependencies": [
            "module.eks.aws_cloudwatch_log_group.this",
            "module.eks.aws_eks_cluster.this",
            "module.eks.aws_iam_role.cluster",
            "module.eks.aws_iam_role.workers",
            "module.eks.aws_iam_role_policy_attachment.cluster_AmazonEKSClusterPolicy",
            "module.eks.aws_iam_role_policy_attachment.cluster_AmazonEKSServicePolicy",
            "module.eks.aws_iam_role_policy_attachment.cluster_AmazonEKSVPCResourceControllerPolicy",
            "module.eks.aws_security_group.cluster",
            "module.eks.aws_security_group.workers",
            "module.eks.aws_security_group_rule.cluster_egress_internet",
            "module.eks.aws_security_group_rule.cluster_https_worker_ingress",
            "module.eks.data.aws_iam_policy_document.cluster_assume_role_policy",
            "module.eks.data.aws_iam_policy_document.workers_assume_role_policy",
            "module.eks.data.aws_iam_role.custom_cluster_iam_role",
            "module.eks.data.aws_partition.current",
            "module.vpc.aws_subnet.private-subnet",
            "module.vpc.aws_vpc.vpc",
            "random_string.suffix"
          ],
          "create_before_destroy": true
        }
      ]
    },
    {
      "module": "module.eks",
      "mode": "managed",
      "type": "aws_iam_role_policy_attachment",
      "name": "workers_AmazonEKS_CNI_Policy",
      "provider": "provider[\"registry.terraform.io/hashicorp/aws\"]",
      "instances": [
        {
          "index_key": 0,
          "schema_version": 0,
          "attributes": {
            "id": "opsschool-eks-v5PGGtZM2021010920320909060000000d-20210109203212503700000012",
            "policy_arn": "arn:aws:iam::aws:policy/AmazonEKS_CNI_Policy",
            "role": "opsschool-eks-v5PGGtZM2021010920320909060000000d"
          },
          "private": "bnVsbA==",
          "dependencies": [
            "module.eks.aws_cloudwatch_log_group.this",
            "module.eks.aws_eks_cluster.this",
            "module.eks.aws_iam_role.cluster",
            "module.eks.aws_iam_role.workers",
            "module.eks.aws_iam_role_policy_attachment.cluster_AmazonEKSClusterPolicy",
            "module.eks.aws_iam_role_policy_attachment.cluster_AmazonEKSServicePolicy",
            "module.eks.aws_iam_role_policy_attachment.cluster_AmazonEKSVPCResourceControllerPolicy",
            "module.eks.aws_security_group.cluster",
            "module.eks.aws_security_group.workers",
            "module.eks.aws_security_group_rule.cluster_egress_internet",
            "module.eks.aws_security_group_rule.cluster_https_worker_ingress",
            "module.eks.data.aws_iam_policy_document.cluster_assume_role_policy",
            "module.eks.data.aws_iam_policy_document.workers_assume_role_policy",
            "module.eks.data.aws_iam_role.custom_cluster_iam_role",
            "module.eks.data.aws_partition.current",
            "module.vpc.aws_subnet.private-subnet",
            "module.vpc.aws_vpc.vpc",
            "random_string.suffix"
          ],
          "create_before_destroy": true
        }
      ]
    },
    {
      "module": "module.eks",
      "mode": "managed",
      "type": "aws_launch_configuration",
      "name": "workers",
      "provider": "provider[\"registry.terraform.io/hashicorp/aws\"]",
      "instances": [
        {
          "index_key": 0,
          "schema_version": 0,
          "attributes": {
            "arn": "arn:aws:autoscaling:us-east-1:240693037076:launchConfiguration:d58891e8-d795-4979-9896-3b1953025106:launchConfigurationName/opsschool-eks-v5PGGtZM-worker-group-120210109203216047100000014",
            "associate_public_ip_address": false,
            "ebs_block_device": [],
            "ebs_optimized": true,
            "enable_monitoring": true,
            "ephemeral_block_device": [],
            "iam_instance_profile": "opsschool-eks-v5PGGtZM2021010920321146010000000e",
            "id": "opsschool-eks-v5PGGtZM-worker-group-120210109203216047100000014",
            "image_id": "ami-0e609024e4dbce4a5",
            "instance_type": "t3.medium",
            "key_name": "",
            "metadata_options": [],
            "name": "opsschool-eks-v5PGGtZM-worker-group-120210109203216047100000014",
            "name_prefix": "opsschool-eks-v5PGGtZM-worker-group-1",
            "placement_tenancy": "",
            "root_block_device": [
              {
                "delete_on_termination": true,
                "encrypted": false,
                "iops": 0,
                "volume_size": 100,
                "volume_type": "gp2"
              }
            ],
            "security_groups": [
              "sg-07cbe40bfc5517e39",
              "sg-09550f5369842e056"
            ],
            "spot_price": "",
            "user_data": null,
            "user_data_base64": "IyEvYmluL2Jhc2ggLXhlCgojIEFsbG93IHVzZXIgc3VwcGxpZWQgcHJlIHVzZXJkYXRhIGNvZGUKCgojIEJvb3RzdHJhcCBhbmQgam9pbiB0aGUgY2x1c3RlcgovZXRjL2Vrcy9ib290c3RyYXAuc2ggLS1iNjQtY2x1c3Rlci1jYSAnTFMwdExTMUNSVWRKVGlCRFJWSlVTVVpKUTBGVVJTMHRMUzB0Q2sxSlNVTjVSRU5EUVdKRFowRjNTVUpCWjBsQ1FVUkJUa0puYTNGb2EybEhPWGN3UWtGUmMwWkJSRUZXVFZKTmQwVlJXVVJXVVZGRVJYZHdjbVJYU213S1kyMDFiR1JIVm5wTlFqUllSRlJKZUUxRVJYZFBWRWwzVFdwak1VOUdiMWhFVkUxNFRVUkZkMDU2U1hkTmFtTXhUMFp2ZDBaVVJWUk5Ra1ZIUVRGVlJRcEJlRTFMWVROV2FWcFlTblZhV0ZKc1kzcERRMEZUU1hkRVVWbEtTMjlhU1doMlkwNUJVVVZDUWxGQlJHZG5SVkJCUkVORFFWRnZRMmRuUlVKQlQycEdDa2hFU0VOaGNXSkJZelZRZG1OVVdUbFVNVE5JYjNCMVVFNHZWMVpWTUhCRGFGbHZZWG92Ym1RMldHVXJNemt3UVVwVlRXaFBlblJyYjNWeFZucG5XalFLVmpsR1NqWmpaRmx3WldKUVIybDZiRE01U1ZkelpYcGtXUzg0SzJWR1NuRTFXblpDTkhONVdXeElXa0kwZEZCWlFTOVlXSGRJZHpBNWFERnJaM2xPYmdwcmJIQm9ha3c1U1hWa1dtNXBjWFJtUWlzdlowbFJUV1J3UW1NelIwdGlWM1F6UW1oME5HSkVRbWgxYkVWUWJYcGFaMU5DVDFkSWRtaDRLMmx0V1haQkNrNUlNa2N3YnpOS1pqSTVMM2RNU3pGRFN6WmtWV3MyYmpVclozZFBXalIwY21wbWFHTkNVREZSV0U1UGNFTXdZMlZTYzBaWGIzRjNRVUZPYWpKV05UVUtibk4zV1cxS2FrVlBXakJwUjJsUFJUazJjRmN6TVRJMVZVUmxaaTlXTWxSRGFVNHpWMkpSV1RJNGFHSnJORk5GZUUxeGJETkVTak5tVjBGeWJFVlNVd3BJWVUxSlNFMTJia1ZhYXpaWGNGZEZSMGRGUTBGM1JVRkJZVTFxVFVORmQwUm5XVVJXVWpCUVFWRklMMEpCVVVSQlowdHJUVUU0UjBFeFZXUkZkMFZDQ2k5M1VVWk5RVTFDUVdZNGQwUlJXVXBMYjFwSmFIWmpUa0ZSUlV4Q1VVRkVaMmRGUWtGSlVHRmhkVkk1Tm1ZMFp6WkhTbGhxWTNkQlIydDJlRFJHTXpRS2FHRnpXRGRSWlN0TmFHWjRlbEF4YzNwUllYaFFaMGhhWTNFMVpHdFNTMGxYTlVFeE1GWTFXblo2UkhnNVZXbDVjWEpQY0RORlJWcEVXWFZCYjNOM1F3cERObFpPYVhaUlRIRkNXRmN4YTFFemJFOWpWemMxUjBsM1FUVlVRM2h1V21GTU4zWlNlbE42Uml0aVUzRk1lQ3RGVXpoNFQzQkxVVXRNTjFGM05UQjZDbmx6Y2xkNmRYVXdZbXB0WlZaSVVYTTBiRWxHVkhsclRqRndiak5zUW1WU2EzVmhZV1lyWkZoQ1pUUTRkamhYTkVOa01HRnZlV1pZUjJwTFFsbEtURkFLVWpWRlVWcFJXa3QxYVVoNmMwa3lhWGhyYTFsSGFUVllXVTVYVFZONWNYTjJWamxNWkd0amQwRTNaMWRxU0dwU1pFUndUR0p6TDI1b1RTOXlaMUp6YXdwQ1RVeENlV0pZUkN0bGFFWlNUVXR6TTNCSlRqSnZla3hFYVZSM1lXTkZNMUZ2UzBFNEwwNXZObWQ2V0hSa2RWSXpiVGhJU1V4UlNFNDNZejBLTFMwdExTMUZUa1FnUTBWU1ZFbEdTVU5CVkVVdExTMHRMUW89JyAtLWFwaXNlcnZlci1lbmRwb2ludCAnaHR0cHM6Ly9CNTc0RUE5QUY2RjlBOTlEOTc4MTk2RUMwODhGNTY1Ny55bDQudXMtZWFzdC0xLmVrcy5hbWF6b25hd3MuY29tJyAgLS1rdWJlbGV0LWV4dHJhLWFyZ3MgIiIgJ29wc3NjaG9vbC1la3MtdjVQR0d0Wk0nCgojIEFsbG93IHVzZXIgc3VwcGxpZWQgdXNlcmRhdGEgY29kZQplY2hvIGZvbyBiYXIK",
            "vpc_classic_link_id": "",
            "vpc_classic_link_security_groups": null
          },
          "private": "bnVsbA==",
          "dependencies": [
            "aws_security_group.all_worker_mgmt",
            "module.eks.aws_cloudwatch_log_group.this",
            "module.eks.aws_eks_cluster.this",
            "module.eks.aws_iam_instance_profile.workers",
            "module.eks.aws_iam_role.cluster",
            "module.eks.aws_iam_role.workers",
            "module.eks.aws_iam_role_policy_attachment.cluster_AmazonEKSClusterPolicy",
            "module.eks.aws_iam_role_policy_attachment.cluster_AmazonEKSServicePolicy",
            "module.eks.aws_iam_role_policy_attachment.cluster_AmazonEKSVPCResourceControllerPolicy",
            "module.eks.aws_iam_role_policy_attachment.workers_AmazonEC2ContainerRegistryReadOnly",
            "module.eks.aws_iam_role_policy_attachment.workers_AmazonEKSWorkerNodePolicy",
            "module.eks.aws_iam_role_policy_attachment.workers_AmazonEKS_CNI_Policy",
            "module.eks.aws_iam_role_policy_attachment.workers_additional_policies",
            "module.eks.aws_security_group.cluster",
            "module.eks.aws_security_group.workers",
            "module.eks.aws_security_group_rule.cluster_egress_internet",
            "module.eks.aws_security_group_rule.cluster_https_worker_ingress",
            "module.eks.aws_security_group_rule.cluster_primary_ingress_workers",
            "module.eks.aws_security_group_rule.workers_egress_internet",
            "module.eks.aws_security_group_rule.workers_ingress_cluster",
            "module.eks.aws_security_group_rule.workers_ingress_cluster_https",
            "module.eks.aws_security_group_rule.workers_ingress_cluster_kubelet",
            "module.eks.aws_security_group_rule.workers_ingress_cluster_primary",
            "module.eks.aws_security_group_rule.workers_ingress_self",
            "module.eks.data.aws_ami.eks_worker",
            "module.eks.data.aws_ami.eks_worker_windows",
            "module.eks.data.aws_iam_instance_profile.custom_worker_group_iam_instance_profile",
            "module.eks.data.aws_iam_policy_document.cluster_assume_role_policy",
            "module.eks.data.aws_iam_policy_document.workers_assume_role_policy",
            "module.eks.data.aws_iam_role.custom_cluster_iam_role",
            "module.eks.data.aws_partition.current",
            "module.eks.data.template_file.userdata",
            "module.vpc.aws_subnet.private-subnet",
            "module.vpc.aws_vpc.vpc",
            "random_string.suffix"
          ],
          "create_before_destroy": true
        },
        {
          "index_key": 1,
          "schema_version": 0,
          "attributes": {
            "arn": "arn:aws:autoscaling:us-east-1:240693037076:launchConfiguration:795ab289-8ae9-4fa9-90d0-a60882a49b43:launchConfigurationName/opsschool-eks-v5PGGtZM-worker-group-220210109203216101900000015",
            "associate_public_ip_address": false,
            "ebs_block_device": [],
            "ebs_optimized": true,
            "enable_monitoring": true,
            "ephemeral_block_device": [],
            "iam_instance_profile": "opsschool-eks-v5PGGtZM2021010920321146150000000f",
            "id": "opsschool-eks-v5PGGtZM-worker-group-220210109203216101900000015",
            "image_id": "ami-0e609024e4dbce4a5",
            "instance_type": "t3.large",
            "key_name": "",
            "metadata_options": [],
            "name": "opsschool-eks-v5PGGtZM-worker-group-220210109203216101900000015",
            "name_prefix": "opsschool-eks-v5PGGtZM-worker-group-2",
            "placement_tenancy": "",
            "root_block_device": [
              {
                "delete_on_termination": true,
                "encrypted": false,
                "iops": 0,
                "volume_size": 100,
                "volume_type": "gp2"
              }
            ],
            "security_groups": [
              "sg-07cbe40bfc5517e39",
              "sg-09550f5369842e056"
            ],
            "spot_price": "",
            "user_data": null,
            "user_data_base64": "IyEvYmluL2Jhc2ggLXhlCgojIEFsbG93IHVzZXIgc3VwcGxpZWQgcHJlIHVzZXJkYXRhIGNvZGUKCgojIEJvb3RzdHJhcCBhbmQgam9pbiB0aGUgY2x1c3RlcgovZXRjL2Vrcy9ib290c3RyYXAuc2ggLS1iNjQtY2x1c3Rlci1jYSAnTFMwdExTMUNSVWRKVGlCRFJWSlVTVVpKUTBGVVJTMHRMUzB0Q2sxSlNVTjVSRU5EUVdKRFowRjNTVUpCWjBsQ1FVUkJUa0puYTNGb2EybEhPWGN3UWtGUmMwWkJSRUZXVFZKTmQwVlJXVVJXVVZGRVJYZHdjbVJYU213S1kyMDFiR1JIVm5wTlFqUllSRlJKZUUxRVJYZFBWRWwzVFdwak1VOUdiMWhFVkUxNFRVUkZkMDU2U1hkTmFtTXhUMFp2ZDBaVVJWUk5Ra1ZIUVRGVlJRcEJlRTFMWVROV2FWcFlTblZhV0ZKc1kzcERRMEZUU1hkRVVWbEtTMjlhU1doMlkwNUJVVVZDUWxGQlJHZG5SVkJCUkVORFFWRnZRMmRuUlVKQlQycEdDa2hFU0VOaGNXSkJZelZRZG1OVVdUbFVNVE5JYjNCMVVFNHZWMVpWTUhCRGFGbHZZWG92Ym1RMldHVXJNemt3UVVwVlRXaFBlblJyYjNWeFZucG5XalFLVmpsR1NqWmpaRmx3WldKUVIybDZiRE01U1ZkelpYcGtXUzg0SzJWR1NuRTFXblpDTkhONVdXeElXa0kwZEZCWlFTOVlXSGRJZHpBNWFERnJaM2xPYmdwcmJIQm9ha3c1U1hWa1dtNXBjWFJtUWlzdlowbFJUV1J3UW1NelIwdGlWM1F6UW1oME5HSkVRbWgxYkVWUWJYcGFaMU5DVDFkSWRtaDRLMmx0V1haQkNrNUlNa2N3YnpOS1pqSTVMM2RNU3pGRFN6WmtWV3MyYmpVclozZFBXalIwY21wbWFHTkNVREZSV0U1UGNFTXdZMlZTYzBaWGIzRjNRVUZPYWpKV05UVUtibk4zV1cxS2FrVlBXakJwUjJsUFJUazJjRmN6TVRJMVZVUmxaaTlXTWxSRGFVNHpWMkpSV1RJNGFHSnJORk5GZUUxeGJETkVTak5tVjBGeWJFVlNVd3BJWVUxSlNFMTJia1ZhYXpaWGNGZEZSMGRGUTBGM1JVRkJZVTFxVFVORmQwUm5XVVJXVWpCUVFWRklMMEpCVVVSQlowdHJUVUU0UjBFeFZXUkZkMFZDQ2k5M1VVWk5RVTFDUVdZNGQwUlJXVXBMYjFwSmFIWmpUa0ZSUlV4Q1VVRkVaMmRGUWtGSlVHRmhkVkk1Tm1ZMFp6WkhTbGhxWTNkQlIydDJlRFJHTXpRS2FHRnpXRGRSWlN0TmFHWjRlbEF4YzNwUllYaFFaMGhhWTNFMVpHdFNTMGxYTlVFeE1GWTFXblo2UkhnNVZXbDVjWEpQY0RORlJWcEVXWFZCYjNOM1F3cERObFpPYVhaUlRIRkNXRmN4YTFFemJFOWpWemMxUjBsM1FUVlVRM2h1V21GTU4zWlNlbE42Uml0aVUzRk1lQ3RGVXpoNFQzQkxVVXRNTjFGM05UQjZDbmx6Y2xkNmRYVXdZbXB0WlZaSVVYTTBiRWxHVkhsclRqRndiak5zUW1WU2EzVmhZV1lyWkZoQ1pUUTRkamhYTkVOa01HRnZlV1pZUjJwTFFsbEtURkFLVWpWRlVWcFJXa3QxYVVoNmMwa3lhWGhyYTFsSGFUVllXVTVYVFZONWNYTjJWamxNWkd0amQwRTNaMWRxU0dwU1pFUndUR0p6TDI1b1RTOXlaMUp6YXdwQ1RVeENlV0pZUkN0bGFFWlNUVXR6TTNCSlRqSnZla3hFYVZSM1lXTkZNMUZ2UzBFNEwwNXZObWQ2V0hSa2RWSXpiVGhJU1V4UlNFNDNZejBLTFMwdExTMUZUa1FnUTBWU1ZFbEdTVU5CVkVVdExTMHRMUW89JyAtLWFwaXNlcnZlci1lbmRwb2ludCAnaHR0cHM6Ly9CNTc0RUE5QUY2RjlBOTlEOTc4MTk2RUMwODhGNTY1Ny55bDQudXMtZWFzdC0xLmVrcy5hbWF6b25hd3MuY29tJyAgLS1rdWJlbGV0LWV4dHJhLWFyZ3MgIiIgJ29wc3NjaG9vbC1la3MtdjVQR0d0Wk0nCgojIEFsbG93IHVzZXIgc3VwcGxpZWQgdXNlcmRhdGEgY29kZQplY2hvIGZvbyBiYXIK",
            "vpc_classic_link_id": "",
            "vpc_classic_link_security_groups": null
          },
          "private": "bnVsbA==",
          "dependencies": [
            "aws_security_group.all_worker_mgmt",
            "module.eks.aws_cloudwatch_log_group.this",
            "module.eks.aws_eks_cluster.this",
            "module.eks.aws_iam_instance_profile.workers",
            "module.eks.aws_iam_role.cluster",
            "module.eks.aws_iam_role.workers",
            "module.eks.aws_iam_role_policy_attachment.cluster_AmazonEKSClusterPolicy",
            "module.eks.aws_iam_role_policy_attachment.cluster_AmazonEKSServicePolicy",
            "module.eks.aws_iam_role_policy_attachment.cluster_AmazonEKSVPCResourceControllerPolicy",
            "module.eks.aws_iam_role_policy_attachment.workers_AmazonEC2ContainerRegistryReadOnly",
            "module.eks.aws_iam_role_policy_attachment.workers_AmazonEKSWorkerNodePolicy",
            "module.eks.aws_iam_role_policy_attachment.workers_AmazonEKS_CNI_Policy",
            "module.eks.aws_iam_role_policy_attachment.workers_additional_policies",
            "module.eks.aws_security_group.cluster",
            "module.eks.aws_security_group.workers",
            "module.eks.aws_security_group_rule.cluster_egress_internet",
            "module.eks.aws_security_group_rule.cluster_https_worker_ingress",
            "module.eks.aws_security_group_rule.cluster_primary_ingress_workers",
            "module.eks.aws_security_group_rule.workers_egress_internet",
            "module.eks.aws_security_group_rule.workers_ingress_cluster",
            "module.eks.aws_security_group_rule.workers_ingress_cluster_https",
            "module.eks.aws_security_group_rule.workers_ingress_cluster_kubelet",
            "module.eks.aws_security_group_rule.workers_ingress_cluster_primary",
            "module.eks.aws_security_group_rule.workers_ingress_self",
            "module.eks.data.aws_ami.eks_worker",
            "module.eks.data.aws_ami.eks_worker_windows",
            "module.eks.data.aws_iam_instance_profile.custom_worker_group_iam_instance_profile",
            "module.eks.data.aws_iam_policy_document.cluster_assume_role_policy",
            "module.eks.data.aws_iam_policy_document.workers_assume_role_policy",
            "module.eks.data.aws_iam_role.custom_cluster_iam_role",
            "module.eks.data.aws_partition.current",
            "module.eks.data.template_file.userdata",
            "module.vpc.aws_subnet.private-subnet",
            "module.vpc.aws_vpc.vpc",
            "random_string.suffix"
          ],
          "create_before_destroy": true
        }
      ]
    },
    {
      "module": "module.eks",
      "mode": "managed",
      "type": "aws_security_group",
      "name": "cluster",
      "provider": "provider[\"registry.terraform.io/hashicorp/aws\"]",
      "instances": [
        {
          "index_key": 0,
          "schema_version": 1,
          "attributes": {
            "arn": "arn:aws:ec2:us-east-1:240693037076:security-group/sg-091863244c68e9782",
            "description": "EKS cluster security group.",
            "egress": [],
            "id": "sg-091863244c68e9782",
            "ingress": [],
            "name": "opsschool-eks-v5PGGtZM20210109201809245200000009",
            "name_prefix": "opsschool-eks-v5PGGtZM",
            "owner_id": "240693037076",
            "revoke_rules_on_delete": false,
            "tags": {
              "Environment": "training",
              "GithubOrg": "terraform-aws-modules",
              "GithubRepo": "terraform-aws-eks",
              "Name": "opsschool-eks-v5PGGtZM-eks_cluster_sg"
            },
            "timeouts": null,
            "vpc_id": "vpc-02e7123a835db7136"
          },
          "private": "eyJlMmJmYjczMC1lY2FhLTExZTYtOGY4OC0zNDM2M2JjN2M0YzAiOnsiY3JlYXRlIjo2MDAwMDAwMDAwMDAsImRlbGV0ZSI6NjAwMDAwMDAwMDAwfSwic2NoZW1hX3ZlcnNpb24iOiIxIn0=",
          "dependencies": [
            "module.vpc.aws_vpc.vpc",
            "random_string.suffix"
          ],
          "create_before_destroy": true
        }
      ]
    },
    {
      "module": "module.eks",
      "mode": "managed",
      "type": "aws_security_group",
      "name": "workers",
      "provider": "provider[\"registry.terraform.io/hashicorp/aws\"]",
      "instances": [
        {
          "index_key": 0,
          "schema_version": 1,
          "attributes": {
            "arn": "arn:aws:ec2:us-east-1:240693037076:security-group/sg-09550f5369842e056",
            "description": "Security group for all nodes in the cluster.",
            "egress": [],
            "id": "sg-09550f5369842e056",
            "ingress": [],
            "name": "opsschool-eks-v5PGGtZM20210109201808503100000008",
            "name_prefix": "opsschool-eks-v5PGGtZM",
            "owner_id": "240693037076",
            "revoke_rules_on_delete": false,
            "tags": {
              "Environment": "training",
              "GithubOrg": "terraform-aws-modules",
              "GithubRepo": "terraform-aws-eks",
              "Name": "opsschool-eks-v5PGGtZM-eks_worker_sg",
              "kubernetes.io/cluster/opsschool-eks-v5PGGtZM": "owned"
            },
            "timeouts": null,
            "vpc_id": "vpc-02e7123a835db7136"
          },
          "private": "eyJlMmJmYjczMC1lY2FhLTExZTYtOGY4OC0zNDM2M2JjN2M0YzAiOnsiY3JlYXRlIjo2MDAwMDAwMDAwMDAsImRlbGV0ZSI6NjAwMDAwMDAwMDAwfSwic2NoZW1hX3ZlcnNpb24iOiIxIn0=",
          "dependencies": [
            "module.vpc.aws_vpc.vpc",
            "random_string.suffix"
          ],
          "create_before_destroy": true
        }
      ]
    },
    {
      "module": "module.eks",
      "mode": "managed",
      "type": "aws_security_group_rule",
      "name": "cluster_egress_internet",
      "provider": "provider[\"registry.terraform.io/hashicorp/aws\"]",
      "instances": [
        {
          "index_key": 0,
          "schema_version": 2,
          "attributes": {
            "cidr_blocks": [
              "0.0.0.0/0"
            ],
            "description": "Allow cluster egress access to the Internet.",
            "from_port": 0,
            "id": "sgrule-3123223591",
            "ipv6_cidr_blocks": null,
            "prefix_list_ids": null,
            "protocol": "-1",
            "security_group_id": "sg-091863244c68e9782",
            "self": false,
            "source_security_group_id": null,
            "to_port": 0,
            "type": "egress"
          },
          "private": "eyJzY2hlbWFfdmVyc2lvbiI6IjIifQ==",
          "dependencies": [
            "module.eks.aws_security_group.cluster",
            "module.vpc.aws_vpc.vpc",
            "random_string.suffix"
          ],
          "create_before_destroy": true
        }
      ]
    },
    {
      "module": "module.eks",
      "mode": "managed",
      "type": "aws_security_group_rule",
      "name": "cluster_https_worker_ingress",
      "provider": "provider[\"registry.terraform.io/hashicorp/aws\"]",
      "instances": [
        {
          "index_key": 0,
          "schema_version": 2,
          "attributes": {
            "cidr_blocks": null,
            "description": "Allow pods to communicate with the EKS cluster API.",
            "from_port": 443,
            "id": "sgrule-2162248949",
            "ipv6_cidr_blocks": null,
            "prefix_list_ids": null,
            "protocol": "tcp",
            "security_group_id": "sg-091863244c68e9782",
            "self": false,
            "source_security_group_id": "sg-09550f5369842e056",
            "to_port": 443,
            "type": "ingress"
          },
          "private": "eyJzY2hlbWFfdmVyc2lvbiI6IjIifQ==",
          "dependencies": [
            "module.eks.aws_security_group.cluster",
            "module.eks.aws_security_group.workers",
            "module.vpc.aws_vpc.vpc",
            "random_string.suffix"
          ],
          "create_before_destroy": true
        }
      ]
    },
    {
      "module": "module.eks",
      "mode": "managed",
      "type": "aws_security_group_rule",
      "name": "workers_egress_internet",
      "provider": "provider[\"registry.terraform.io/hashicorp/aws\"]",
      "instances": [
        {
          "index_key": 0,
          "schema_version": 2,
          "attributes": {
            "cidr_blocks": [
              "0.0.0.0/0"
            ],
            "description": "Allow nodes all egress to the Internet.",
            "from_port": 0,
            "id": "sgrule-2658683647",
            "ipv6_cidr_blocks": null,
            "prefix_list_ids": null,
            "protocol": "-1",
            "security_group_id": "sg-09550f5369842e056",
            "self": false,
            "source_security_group_id": null,
            "to_port": 0,
            "type": "egress"
          },
          "private": "eyJzY2hlbWFfdmVyc2lvbiI6IjIifQ==",
          "dependencies": [
            "module.eks.aws_security_group.workers",
            "module.vpc.aws_vpc.vpc",
            "random_string.suffix"
          ],
          "create_before_destroy": true
        }
      ]
    },
    {
      "module": "module.eks",
      "mode": "managed",
      "type": "aws_security_group_rule",
      "name": "workers_ingress_cluster",
      "provider": "provider[\"registry.terraform.io/hashicorp/aws\"]",
      "instances": [
        {
          "index_key": 0,
          "schema_version": 2,
          "attributes": {
            "cidr_blocks": null,
            "description": "Allow workers pods to receive communication from the cluster control plane.",
            "from_port": 1025,
            "id": "sgrule-332763071",
            "ipv6_cidr_blocks": null,
            "prefix_list_ids": null,
            "protocol": "tcp",
            "security_group_id": "sg-09550f5369842e056",
            "self": false,
            "source_security_group_id": "sg-091863244c68e9782",
            "to_port": 65535,
            "type": "ingress"
          },
          "private": "eyJzY2hlbWFfdmVyc2lvbiI6IjIifQ==",
          "dependencies": [
            "module.eks.aws_security_group.cluster",
            "module.eks.aws_security_group.workers",
            "module.vpc.aws_vpc.vpc",
            "random_string.suffix"
          ],
          "create_before_destroy": true
        }
      ]
    },
    {
      "module": "module.eks",
      "mode": "managed",
      "type": "aws_security_group_rule",
      "name": "workers_ingress_cluster_https",
      "provider": "provider[\"registry.terraform.io/hashicorp/aws\"]",
      "instances": [
        {
          "index_key": 0,
          "schema_version": 2,
          "attributes": {
            "cidr_blocks": null,
            "description": "Allow pods running extension API servers on port 443 to receive communication from cluster control plane.",
            "from_port": 443,
            "id": "sgrule-891214971",
            "ipv6_cidr_blocks": null,
            "prefix_list_ids": null,
            "protocol": "tcp",
            "security_group_id": "sg-09550f5369842e056",
            "self": false,
            "source_security_group_id": "sg-091863244c68e9782",
            "to_port": 443,
            "type": "ingress"
          },
          "private": "eyJzY2hlbWFfdmVyc2lvbiI6IjIifQ==",
          "dependencies": [
            "module.eks.aws_security_group.cluster",
            "module.eks.aws_security_group.workers",
            "module.vpc.aws_vpc.vpc",
            "random_string.suffix"
          ],
          "create_before_destroy": true
        }
      ]
    },
    {
      "module": "module.eks",
      "mode": "managed",
      "type": "aws_security_group_rule",
      "name": "workers_ingress_self",
      "provider": "provider[\"registry.terraform.io/hashicorp/aws\"]",
      "instances": [
        {
          "index_key": 0,
          "schema_version": 2,
          "attributes": {
            "cidr_blocks": null,
            "description": "Allow node to communicate with each other.",
            "from_port": 0,
            "id": "sgrule-3786059926",
            "ipv6_cidr_blocks": null,
            "prefix_list_ids": null,
            "protocol": "-1",
            "security_group_id": "sg-09550f5369842e056",
            "self": false,
            "source_security_group_id": "sg-09550f5369842e056",
            "to_port": 65535,
            "type": "ingress"
          },
          "private": "eyJzY2hlbWFfdmVyc2lvbiI6IjIifQ==",
          "dependencies": [
            "module.eks.aws_security_group.workers",
            "module.vpc.aws_vpc.vpc",
            "random_string.suffix"
          ],
          "create_before_destroy": true
        }
      ]
    },
    {
      "module": "module.eks",
      "mode": "managed",
      "type": "kubernetes_config_map",
      "name": "aws_auth",
      "provider": "provider[\"registry.terraform.io/hashicorp/kubernetes\"]",
      "instances": [
        {
          "index_key": 0,
          "schema_version": 0,
          "attributes": {
            "binary_data": null,
            "data": {
              "mapAccounts": "[]\n",
              "mapRoles": "- \"groups\":\n  - \"system:bootstrappers\"\n  - \"system:nodes\"\n  \"rolearn\": \"arn:aws:iam::240693037076:role/opsschool-eks-v5PGGtZM2021010920320909060000000d\"\n  \"username\": \"system:node:{{EC2PrivateDNSName}}\"\n",
              "mapUsers": "[]\n"
            },
            "id": "kube-system/aws-auth",
            "metadata": [
              {
                "annotations": null,
                "generate_name": "",
                "generation": 0,
                "labels": {
                  "app.kubernetes.io/managed-by": "Terraform",
                  "terraform.io/module": "terraform-aws-modules.eks.aws"
                },
                "name": "aws-auth",
                "namespace": "kube-system",
                "resource_version": "863",
                "self_link": "/api/v1/namespaces/kube-system/configmaps/aws-auth",
                "uid": "ac9bd429-0228-46d8-93e3-6607f2b8870b"
              }
            ]
          },
          "private": "bnVsbA==",
          "dependencies": [
            "aws_security_group.all_worker_mgmt",
            "data.aws_eks_cluster.cluster",
            "data.aws_eks_cluster_auth.cluster",
            "module.eks.aws_cloudwatch_log_group.this",
            "module.eks.aws_eks_cluster.this",
            "module.eks.aws_iam_instance_profile.workers",
            "module.eks.aws_iam_instance_profile.workers_launch_template",
            "module.eks.aws_iam_role.cluster",
            "module.eks.aws_iam_role.workers",
            "module.eks.aws_iam_role_policy_attachment.cluster_AmazonEKSClusterPolicy",
            "module.eks.aws_iam_role_policy_attachment.cluster_AmazonEKSServicePolicy",
            "module.eks.aws_iam_role_policy_attachment.cluster_AmazonEKSVPCResourceControllerPolicy",
            "module.eks.aws_security_group.cluster",
            "module.eks.aws_security_group.workers",
            "module.eks.aws_security_group_rule.cluster_egress_internet",
            "module.eks.aws_security_group_rule.cluster_https_worker_ingress",
            "module.eks.aws_security_group_rule.cluster_private_access",
            "module.eks.data.aws_ami.eks_worker",
            "module.eks.data.aws_caller_identity.current",
            "module.eks.data.aws_iam_instance_profile.custom_worker_group_iam_instance_profile",
            "module.eks.data.aws_iam_instance_profile.custom_worker_group_launch_template_iam_instance_profile",
            "module.eks.data.aws_iam_policy_document.cluster_assume_role_policy",
            "module.eks.data.aws_iam_policy_document.workers_assume_role_policy",
            "module.eks.data.aws_iam_role.custom_cluster_iam_role",
            "module.eks.data.aws_partition.current",
            "module.eks.module.fargate.aws_iam_role.eks_fargate_pod",
            "module.eks.module.fargate.data.aws_iam_role.custom_fargate_iam_role",
            "module.eks.null_resource.wait_for_cluster",
            "module.vpc.aws_subnet.private-subnet",
            "module.vpc.aws_vpc.vpc",
            "random_string.suffix"
          ]
        }
      ]
    },
    {
      "module": "module.eks",
      "mode": "managed",
      "type": "local_file",
      "name": "kubeconfig",
      "provider": "provider[\"registry.terraform.io/hashicorp/local\"]",
      "instances": [
        {
          "index_key": 0,
          "schema_version": 0,
          "attributes": {
            "content": "apiVersion: v1\npreferences: {}\nkind: Config\n\nclusters:\n- cluster:\n    server: https://B574EA9AF6F9A99D978196EC088F5657.yl4.us-east-1.eks.amazonaws.com\n    certificate-authority-data: LS0tLS1CRUdJTiBDRVJUSUZJQ0FURS0tLS0tCk1JSUN5RENDQWJDZ0F3SUJBZ0lCQURBTkJna3Foa2lHOXcwQkFRc0ZBREFWTVJNd0VRWURWUVFERXdwcmRXSmwKY201bGRHVnpNQjRYRFRJeE1ERXdPVEl3TWpjMU9Gb1hEVE14TURFd056SXdNamMxT0Zvd0ZURVRNQkVHQTFVRQpBeE1LYTNWaVpYSnVaWFJsY3pDQ0FTSXdEUVlKS29aSWh2Y05BUUVCQlFBRGdnRVBBRENDQVFvQ2dnRUJBT2pGCkhESENhcWJBYzVQdmNUWTlUMTNIb3B1UE4vV1ZVMHBDaFlvYXovbmQ2WGUrMzkwQUpVTWhPenRrb3VxVnpnWjQKVjlGSjZjZFlwZWJQR2l6bDM5SVdzZXpkWS84K2VGSnE1WnZCNHN5WWxIWkI0dFBZQS9YWHdIdzA5aDFrZ3lObgprbHBoakw5SXVkWm5pcXRmQisvZ0lRTWRwQmMzR0tiV3QzQmh0NGJEQmh1bEVQbXpaZ1NCT1dIdmh4K2ltWXZBCk5IMkcwbzNKZjI5L3dMSzFDSzZkVWs2bjUrZ3dPWjR0cmpmaGNCUDFRWE5PcEMwY2VSc0ZXb3F3QUFOajJWNTUKbnN3WW1KakVPWjBpR2lPRTk2cFczMTI1VURlZi9WMlRDaU4zV2JRWTI4aGJrNFNFeE1xbDNESjNmV0FybEVSUwpIYU1JSE12bkVaazZXcFdFR0dFQ0F3RUFBYU1qTUNFd0RnWURWUjBQQVFIL0JBUURBZ0trTUE4R0ExVWRFd0VCCi93UUZNQU1CQWY4d0RRWUpLb1pJaHZjTkFRRUxCUUFEZ2dFQkFJUGFhdVI5NmY0ZzZHSlhqY3dBR2t2eDRGMzQKaGFzWDdRZStNaGZ4elAxc3pRYXhQZ0haY3E1ZGtSS0lXNUExMFY1WnZ6RHg5VWl5cXJPcDNFRVpEWXVBb3N3QwpDNlZOaXZRTHFCWFcxa1EzbE9jVzc1R0l3QTVUQ3huWmFMN3ZSelN6RitiU3FMeCtFUzh4T3BLUUtMN1F3NTB6Cnlzcld6dXUwYmptZVZIUXM0bElGVHlrTjFwbjNsQmVSa3VhYWYrZFhCZTQ4djhXNENkMGFveWZYR2pLQllKTFAKUjVFUVpRWkt1aUh6c0kyaXhra1lHaTVYWU5XTVN5cXN2VjlMZGtjd0E3Z1dqSGpSZERwTGJzL25oTS9yZ1JzawpCTUxCeWJYRCtlaEZSTUtzM3BJTjJvekxEaVR3YWNFM1FvS0E4L05vNmd6WHRkdVIzbThISUxRSE43Yz0KLS0tLS1FTkQgQ0VSVElGSUNBVEUtLS0tLQo=\n  name: eks_opsschool-eks-v5PGGtZM\n\ncontexts:\n- context:\n    cluster: eks_opsschool-eks-v5PGGtZM\n    user: eks_opsschool-eks-v5PGGtZM\n  name: eks_opsschool-eks-v5PGGtZM\n\ncurrent-context: eks_opsschool-eks-v5PGGtZM\n\nusers:\n- name: eks_opsschool-eks-v5PGGtZM\n  user:\n    exec:\n      apiVersion: client.authentication.k8s.io/v1alpha1\n      command: aws-iam-authenticator\n      args:\n        - \"token\"\n        - \"-i\"\n        - \"opsschool-eks-v5PGGtZM\"\n",
            "content_base64": null,
            "directory_permission": "0755",
            "file_permission": "0644",
            "filename": "./kubeconfig_opsschool-eks-v5PGGtZM",
            "id": "4bece3c7b7c9efe0a1fb1548e25a9ec9da567874",
            "sensitive_content": null
          },
          "private": "bnVsbA==",
          "dependencies": [
            "module.eks.aws_cloudwatch_log_group.this",
            "module.eks.aws_eks_cluster.this",
            "module.eks.aws_iam_role.cluster",
            "module.eks.aws_iam_role_policy_attachment.cluster_AmazonEKSClusterPolicy",
            "module.eks.aws_iam_role_policy_attachment.cluster_AmazonEKSServicePolicy",
            "module.eks.aws_iam_role_policy_attachment.cluster_AmazonEKSVPCResourceControllerPolicy",
            "module.eks.aws_security_group.cluster",
            "module.eks.aws_security_group.workers",
            "module.eks.aws_security_group_rule.cluster_egress_internet",
            "module.eks.aws_security_group_rule.cluster_https_worker_ingress",
            "module.eks.data.aws_iam_policy_document.cluster_assume_role_policy",
            "module.eks.data.aws_iam_role.custom_cluster_iam_role",
            "module.eks.data.aws_partition.current",
            "module.vpc.aws_subnet.private-subnet",
            "module.vpc.aws_vpc.vpc",
            "random_string.suffix"
          ]
        }
      ]
    },
    {
      "module": "module.eks",
      "mode": "managed",
      "type": "null_resource",
      "name": "wait_for_cluster",
      "provider": "provider[\"registry.terraform.io/hashicorp/null\"]",
      "instances": [
        {
          "index_key": 0,
          "schema_version": 0,
          "attributes": {
            "id": "8245835495876308320",
            "triggers": null
          },
          "private": "bnVsbA==",
          "dependencies": [
            "module.eks.aws_cloudwatch_log_group.this",
            "module.eks.aws_eks_cluster.this",
            "module.eks.aws_iam_role.cluster",
            "module.eks.aws_iam_role_policy_attachment.cluster_AmazonEKSClusterPolicy",
            "module.eks.aws_iam_role_policy_attachment.cluster_AmazonEKSServicePolicy",
            "module.eks.aws_iam_role_policy_attachment.cluster_AmazonEKSVPCResourceControllerPolicy",
            "module.eks.aws_security_group.cluster",
            "module.eks.aws_security_group.workers",
            "module.eks.aws_security_group_rule.cluster_egress_internet",
            "module.eks.aws_security_group_rule.cluster_https_worker_ingress",
            "module.eks.aws_security_group_rule.cluster_private_access",
            "module.eks.data.aws_iam_policy_document.cluster_assume_role_policy",
            "module.eks.data.aws_iam_role.custom_cluster_iam_role",
            "module.eks.data.aws_partition.current",
            "module.vpc.aws_subnet.private-subnet",
            "module.vpc.aws_vpc.vpc",
            "random_string.suffix"
          ]
        }
      ]
    },
    {
      "module": "module.eks",
      "mode": "managed",
      "type": "random_pet",
      "name": "workers",
      "provider": "provider[\"registry.terraform.io/hashicorp/random\"]",
      "instances": [
        {
          "index_key": 0,
          "schema_version": 0,
          "attributes": {
            "id": "apt-sailfish",
            "keepers": {
              "lc_name": "opsschool-eks-v5PGGtZM-worker-group-120210109203216047100000014"
            },
            "length": 2,
            "prefix": null,
            "separator": "-"
          },
          "private": "bnVsbA==",
          "dependencies": [
            "aws_security_group.all_worker_mgmt",
            "module.eks.aws_cloudwatch_log_group.this",
            "module.eks.aws_eks_cluster.this",
            "module.eks.aws_iam_instance_profile.workers",
            "module.eks.aws_iam_role.cluster",
            "module.eks.aws_iam_role.workers",
            "module.eks.aws_iam_role_policy_attachment.cluster_AmazonEKSClusterPolicy",
            "module.eks.aws_iam_role_policy_attachment.cluster_AmazonEKSServicePolicy",
            "module.eks.aws_iam_role_policy_attachment.cluster_AmazonEKSVPCResourceControllerPolicy",
            "module.eks.aws_iam_role_policy_attachment.workers_AmazonEC2ContainerRegistryReadOnly",
            "module.eks.aws_iam_role_policy_attachment.workers_AmazonEKSWorkerNodePolicy",
            "module.eks.aws_iam_role_policy_attachment.workers_AmazonEKS_CNI_Policy",
            "module.eks.aws_iam_role_policy_attachment.workers_additional_policies",
            "module.eks.aws_launch_configuration.workers",
            "module.eks.aws_security_group.cluster",
            "module.eks.aws_security_group.workers",
            "module.eks.aws_security_group_rule.cluster_egress_internet",
            "module.eks.aws_security_group_rule.cluster_https_worker_ingress",
            "module.eks.aws_security_group_rule.cluster_primary_ingress_workers",
            "module.eks.aws_security_group_rule.workers_egress_internet",
            "module.eks.aws_security_group_rule.workers_ingress_cluster",
            "module.eks.aws_security_group_rule.workers_ingress_cluster_https",
            "module.eks.aws_security_group_rule.workers_ingress_cluster_kubelet",
            "module.eks.aws_security_group_rule.workers_ingress_cluster_primary",
            "module.eks.aws_security_group_rule.workers_ingress_self",
            "module.eks.data.aws_ami.eks_worker",
            "module.eks.data.aws_ami.eks_worker_windows",
            "module.eks.data.aws_iam_instance_profile.custom_worker_group_iam_instance_profile",
            "module.eks.data.aws_iam_policy_document.cluster_assume_role_policy",
            "module.eks.data.aws_iam_policy_document.workers_assume_role_policy",
            "module.eks.data.aws_iam_role.custom_cluster_iam_role",
            "module.eks.data.aws_partition.current",
            "module.eks.data.template_file.userdata",
            "module.vpc.aws_subnet.private-subnet",
            "module.vpc.aws_vpc.vpc",
            "random_string.suffix"
          ],
          "create_before_destroy": true
        },
        {
          "index_key": 1,
          "schema_version": 0,
          "attributes": {
            "id": "active-javelin",
            "keepers": {
              "lc_name": "opsschool-eks-v5PGGtZM-worker-group-220210109203216101900000015"
            },
            "length": 2,
            "prefix": null,
            "separator": "-"
          },
          "private": "bnVsbA==",
          "dependencies": [
            "aws_security_group.all_worker_mgmt",
            "module.eks.aws_cloudwatch_log_group.this",
            "module.eks.aws_eks_cluster.this",
            "module.eks.aws_iam_instance_profile.workers",
            "module.eks.aws_iam_role.cluster",
            "module.eks.aws_iam_role.workers",
            "module.eks.aws_iam_role_policy_attachment.cluster_AmazonEKSClusterPolicy",
            "module.eks.aws_iam_role_policy_attachment.cluster_AmazonEKSServicePolicy",
            "module.eks.aws_iam_role_policy_attachment.cluster_AmazonEKSVPCResourceControllerPolicy",
            "module.eks.aws_iam_role_policy_attachment.workers_AmazonEC2ContainerRegistryReadOnly",
            "module.eks.aws_iam_role_policy_attachment.workers_AmazonEKSWorkerNodePolicy",
            "module.eks.aws_iam_role_policy_attachment.workers_AmazonEKS_CNI_Policy",
            "module.eks.aws_iam_role_policy_attachment.workers_additional_policies",
            "module.eks.aws_launch_configuration.workers",
            "module.eks.aws_security_group.cluster",
            "module.eks.aws_security_group.workers",
            "module.eks.aws_security_group_rule.cluster_egress_internet",
            "module.eks.aws_security_group_rule.cluster_https_worker_ingress",
            "module.eks.aws_security_group_rule.cluster_primary_ingress_workers",
            "module.eks.aws_security_group_rule.workers_egress_internet",
            "module.eks.aws_security_group_rule.workers_ingress_cluster",
            "module.eks.aws_security_group_rule.workers_ingress_cluster_https",
            "module.eks.aws_security_group_rule.workers_ingress_cluster_kubelet",
            "module.eks.aws_security_group_rule.workers_ingress_cluster_primary",
            "module.eks.aws_security_group_rule.workers_ingress_self",
            "module.eks.data.aws_ami.eks_worker",
            "module.eks.data.aws_ami.eks_worker_windows",
            "module.eks.data.aws_iam_instance_profile.custom_worker_group_iam_instance_profile",
            "module.eks.data.aws_iam_policy_document.cluster_assume_role_policy",
            "module.eks.data.aws_iam_policy_document.workers_assume_role_policy",
            "module.eks.data.aws_iam_role.custom_cluster_iam_role",
            "module.eks.data.aws_partition.current",
            "module.eks.data.template_file.userdata",
            "module.vpc.aws_subnet.private-subnet",
            "module.vpc.aws_vpc.vpc",
            "random_string.suffix"
          ],
          "create_before_destroy": true
        }
      ]
    },
    {
      "module": "module.iam_assumable_role_admin",
      "mode": "data",
      "type": "aws_caller_identity",
      "name": "current",
      "provider": "provider[\"registry.terraform.io/hashicorp/aws\"]",
      "instances": [
        {
          "schema_version": 0,
          "attributes": {
            "account_id": "240693037076",
            "arn": "arn:aws:iam::240693037076:user/ChagitB",
            "id": "240693037076",
            "user_id": "AIDATQCTMJAKIS2IPMOPK"
          }
        }
      ]
    },
    {
      "module": "module.iam_assumable_role_admin",
      "mode": "data",
      "type": "aws_iam_policy_document",
      "name": "assume_role_with_oidc",
      "provider": "provider[\"registry.terraform.io/hashicorp/aws\"]",
      "instances": [
        {
          "index_key": 0,
          "schema_version": 0,
          "attributes": {
            "id": "2021344316",
            "json": "{\n  \"Version\": \"2012-10-17\",\n  \"Statement\": [\n    {\n      \"Sid\": \"\",\n      \"Effect\": \"Allow\",\n      \"Action\": \"sts:AssumeRoleWithWebIdentity\",\n      \"Principal\": {\n        \"Federated\": \"arn:aws:iam::240693037076:oidc-provider/oidc.eks.us-east-1.amazonaws.com/id/B574EA9AF6F9A99D978196EC088F5657\"\n      },\n      \"Condition\": {\n        \"StringEquals\": {\n          \"oidc.eks.us-east-1.amazonaws.com/id/B574EA9AF6F9A99D978196EC088F5657:sub\": \"system:serviceaccount:default:opsschool-sa\"\n        }\n      }\n    }\n  ]\n}",
            "override_json": null,
            "policy_id": null,
            "source_json": null,
            "statement": [
              {
                "actions": [
                  "sts:AssumeRoleWithWebIdentity"
                ],
                "condition": [
                  {
                    "test": "StringEquals",
                    "values": [
                      "system:serviceaccount:default:opsschool-sa"
                    ],
                    "variable": "oidc.eks.us-east-1.amazonaws.com/id/B574EA9AF6F9A99D978196EC088F5657:sub"
                  }
                ],
                "effect": "Allow",
                "not_actions": [],
                "not_principals": [],
                "not_resources": [],
                "principals": [
                  {
                    "identifiers": [
                      "arn:aws:iam::240693037076:oidc-provider/oidc.eks.us-east-1.amazonaws.com/id/B574EA9AF6F9A99D978196EC088F5657"
                    ],
                    "type": "Federated"
                  }
                ],
                "resources": [],
                "sid": ""
              }
            ],
            "version": "2012-10-17"
          }
        }
      ]
    },
    {
      "module": "module.iam_assumable_role_admin",
      "mode": "data",
      "type": "aws_partition",
      "name": "current",
      "provider": "provider[\"registry.terraform.io/hashicorp/aws\"]",
      "instances": [
        {
          "schema_version": 0,
          "attributes": {
            "dns_suffix": "amazonaws.com",
            "id": "aws",
            "partition": "aws"
          }
        }
      ]
    },
    {
      "module": "module.iam_assumable_role_admin",
      "mode": "managed",
      "type": "aws_iam_role",
      "name": "this",
      "provider": "provider[\"registry.terraform.io/hashicorp/aws\"]",
      "instances": [
        {
          "index_key": 0,
          "schema_version": 0,
          "attributes": {
            "arn": "arn:aws:iam::240693037076:role/opsschool-role",
            "assume_role_policy": "{\"Version\":\"2012-10-17\",\"Statement\":[{\"Sid\":\"\",\"Effect\":\"Allow\",\"Principal\":{\"Federated\":\"arn:aws:iam::240693037076:oidc-provider/oidc.eks.us-east-1.amazonaws.com/id/B574EA9AF6F9A99D978196EC088F5657\"},\"Action\":\"sts:AssumeRoleWithWebIdentity\",\"Condition\":{\"StringEquals\":{\"oidc.eks.us-east-1.amazonaws.com/id/B574EA9AF6F9A99D978196EC088F5657:sub\":\"system:serviceaccount:default:opsschool-sa\"}}}]}",
            "create_date": "2021-01-09T20:32:10Z",
            "description": "",
            "force_detach_policies": false,
            "id": "opsschool-role",
            "max_session_duration": 3600,
            "name": "opsschool-role",
            "name_prefix": null,
            "path": "/",
            "permissions_boundary": "",
            "tags": null,
            "unique_id": "AROATQCTMJAKHQ7TP5NPF"
          },
          "private": "bnVsbA==",
          "dependencies": [
            "module.eks.aws_cloudwatch_log_group.this",
            "module.eks.aws_eks_cluster.this",
            "module.eks.aws_iam_role.cluster",
            "module.eks.aws_iam_role_policy_attachment.cluster_AmazonEKSClusterPolicy",
            "module.eks.aws_iam_role_policy_attachment.cluster_AmazonEKSServicePolicy",
            "module.eks.aws_iam_role_policy_attachment.cluster_AmazonEKSVPCResourceControllerPolicy",
            "module.eks.aws_security_group.cluster",
            "module.eks.aws_security_group.workers",
            "module.eks.aws_security_group_rule.cluster_egress_internet",
            "module.eks.aws_security_group_rule.cluster_https_worker_ingress",
            "module.eks.data.aws_iam_policy_document.cluster_assume_role_policy",
            "module.eks.data.aws_iam_role.custom_cluster_iam_role",
            "module.eks.data.aws_partition.current",
            "module.iam_assumable_role_admin.data.aws_caller_identity.current",
            "module.iam_assumable_role_admin.data.aws_iam_policy_document.assume_role_with_oidc",
            "module.iam_assumable_role_admin.data.aws_partition.current",
            "module.vpc.aws_subnet.private-subnet",
            "module.vpc.aws_vpc.vpc",
            "random_string.suffix"
          ]
        }
      ]
    },
    {
      "module": "module.iam_assumable_role_admin",
      "mode": "managed",
      "type": "aws_iam_role_policy_attachment",
      "name": "custom",
      "provider": "provider[\"registry.terraform.io/hashicorp/aws\"]",
      "instances": [
        {
          "index_key": 0,
          "schema_version": 0,
          "attributes": {
            "id": "opsschool-role-20210109203212440200000011",
            "policy_arn": "arn:aws:iam::aws:policy/AmazonEC2FullAccess",
            "role": "opsschool-role"
          },
          "private": "bnVsbA==",
          "dependencies": [
            "module.eks.aws_cloudwatch_log_group.this",
            "module.eks.aws_eks_cluster.this",
            "module.eks.aws_iam_role.cluster",
            "module.eks.aws_iam_role_policy_attachment.cluster_AmazonEKSClusterPolicy",
            "module.eks.aws_iam_role_policy_attachment.cluster_AmazonEKSServicePolicy",
            "module.eks.aws_iam_role_policy_attachment.cluster_AmazonEKSVPCResourceControllerPolicy",
            "module.eks.aws_security_group.cluster",
            "module.eks.aws_security_group.workers",
            "module.eks.aws_security_group_rule.cluster_egress_internet",
            "module.eks.aws_security_group_rule.cluster_https_worker_ingress",
            "module.eks.data.aws_iam_policy_document.cluster_assume_role_policy",
            "module.eks.data.aws_iam_role.custom_cluster_iam_role",
            "module.eks.data.aws_partition.current",
            "module.iam_assumable_role_admin.aws_iam_role.this",
            "module.iam_assumable_role_admin.data.aws_caller_identity.current",
            "module.iam_assumable_role_admin.data.aws_iam_policy_document.assume_role_with_oidc",
            "module.iam_assumable_role_admin.data.aws_partition.current",
            "module.vpc.aws_subnet.private-subnet",
            "module.vpc.aws_vpc.vpc",
            "random_string.suffix"
          ]
        }
      ]
    },
    {
      "module": "module.private_servers",
      "mode": "managed",
      "type": "aws_instance",
      "name": "ec2",
      "provider": "provider[\"registry.terraform.io/hashicorp/aws\"]",
      "instances": [
        {
          "index_key": 0,
          "schema_version": 1,
          "attributes": {
            "ami": "ami-0d0032af1da6905c7",
            "arn": "arn:aws:ec2:us-east-1:240693037076:instance/i-07921ee424a5e2ff3",
            "associate_public_ip_address": false,
            "availability_zone": "us-east-1a",
            "cpu_core_count": 1,
            "cpu_threads_per_core": 1,
            "credit_specification": [
              {
                "cpu_credits": "standard"
              }
            ],
            "disable_api_termination": false,
            "ebs_block_device": [],
            "ebs_optimized": false,
            "enclave_options": [
              {
                "enabled": false
              }
            ],
            "ephemeral_block_device": [],
            "get_password_data": false,
            "hibernation": false,
            "host_id": null,
            "iam_instance_profile": "",
            "id": "i-07921ee424a5e2ff3",
            "instance_initiated_shutdown_behavior": null,
            "instance_state": "running",
            "instance_type": "t2.micro",
            "ipv6_address_count": 0,
            "ipv6_addresses": [],
            "key_name": "terraform-key1",
            "metadata_options": [
              {
                "http_endpoint": "enabled",
                "http_put_response_hop_limit": 1,
                "http_tokens": "optional"
              }
            ],
            "monitoring": false,
            "network_interface": [],
            "outpost_arn": "",
            "password_data": "",
            "placement_group": "",
            "primary_network_interface_id": "eni-00f6e80f311ce7bc0",
            "private_dns": "ip-10-100-10-211.ec2.internal",
            "private_ip": "10.100.10.211",
            "public_dns": "",
            "public_ip": "",
            "root_block_device": [
              {
                "delete_on_termination": true,
                "device_name": "/dev/sda1",
                "encrypted": false,
                "iops": 100,
                "kms_key_id": "",
                "throughput": 0,
                "volume_id": "vol-0a88b63942e3b6bb7",
                "volume_size": 8,
                "volume_type": "gp2"
              }
            ],
            "secondary_private_ips": [],
            "security_groups": [],
            "source_dest_check": true,
            "subnet_id": "subnet-008ac4dbaa826d629",
            "tags": {
              "Name": "prod private server-0"
            },
            "tenancy": "default",
            "timeouts": null,
            "user_data": null,
            "user_data_base64": null,
            "volume_tags": {},
            "vpc_security_group_ids": [
              "sg-060cbf59d3e847d15"
            ]
          },
          "private": "eyJlMmJmYjczMC1lY2FhLTExZTYtOGY4OC0zNDM2M2JjN2M0YzAiOnsiY3JlYXRlIjo2MDAwMDAwMDAwMDAsImRlbGV0ZSI6MTIwMDAwMDAwMDAwMCwidXBkYXRlIjo2MDAwMDAwMDAwMDB9LCJzY2hlbWFfdmVyc2lvbiI6IjEifQ==",
          "dependencies": [
            "aws_key_pair.terraform-key",
            "aws_security_group.db",
            "data.aws_ami.ubuntu",
            "module.vpc.aws_subnet.private-subnet",
            "module.vpc.aws_vpc.vpc",
            "tls_private_key.private_key"
          ]
        },
        {
          "index_key": 1,
          "schema_version": 1,
          "attributes": {
            "ami": "ami-0d0032af1da6905c7",
            "arn": "arn:aws:ec2:us-east-1:240693037076:instance/i-0fc2773d6909ed895",
            "associate_public_ip_address": false,
            "availability_zone": "us-east-1b",
            "cpu_core_count": 1,
            "cpu_threads_per_core": 1,
            "credit_specification": [
              {
                "cpu_credits": "standard"
              }
            ],
            "disable_api_termination": false,
            "ebs_block_device": [],
            "ebs_optimized": false,
            "enclave_options": [
              {
                "enabled": false
              }
            ],
            "ephemeral_block_device": [],
            "get_password_data": false,
            "hibernation": false,
            "host_id": null,
            "iam_instance_profile": "",
            "id": "i-0fc2773d6909ed895",
            "instance_initiated_shutdown_behavior": null,
            "instance_state": "running",
            "instance_type": "t2.micro",
            "ipv6_address_count": 0,
            "ipv6_addresses": [],
            "key_name": "terraform-key1",
            "metadata_options": [
              {
                "http_endpoint": "enabled",
                "http_put_response_hop_limit": 1,
                "http_tokens": "optional"
              }
            ],
            "monitoring": false,
            "network_interface": [],
            "outpost_arn": "",
            "password_data": "",
            "placement_group": "",
            "primary_network_interface_id": "eni-0ab364476f535284b",
            "private_dns": "ip-10-100-11-53.ec2.internal",
            "private_ip": "10.100.11.53",
            "public_dns": "",
            "public_ip": "",
            "root_block_device": [
              {
                "delete_on_termination": true,
                "device_name": "/dev/sda1",
                "encrypted": false,
                "iops": 100,
                "kms_key_id": "",
                "throughput": 0,
                "volume_id": "vol-03ffc998f0fdc851d",
                "volume_size": 8,
                "volume_type": "gp2"
              }
            ],
            "secondary_private_ips": [],
            "security_groups": [],
            "source_dest_check": true,
            "subnet_id": "subnet-09695f1012872c5a0",
            "tags": {
              "Name": "prod private server-1"
            },
            "tenancy": "default",
            "timeouts": null,
            "user_data": null,
            "user_data_base64": null,
            "volume_tags": {},
            "vpc_security_group_ids": [
              "sg-060cbf59d3e847d15"
            ]
          },
          "private": "eyJlMmJmYjczMC1lY2FhLTExZTYtOGY4OC0zNDM2M2JjN2M0YzAiOnsiY3JlYXRlIjo2MDAwMDAwMDAwMDAsImRlbGV0ZSI6MTIwMDAwMDAwMDAwMCwidXBkYXRlIjo2MDAwMDAwMDAwMDB9LCJzY2hlbWFfdmVyc2lvbiI6IjEifQ==",
          "dependencies": [
            "aws_key_pair.terraform-key",
            "aws_security_group.db",
            "data.aws_ami.ubuntu",
            "module.vpc.aws_subnet.private-subnet",
            "module.vpc.aws_vpc.vpc",
            "tls_private_key.private_key"
          ]
        }
      ]
    },
    {
      "module": "module.public_servers",
      "mode": "managed",
      "type": "aws_instance",
      "name": "ec2",
      "provider": "provider[\"registry.terraform.io/hashicorp/aws\"]",
      "instances": [
        {
          "index_key": 0,
          "schema_version": 1,
          "attributes": {
            "ami": "ami-0d0032af1da6905c7",
            "arn": "arn:aws:ec2:us-east-1:240693037076:instance/i-0171acab9367bac20",
            "associate_public_ip_address": true,
            "availability_zone": "us-east-1a",
            "cpu_core_count": 1,
            "cpu_threads_per_core": 1,
            "credit_specification": [
              {
                "cpu_credits": "standard"
              }
            ],
            "disable_api_termination": false,
            "ebs_block_device": [],
            "ebs_optimized": false,
            "enclave_options": [
              {
                "enabled": false
              }
            ],
            "ephemeral_block_device": [],
            "get_password_data": false,
            "hibernation": false,
            "host_id": null,
            "iam_instance_profile": "",
            "id": "i-0171acab9367bac20",
            "instance_initiated_shutdown_behavior": null,
            "instance_state": "running",
            "instance_type": "t2.micro",
            "ipv6_address_count": 0,
            "ipv6_addresses": [],
            "key_name": "terraform-key1",
            "metadata_options": [
              {
                "http_endpoint": "enabled",
                "http_put_response_hop_limit": 1,
                "http_tokens": "optional"
              }
            ],
            "monitoring": false,
            "network_interface": [],
            "outpost_arn": "",
            "password_data": "",
            "placement_group": "",
            "primary_network_interface_id": "eni-01cc1fedd7aa0ee5f",
            "private_dns": "ip-10-100-1-244.ec2.internal",
            "private_ip": "10.100.1.244",
            "public_dns": "ec2-3-238-44-57.compute-1.amazonaws.com",
            "public_ip": "3.238.44.57",
            "root_block_device": [
              {
                "delete_on_termination": true,
                "device_name": "/dev/sda1",
                "encrypted": false,
                "iops": 100,
                "kms_key_id": "",
                "throughput": 0,
                "volume_id": "vol-07207c4799a15e4bf",
                "volume_size": 8,
                "volume_type": "gp2"
              }
            ],
            "secondary_private_ips": [],
            "security_groups": [],
            "source_dest_check": true,
            "subnet_id": "subnet-08dd21d201c76378f",
            "tags": {
              "Name": "prod public server-0"
            },
            "tenancy": "default",
            "timeouts": null,
            "user_data": null,
            "user_data_base64": null,
            "volume_tags": {},
            "vpc_security_group_ids": [
              "sg-09abbca1a961424d4"
            ]
          },
          "private": "eyJlMmJmYjczMC1lY2FhLTExZTYtOGY4OC0zNDM2M2JjN2M0YzAiOnsiY3JlYXRlIjo2MDAwMDAwMDAwMDAsImRlbGV0ZSI6MTIwMDAwMDAwMDAwMCwidXBkYXRlIjo2MDAwMDAwMDAwMDB9LCJzY2hlbWFfdmVyc2lvbiI6IjEifQ==",
          "dependencies": [
            "aws_key_pair.terraform-key",
            "aws_security_group.web",
            "data.aws_ami.ubuntu",
            "module.vpc.aws_subnet.public-subnet",
            "module.vpc.aws_vpc.vpc",
            "tls_private_key.private_key"
          ]
        },
        {
          "index_key": 1,
          "schema_version": 1,
          "attributes": {
            "ami": "ami-0d0032af1da6905c7",
            "arn": "arn:aws:ec2:us-east-1:240693037076:instance/i-0ad16f0401fb6f29f",
            "associate_public_ip_address": true,
            "availability_zone": "us-east-1b",
            "cpu_core_count": 1,
            "cpu_threads_per_core": 1,
            "credit_specification": [
              {
                "cpu_credits": "standard"
              }
            ],
            "disable_api_termination": false,
            "ebs_block_device": [],
            "ebs_optimized": false,
            "enclave_options": [
              {
                "enabled": false
              }
            ],
            "ephemeral_block_device": [],
            "get_password_data": false,
            "hibernation": false,
            "host_id": null,
            "iam_instance_profile": "",
            "id": "i-0ad16f0401fb6f29f",
            "instance_initiated_shutdown_behavior": null,
            "instance_state": "running",
            "instance_type": "t2.micro",
            "ipv6_address_count": 0,
            "ipv6_addresses": [],
            "key_name": "terraform-key1",
            "metadata_options": [
              {
                "http_endpoint": "enabled",
                "http_put_response_hop_limit": 1,
                "http_tokens": "optional"
              }
            ],
            "monitoring": false,
            "network_interface": [],
            "outpost_arn": "",
            "password_data": "",
            "placement_group": "",
            "primary_network_interface_id": "eni-02d4d5c18b39900c0",
            "private_dns": "ip-10-100-2-57.ec2.internal",
            "private_ip": "10.100.2.57",
            "public_dns": "ec2-18-205-156-165.compute-1.amazonaws.com",
            "public_ip": "18.205.156.165",
            "root_block_device": [
              {
                "delete_on_termination": true,
                "device_name": "/dev/sda1",
                "encrypted": false,
                "iops": 100,
                "kms_key_id": "",
                "throughput": 0,
                "volume_id": "vol-02c72495f3add6a23",
                "volume_size": 8,
                "volume_type": "gp2"
              }
            ],
            "secondary_private_ips": [],
            "security_groups": [],
            "source_dest_check": true,
            "subnet_id": "subnet-0b7766c637a1f9fba",
            "tags": {
              "Name": "prod public server-1"
            },
            "tenancy": "default",
            "timeouts": null,
            "user_data": null,
            "user_data_base64": null,
            "volume_tags": {},
            "vpc_security_group_ids": [
              "sg-09abbca1a961424d4"
            ]
          },
          "private": "eyJlMmJmYjczMC1lY2FhLTExZTYtOGY4OC0zNDM2M2JjN2M0YzAiOnsiY3JlYXRlIjo2MDAwMDAwMDAwMDAsImRlbGV0ZSI6MTIwMDAwMDAwMDAwMCwidXBkYXRlIjo2MDAwMDAwMDAwMDB9LCJzY2hlbWFfdmVyc2lvbiI6IjEifQ==",
          "dependencies": [
            "aws_key_pair.terraform-key",
            "aws_security_group.web",
            "data.aws_ami.ubuntu",
            "module.vpc.aws_subnet.public-subnet",
            "module.vpc.aws_vpc.vpc",
            "tls_private_key.private_key"
          ]
        }
      ]
    },
    {
      "module": "module.vpc",
      "mode": "managed",
      "type": "aws_eip",
      "name": "nat",
      "provider": "provider[\"registry.terraform.io/hashicorp/aws\"]",
      "instances": [
        {
          "index_key": 0,
          "schema_version": 0,
          "attributes": {
            "allocation_id": null,
            "associate_with_private_ip": null,
            "association_id": "",
            "carrier_ip": "",
            "customer_owned_ip": "",
            "customer_owned_ipv4_pool": "",
            "domain": "vpc",
            "id": "eipalloc-0da36a31b906a6159",
            "instance": "",
            "network_border_group": "us-east-1",
            "network_interface": "",
            "private_dns": null,
            "private_ip": "",
            "public_dns": "ec2-52-7-17-56.compute-1.amazonaws.com",
            "public_ip": "52.7.17.56",
            "public_ipv4_pool": "amazon",
            "tags": null,
            "timeouts": null,
            "vpc": true
          },
          "private": "eyJlMmJmYjczMC1lY2FhLTExZTYtOGY4OC0zNDM2M2JjN2M0YzAiOnsiZGVsZXRlIjoxODAwMDAwMDAwMDAsInJlYWQiOjkwMDAwMDAwMDAwMCwidXBkYXRlIjozMDAwMDAwMDAwMDB9fQ==",
          "dependencies": [
            "module.vpc.aws_subnet.private-subnet",
            "module.vpc.aws_vpc.vpc"
          ]
        },
        {
          "index_key": 1,
          "schema_version": 0,
          "attributes": {
            "allocation_id": null,
            "associate_with_private_ip": null,
            "association_id": "",
            "carrier_ip": "",
            "customer_owned_ip": "",
            "customer_owned_ipv4_pool": "",
            "domain": "vpc",
            "id": "eipalloc-07c90afa70ac32cee",
            "instance": "",
            "network_border_group": "us-east-1",
            "network_interface": "",
            "private_dns": null,
            "private_ip": "",
            "public_dns": "ec2-35-153-23-17.compute-1.amazonaws.com",
            "public_ip": "35.153.23.17",
            "public_ipv4_pool": "amazon",
            "tags": null,
            "timeouts": null,
            "vpc": true
          },
          "private": "eyJlMmJmYjczMC1lY2FhLTExZTYtOGY4OC0zNDM2M2JjN2M0YzAiOnsiZGVsZXRlIjoxODAwMDAwMDAwMDAsInJlYWQiOjkwMDAwMDAwMDAwMCwidXBkYXRlIjozMDAwMDAwMDAwMDB9fQ==",
          "dependencies": [
            "module.vpc.aws_subnet.private-subnet",
            "module.vpc.aws_vpc.vpc"
          ]
        }
      ]
    },
    {
      "module": "module.vpc",
      "mode": "managed",
      "type": "aws_internet_gateway",
      "name": "default",
      "provider": "provider[\"registry.terraform.io/hashicorp/aws\"]",
      "instances": [
        {
          "schema_version": 0,
          "attributes": {
            "arn": "arn:aws:ec2:us-east-1:240693037076:internet-gateway/igw-02d16d9cb52d4d5eb",
            "id": "igw-02d16d9cb52d4d5eb",
            "owner_id": "240693037076",
            "tags": null,
            "vpc_id": "vpc-02e7123a835db7136"
          },
          "private": "bnVsbA==",
          "dependencies": [
            "module.vpc.aws_vpc.vpc"
          ]
        }
      ]
    },
    {
      "module": "module.vpc",
      "mode": "managed",
      "type": "aws_nat_gateway",
      "name": "nat_gateway",
      "provider": "provider[\"registry.terraform.io/hashicorp/aws\"]",
      "instances": [
        {
          "index_key": 0,
          "schema_version": 0,
          "attributes": {
            "allocation_id": "eipalloc-0da36a31b906a6159",
            "id": "nat-03abeb6fc265f4e7a",
            "network_interface_id": "eni-0508e5339a92cf232",
            "private_ip": "10.100.1.83",
            "public_ip": "52.7.17.56",
            "subnet_id": "subnet-08dd21d201c76378f",
            "tags": {
              "Name": "NatGateway 0- opsschool-vpc"
            }
          },
          "private": "bnVsbA==",
          "dependencies": [
            "module.vpc.aws_eip.nat",
            "module.vpc.aws_subnet.private-subnet",
            "module.vpc.aws_subnet.public-subnet",
            "module.vpc.aws_vpc.vpc"
          ]
        },
        {
          "index_key": 1,
          "schema_version": 0,
          "attributes": {
            "allocation_id": "eipalloc-07c90afa70ac32cee",
            "id": "nat-02610b24ca2165971",
            "network_interface_id": "eni-05cac7db20fac97fc",
            "private_ip": "10.100.2.65",
            "public_ip": "35.153.23.17",
            "subnet_id": "subnet-0b7766c637a1f9fba",
            "tags": {
              "Name": "NatGateway 1- opsschool-vpc"
            }
          },
          "private": "bnVsbA==",
          "dependencies": [
            "module.vpc.aws_eip.nat",
            "module.vpc.aws_subnet.private-subnet",
            "module.vpc.aws_subnet.public-subnet",
            "module.vpc.aws_vpc.vpc"
          ]
        }
      ]
    },
    {
      "module": "module.vpc",
      "mode": "managed",
      "type": "aws_route_table",
      "name": "private-route",
      "provider": "provider[\"registry.terraform.io/hashicorp/aws\"]",
      "instances": [
        {
          "index_key": 0,
          "schema_version": 0,
          "attributes": {
            "id": "rtb-0002ce1c55e674766",
            "owner_id": "240693037076",
            "propagating_vgws": [],
            "route": [
              {
                "cidr_block": "0.0.0.0/0",
                "egress_only_gateway_id": "",
                "gateway_id": "",
                "instance_id": "",
                "ipv6_cidr_block": "",
                "local_gateway_id": "",
                "nat_gateway_id": "nat-03abeb6fc265f4e7a",
                "network_interface_id": "",
                "transit_gateway_id": "",
                "vpc_endpoint_id": "",
                "vpc_peering_connection_id": ""
              }
            ],
            "tags": {
              "Name": "Private Subnet- opsschool-vpc"
            },
            "vpc_id": "vpc-02e7123a835db7136"
          },
          "private": "bnVsbA==",
          "dependencies": [
            "module.vpc.aws_eip.nat",
            "module.vpc.aws_nat_gateway.nat_gateway",
            "module.vpc.aws_subnet.private-subnet",
            "module.vpc.aws_subnet.public-subnet",
            "module.vpc.aws_vpc.vpc"
          ]
        },
        {
          "index_key": 1,
          "schema_version": 0,
          "attributes": {
            "id": "rtb-054a3548b550e1a38",
            "owner_id": "240693037076",
            "propagating_vgws": [],
            "route": [
              {
                "cidr_block": "0.0.0.0/0",
                "egress_only_gateway_id": "",
                "gateway_id": "",
                "instance_id": "",
                "ipv6_cidr_block": "",
                "local_gateway_id": "",
                "nat_gateway_id": "nat-02610b24ca2165971",
                "network_interface_id": "",
                "transit_gateway_id": "",
                "vpc_endpoint_id": "",
                "vpc_peering_connection_id": ""
              }
            ],
            "tags": {
              "Name": "Private Subnet- opsschool-vpc"
            },
            "vpc_id": "vpc-02e7123a835db7136"
          },
          "private": "bnVsbA==",
          "dependencies": [
            "module.vpc.aws_eip.nat",
            "module.vpc.aws_nat_gateway.nat_gateway",
            "module.vpc.aws_subnet.private-subnet",
            "module.vpc.aws_subnet.public-subnet",
            "module.vpc.aws_vpc.vpc"
          ]
        }
      ]
    },
    {
      "module": "module.vpc",
      "mode": "managed",
      "type": "aws_route_table",
      "name": "public-route",
      "provider": "provider[\"registry.terraform.io/hashicorp/aws\"]",
      "instances": [
        {
          "index_key": 0,
          "schema_version": 0,
          "attributes": {
            "id": "rtb-0577dfef1f486270b",
            "owner_id": "240693037076",
            "propagating_vgws": [],
            "route": [
              {
                "cidr_block": "0.0.0.0/0",
                "egress_only_gateway_id": "",
                "gateway_id": "igw-02d16d9cb52d4d5eb",
                "instance_id": "",
                "ipv6_cidr_block": "",
                "local_gateway_id": "",
                "nat_gateway_id": "",
                "network_interface_id": "",
                "transit_gateway_id": "",
                "vpc_endpoint_id": "",
                "vpc_peering_connection_id": ""
              }
            ],
            "tags": {
              "Name": "Public Subnet 0- opsschool-vpc"
            },
            "vpc_id": "vpc-02e7123a835db7136"
          },
          "private": "bnVsbA==",
          "dependencies": [
            "module.vpc.aws_internet_gateway.default",
            "module.vpc.aws_subnet.public-subnet",
            "module.vpc.aws_vpc.vpc"
          ]
        },
        {
          "index_key": 1,
          "schema_version": 0,
          "attributes": {
            "id": "rtb-06ecc787c291087f7",
            "owner_id": "240693037076",
            "propagating_vgws": [],
            "route": [
              {
                "cidr_block": "0.0.0.0/0",
                "egress_only_gateway_id": "",
                "gateway_id": "igw-02d16d9cb52d4d5eb",
                "instance_id": "",
                "ipv6_cidr_block": "",
                "local_gateway_id": "",
                "nat_gateway_id": "",
                "network_interface_id": "",
                "transit_gateway_id": "",
                "vpc_endpoint_id": "",
                "vpc_peering_connection_id": ""
              }
            ],
            "tags": {
              "Name": "Public Subnet 1- opsschool-vpc"
            },
            "vpc_id": "vpc-02e7123a835db7136"
          },
          "private": "bnVsbA==",
          "dependencies": [
            "module.vpc.aws_internet_gateway.default",
            "module.vpc.aws_subnet.public-subnet",
            "module.vpc.aws_vpc.vpc"
          ]
        }
      ]
    },
    {
      "module": "module.vpc",
      "mode": "managed",
      "type": "aws_route_table_association",
      "name": "public-association",
      "provider": "provider[\"registry.terraform.io/hashicorp/aws\"]",
      "instances": [
        {
          "index_key": 0,
          "schema_version": 0,
          "attributes": {
            "gateway_id": null,
            "id": "rtbassoc-0d8394b87a7dfb532",
            "route_table_id": "rtb-0577dfef1f486270b",
            "subnet_id": "subnet-08dd21d201c76378f"
          },
          "private": "bnVsbA==",
          "dependencies": [
            "module.vpc.aws_internet_gateway.default",
            "module.vpc.aws_route_table.public-route",
            "module.vpc.aws_subnet.public-subnet",
            "module.vpc.aws_vpc.vpc"
          ]
        },
        {
          "index_key": 1,
          "schema_version": 0,
          "attributes": {
            "gateway_id": null,
            "id": "rtbassoc-09868320e5cbda3f4",
            "route_table_id": "rtb-06ecc787c291087f7",
            "subnet_id": "subnet-0b7766c637a1f9fba"
          },
          "private": "bnVsbA==",
          "dependencies": [
            "module.vpc.aws_internet_gateway.default",
            "module.vpc.aws_route_table.public-route",
            "module.vpc.aws_subnet.public-subnet",
            "module.vpc.aws_vpc.vpc"
          ]
        }
      ]
    },
    {
      "module": "module.vpc",
      "mode": "managed",
      "type": "aws_subnet",
      "name": "private-subnet",
      "provider": "provider[\"registry.terraform.io/hashicorp/aws\"]",
      "instances": [
        {
          "index_key": 0,
          "schema_version": 1,
          "attributes": {
            "arn": "arn:aws:ec2:us-east-1:240693037076:subnet/subnet-008ac4dbaa826d629",
            "assign_ipv6_address_on_creation": false,
            "availability_zone": "us-east-1a",
            "availability_zone_id": "use1-az1",
            "cidr_block": "10.100.10.0/24",
            "id": "subnet-008ac4dbaa826d629",
            "ipv6_cidr_block": "",
            "ipv6_cidr_block_association_id": "",
            "map_public_ip_on_launch": false,
            "outpost_arn": "",
            "owner_id": "240693037076",
            "tags": {
              "Name": "Private Subnet 0- opsschool-vpc"
            },
            "timeouts": null,
            "vpc_id": "vpc-02e7123a835db7136"
          },
          "private": "eyJlMmJmYjczMC1lY2FhLTExZTYtOGY4OC0zNDM2M2JjN2M0YzAiOnsiY3JlYXRlIjo2MDAwMDAwMDAwMDAsImRlbGV0ZSI6MTIwMDAwMDAwMDAwMH0sInNjaGVtYV92ZXJzaW9uIjoiMSJ9",
          "dependencies": [
            "module.vpc.aws_vpc.vpc"
          ],
          "create_before_destroy": true
        },
        {
          "index_key": 1,
          "schema_version": 1,
          "attributes": {
            "arn": "arn:aws:ec2:us-east-1:240693037076:subnet/subnet-09695f1012872c5a0",
            "assign_ipv6_address_on_creation": false,
            "availability_zone": "us-east-1b",
            "availability_zone_id": "use1-az2",
            "cidr_block": "10.100.11.0/24",
            "id": "subnet-09695f1012872c5a0",
            "ipv6_cidr_block": "",
            "ipv6_cidr_block_association_id": "",
            "map_public_ip_on_launch": false,
            "outpost_arn": "",
            "owner_id": "240693037076",
            "tags": {
              "Name": "Private Subnet 1- opsschool-vpc"
            },
            "timeouts": null,
            "vpc_id": "vpc-02e7123a835db7136"
          },
          "private": "eyJlMmJmYjczMC1lY2FhLTExZTYtOGY4OC0zNDM2M2JjN2M0YzAiOnsiY3JlYXRlIjo2MDAwMDAwMDAwMDAsImRlbGV0ZSI6MTIwMDAwMDAwMDAwMH0sInNjaGVtYV92ZXJzaW9uIjoiMSJ9",
          "dependencies": [
            "module.vpc.aws_vpc.vpc"
          ],
          "create_before_destroy": true
        }
      ]
    },
    {
      "module": "module.vpc",
      "mode": "managed",
      "type": "aws_subnet",
      "name": "public-subnet",
      "provider": "provider[\"registry.terraform.io/hashicorp/aws\"]",
      "instances": [
        {
          "index_key": 0,
          "schema_version": 1,
          "attributes": {
            "arn": "arn:aws:ec2:us-east-1:240693037076:subnet/subnet-08dd21d201c76378f",
            "assign_ipv6_address_on_creation": false,
            "availability_zone": "us-east-1a",
            "availability_zone_id": "use1-az1",
            "cidr_block": "10.100.1.0/24",
            "id": "subnet-08dd21d201c76378f",
            "ipv6_cidr_block": "",
            "ipv6_cidr_block_association_id": "",
            "map_public_ip_on_launch": true,
            "outpost_arn": "",
            "owner_id": "240693037076",
            "tags": {
              "Name": "Public Subnet 0- opsschool-vpc"
            },
            "timeouts": null,
            "vpc_id": "vpc-02e7123a835db7136"
          },
          "private": "eyJlMmJmYjczMC1lY2FhLTExZTYtOGY4OC0zNDM2M2JjN2M0YzAiOnsiY3JlYXRlIjo2MDAwMDAwMDAwMDAsImRlbGV0ZSI6MTIwMDAwMDAwMDAwMH0sInNjaGVtYV92ZXJzaW9uIjoiMSJ9",
          "dependencies": [
            "module.vpc.aws_vpc.vpc"
          ]
        },
        {
          "index_key": 1,
          "schema_version": 1,
          "attributes": {
            "arn": "arn:aws:ec2:us-east-1:240693037076:subnet/subnet-0b7766c637a1f9fba",
            "assign_ipv6_address_on_creation": false,
            "availability_zone": "us-east-1b",
            "availability_zone_id": "use1-az2",
            "cidr_block": "10.100.2.0/24",
            "id": "subnet-0b7766c637a1f9fba",
            "ipv6_cidr_block": "",
            "ipv6_cidr_block_association_id": "",
            "map_public_ip_on_launch": true,
            "outpost_arn": "",
            "owner_id": "240693037076",
            "tags": {
              "Name": "Public Subnet 1- opsschool-vpc"
            },
            "timeouts": null,
            "vpc_id": "vpc-02e7123a835db7136"
          },
          "private": "eyJlMmJmYjczMC1lY2FhLTExZTYtOGY4OC0zNDM2M2JjN2M0YzAiOnsiY3JlYXRlIjo2MDAwMDAwMDAwMDAsImRlbGV0ZSI6MTIwMDAwMDAwMDAwMH0sInNjaGVtYV92ZXJzaW9uIjoiMSJ9",
          "dependencies": [
            "module.vpc.aws_vpc.vpc"
          ]
        }
      ]
    },
    {
      "module": "module.vpc",
      "mode": "managed",
      "type": "aws_vpc",
      "name": "vpc",
      "provider": "provider[\"registry.terraform.io/hashicorp/aws\"]",
      "instances": [
        {
          "schema_version": 1,
          "attributes": {
            "arn": "arn:aws:ec2:us-east-1:240693037076:vpc/vpc-02e7123a835db7136",
            "assign_generated_ipv6_cidr_block": false,
            "cidr_block": "10.100.0.0/16",
            "default_network_acl_id": "acl-0bbe46e3ca4320bb3",
            "default_route_table_id": "rtb-0061ce03fa3495b2a",
            "default_security_group_id": "sg-0953f177cdb62ab4a",
            "dhcp_options_id": "dopt-b80965c2",
            "enable_classiclink": false,
            "enable_classiclink_dns_support": false,
            "enable_dns_hostnames": true,
            "enable_dns_support": true,
            "id": "vpc-02e7123a835db7136",
            "instance_tenancy": "default",
            "ipv6_association_id": "",
            "ipv6_cidr_block": "",
            "main_route_table_id": "rtb-0061ce03fa3495b2a",
            "owner_id": "240693037076",
            "tags": {
              "Name": "opsschool-vpc-vpc"
            }
          },
          "private": "eyJzY2hlbWFfdmVyc2lvbiI6IjEifQ==",
          "create_before_destroy": true
        }
      ]
    }
  ]
}
